// !$*UTF8*$!
{
	archiveVersion = 1;
	classes = {
	};
	objectVersion = 56;
	objects = {

/* Begin PBXBuildFile section */
		0DE12D262ACD3EBA00367A73 /* TaxCalculatorApp.swift in Sources */ = {isa = PBXBuildFile; fileRef = 0DE12D252ACD3EBA00367A73 /* TaxCalculatorApp.swift */; };
		0DE12D282ACD3EBA00367A73 /* FrontView.swift in Sources */ = {isa = PBXBuildFile; fileRef = 0DE12D272ACD3EBA00367A73 /* FrontView.swift */; };
		0DE12D2A2ACD3EBC00367A73 /* Assets.xcassets in Resources */ = {isa = PBXBuildFile; fileRef = 0DE12D292ACD3EBC00367A73 /* Assets.xcassets */; };
		0DE12D2D2ACD3EBC00367A73 /* Preview Assets.xcassets in Resources */ = {isa = PBXBuildFile; fileRef = 0DE12D2C2ACD3EBC00367A73 /* Preview Assets.xcassets */; };
		0DE12D352ACD40F900367A73 /* SwiftUICharts in Frameworks */ = {isa = PBXBuildFile; productRef = 0DE12D342ACD40F900367A73 /* SwiftUICharts */; };
		0DE12D372ACD410400367A73 /* ResultsView.swift in Sources */ = {isa = PBXBuildFile; fileRef = 0DE12D362ACD410400367A73 /* ResultsView.swift */; };
		0DE1E55C2ACD5C7900E16050 /* SecondResultsView.swift in Sources */ = {isa = PBXBuildFile; fileRef = 0DE1E55B2ACD5C7900E16050 /* SecondResultsView.swift */; };
/* End PBXBuildFile section */

/* Begin PBXFileReference section */
		0DE12D222ACD3EBA00367A73 /* TaxCalculator.app */ = {isa = PBXFileReference; explicitFileType = wrapper.application; includeInIndex = 0; path = TaxCalculator.app; sourceTree = BUILT_PRODUCTS_DIR; };
		0DE12D252ACD3EBA00367A73 /* TaxCalculatorApp.swift */ = {isa = PBXFileReference; lastKnownFileType = sourcecode.swift; path = TaxCalculatorApp.swift; sourceTree = "<group>"; };
		0DE12D272ACD3EBA00367A73 /* FrontView.swift */ = {isa = PBXFileReference; lastKnownFileType = sourcecode.swift; path = FrontView.swift; sourceTree = "<group>"; };
		0DE12D292ACD3EBC00367A73 /* Assets.xcassets */ = {isa = PBXFileReference; lastKnownFileType = folder.assetcatalog; path = Assets.xcassets; sourceTree = "<group>"; };
		0DE12D2C2ACD3EBC00367A73 /* Preview Assets.xcassets */ = {isa = PBXFileReference; lastKnownFileType = folder.assetcatalog; path = "Preview Assets.xcassets"; sourceTree = "<group>"; };
		0DE12D362ACD410400367A73 /* ResultsView.swift */ = {isa = PBXFileReference; lastKnownFileType = sourcecode.swift; path = ResultsView.swift; sourceTree = "<group>"; };
		0DE1E55B2ACD5C7900E16050 /* SecondResultsView.swift */ = {isa = PBXFileReference; lastKnownFileType = sourcecode.swift; path = SecondResultsView.swift; sourceTree = "<group>"; };
/* End PBXFileReference section */

/* Begin PBXFrameworksBuildPhase section */
		0DE12D1F2ACD3EBA00367A73 /* Frameworks */ = {
			isa = PBXFrameworksBuildPhase;
			buildActionMask = 2147483647;
			files = (
				0DE12D352ACD40F900367A73 /* SwiftUICharts in Frameworks */,
			);
			runOnlyForDeploymentPostprocessing = 0;
		};
/* End PBXFrameworksBuildPhase section */

/* Begin PBXGroup section */
		0DE12D192ACD3EBA00367A73 = {
			isa = PBXGroup;
			children = (
				0DE12D242ACD3EBA00367A73 /* TaxCalculator */,
				0DE12D232ACD3EBA00367A73 /* Products */,
			);
			sourceTree = "<group>";
		};
		0DE12D232ACD3EBA00367A73 /* Products */ = {
			isa = PBXGroup;
			children = (
				0DE12D222ACD3EBA00367A73 /* TaxCalculator.app */,
			);
			name = Products;
			sourceTree = "<group>";
		};
		0DE12D242ACD3EBA00367A73 /* TaxCalculator */ = {
			isa = PBXGroup;
			children = (
				0DE12D252ACD3EBA00367A73 /* TaxCalculatorApp.swift */,
				0DE12D272ACD3EBA00367A73 /* FrontView.swift */,
				0DE12D292ACD3EBC00367A73 /* Assets.xcassets */,
				0DE12D2B2ACD3EBC00367A73 /* Preview Content */,
				0DE12D362ACD410400367A73 /* ResultsView.swift */,
				0DE1E55B2ACD5C7900E16050 /* SecondResultsView.swift */,
			);
			path = TaxCalculator;
			sourceTree = "<group>";
		};
		0DE12D2B2ACD3EBC00367A73 /* Preview Content */ = {
			isa = PBXGroup;
			children = (
				0DE12D2C2ACD3EBC00367A73 /* Preview Assets.xcassets */,
			);
			path = "Preview Content";
			sourceTree = "<group>";
		};
/* End PBXGroup section */

/* Begin PBXNativeTarget section */
		0DE12D212ACD3EBA00367A73 /* TaxCalculator */ = {
			isa = PBXNativeTarget;
			buildConfigurationList = 0DE12D302ACD3EBC00367A73 /* Build configuration list for PBXNativeTarget "TaxCalculator" */;
			buildPhases = (
				0DE12D1E2ACD3EBA00367A73 /* Sources */,
				0DE12D1F2ACD3EBA00367A73 /* Frameworks */,
				0DE12D202ACD3EBA00367A73 /* Resources */,
			);
			buildRules = (
			);
			dependencies = (
			);
			name = TaxCalculator;
			packageProductDependencies = (
				0DE12D342ACD40F900367A73 /* SwiftUICharts */,
			);
			productName = TaxCalculator;
			productReference = 0DE12D222ACD3EBA00367A73 /* TaxCalculator.app */;
			productType = "com.apple.product-type.application";
		};
/* End PBXNativeTarget section */

/* Begin PBXProject section */
		0DE12D1A2ACD3EBA00367A73 /* Project object */ = {
			isa = PBXProject;
			attributes = {
				BuildIndependentTargetsInParallel = 1;
				LastSwiftUpdateCheck = 1430;
				LastUpgradeCheck = 1430;
				TargetAttributes = {
					0DE12D212ACD3EBA00367A73 = {
						CreatedOnToolsVersion = 14.3.1;
					};
				};
			};
			buildConfigurationList = 0DE12D1D2ACD3EBA00367A73 /* Build configuration list for PBXProject "TaxCalculator" */;
			compatibilityVersion = "Xcode 14.0";
			developmentRegion = en;
			hasScannedForEncodings = 0;
			knownRegions = (
				en,
				Base,
			);
			mainGroup = 0DE12D192ACD3EBA00367A73;
			packageReferences = (
				0DE12D332ACD40F900367A73 /* XCRemoteSwiftPackageReference "ChartView" */,
			);
			productRefGroup = 0DE12D232ACD3EBA00367A73 /* Products */;
			projectDirPath = "";
			projectRoot = "";
			targets = (
				0DE12D212ACD3EBA00367A73 /* TaxCalculator */,
			);
		};
/* End PBXProject section */

/* Begin PBXResourcesBuildPhase section */
		0DE12D202ACD3EBA00367A73 /* Resources */ = {
			isa = PBXResourcesBuildPhase;
			buildActionMask = 2147483647;
			files = (
				0DE12D2D2ACD3EBC00367A73 /* Preview Assets.xcassets in Resources */,
				0DE12D2A2ACD3EBC00367A73 /* Assets.xcassets in Resources */,
			);
			runOnlyForDeploymentPostprocessing = 0;
		};
/* End PBXResourcesBuildPhase section */

/* Begin PBXSourcesBuildPhase section */
		0DE12D1E2ACD3EBA00367A73 /* Sources */ = {
			isa = PBXSourcesBuildPhase;
			buildActionMask = 2147483647;
			files = (
				0DE12D282ACD3EBA00367A73 /* FrontView.swift in Sources */,
				0DE12D372ACD410400367A73 /* ResultsView.swift in Sources */,
				0DE12D262ACD3EBA00367A73 /* TaxCalculatorApp.swift in Sources */,
				0DE1E55C2ACD5C7900E16050 /* SecondResultsView.swift in Sources */,
			);
			runOnlyForDeploymentPostprocessing = 0;
		};
/* End PBXSourcesBuildPhase section */

/* Begin XCBuildConfiguration section */
		0DE12D2E2ACD3EBC00367A73 /* Debug */ = {
			isa = XCBuildConfiguration;
			buildSettings = {
				ALWAYS_SEARCH_USER_PATHS = NO;
				CLANG_ANALYZER_NONNULL = YES;
				CLANG_ANALYZER_NUMBER_OBJECT_CONVERSION = YES_AGGRESSIVE;
				CLANG_CXX_LANGUAGE_STANDARD = "gnu++20";
				CLANG_ENABLE_MODULES = YES;
				CLANG_ENABLE_OBJC_ARC = YES;
				CLANG_ENABLE_OBJC_WEAK = YES;
				CLANG_WARN_BLOCK_CAPTURE_AUTORELEASING = YES;
				CLANG_WARN_BOOL_CONVERSION = YES;
				CLANG_WARN_COMMA = YES;
				CLANG_WARN_CONSTANT_CONVERSION = YES;
				CLANG_WARN_DEPRECATED_OBJC_IMPLEMENTATIONS = YES;
				CLANG_WARN_DIRECT_OBJC_ISA_USAGE = YES_ERROR;
				CLANG_WARN_DOCUMENTATION_COMMENTS = YES;
				CLANG_WARN_EMPTY_BODY = YES;
				CLANG_WARN_ENUM_CONVERSION = YES;
				CLANG_WARN_INFINITE_RECURSION = YES;
				CLANG_WARN_INT_CONVERSION = YES;
				CLANG_WARN_NON_LITERAL_NULL_CONVERSION = YES;
				CLANG_WARN_OBJC_IMPLICIT_RETAIN_SELF = YES;
				CLANG_WARN_OBJC_LITERAL_CONVERSION = YES;
				CLANG_WARN_OBJC_ROOT_CLASS = YES_ERROR;
				CLANG_WARN_QUOTED_INCLUDE_IN_FRAMEWORK_HEADER = YES;
				CLANG_WARN_RANGE_LOOP_ANALYSIS = YES;
				CLANG_WARN_STRICT_PROTOTYPES = YES;
				CLANG_WARN_SUSPICIOUS_MOVE = YES;
				CLANG_WARN_UNGUARDED_AVAILABILITY = YES_AGGRESSIVE;
				CLANG_WARN_UNREACHABLE_CODE = YES;
				CLANG_WARN__DUPLICATE_METHOD_MATCH = YES;
				COPY_PHASE_STRIP = NO;
				DEBUG_INFORMATION_FORMAT = dwarf;
				ENABLE_STRICT_OBJC_MSGSEND = YES;
				ENABLE_TESTABILITY = YES;
				GCC_C_LANGUAGE_STANDARD = gnu11;
				GCC_DYNAMIC_NO_PIC = NO;
				GCC_NO_COMMON_BLOCKS = YES;
				GCC_OPTIMIZATION_LEVEL = 0;
				GCC_PREPROCESSOR_DEFINITIONS = (
					"DEBUG=1",
					"$(inherited)",
				);
				GCC_WARN_64_TO_32_BIT_CONVERSION = YES;
				GCC_WARN_ABOUT_RETURN_TYPE = YES_ERROR;
				GCC_WARN_UNDECLARED_SELECTOR = YES;
				GCC_WARN_UNINITIALIZED_AUTOS = YES_AGGRESSIVE;
				GCC_WARN_UNUSED_FUNCTION = YES;
				GCC_WARN_UNUSED_VARIABLE = YES;
				IPHONEOS_DEPLOYMENT_TARGET = 16.4;
				MTL_ENABLE_DEBUG_INFO = INCLUDE_SOURCE;
				MTL_FAST_MATH = YES;
				ONLY_ACTIVE_ARCH = YES;
				SDKROOT = iphoneos;
				SWIFT_ACTIVE_COMPILATION_CONDITIONS = DEBUG;
				SWIFT_OPTIMIZATION_LEVEL = "-Onone";
			};
			name = Debug;
		};
		0DE12D2F2ACD3EBC00367A73 /* Release */ = {
			isa = XCBuildConfiguration;
			buildSettings = {
				ALWAYS_SEARCH_USER_PATHS = NO;
				CLANG_ANALYZER_NONNULL = YES;
				CLANG_ANALYZER_NUMBER_OBJECT_CONVERSION = YES_AGGRESSIVE;
				CLANG_CXX_LANGUAGE_STANDARD = "gnu++20";
				CLANG_ENABLE_MODULES = YES;
				CLANG_ENABLE_OBJC_ARC = YES;
				CLANG_ENABLE_OBJC_WEAK = YES;
				CLANG_WARN_BLOCK_CAPTURE_AUTORELEASING = YES;
				CLANG_WARN_BOOL_CONVERSION = YES;
				CLANG_WARN_COMMA = YES;
				CLANG_WARN_CONSTANT_CONVERSION = YES;
				CLANG_WARN_DEPRECATED_OBJC_IMPLEMENTATIONS = YES;
				CLANG_WARN_DIRECT_OBJC_ISA_USAGE = YES_ERROR;
				CLANG_WARN_DOCUMENTATION_COMMENTS = YES;
				CLANG_WARN_EMPTY_BODY = YES;
				CLANG_WARN_ENUM_CONVERSION = YES;
				CLANG_WARN_INFINITE_RECURSION = YES;
				CLANG_WARN_INT_CONVERSION = YES;
				CLANG_WARN_NON_LITERAL_NULL_CONVERSION = YES;
				CLANG_WARN_OBJC_IMPLICIT_RETAIN_SELF = YES;
				CLANG_WARN_OBJC_LITERAL_CONVERSION = YES;
				CLANG_WARN_OBJC_ROOT_CLASS = YES_ERROR;
				CLANG_WARN_QUOTED_INCLUDE_IN_FRAMEWORK_HEADER = YES;
				CLANG_WARN_RANGE_LOOP_ANALYSIS = YES;
				CLANG_WARN_STRICT_PROTOTYPES = YES;
				CLANG_WARN_SUSPICIOUS_MOVE = YES;
				CLANG_WARN_UNGUARDED_AVAILABILITY = YES_AGGRESSIVE;
				CLANG_WARN_UNREACHABLE_CODE = YES;
				CLANG_WARN__DUPLICATE_METHOD_MATCH = YES;
				COPY_PHASE_STRIP = NO;
				DEBUG_INFORMATION_FORMAT = "dwarf-with-dsym";
				ENABLE_NS_ASSERTIONS = NO;
				ENABLE_STRICT_OBJC_MSGSEND = YES;
				GCC_C_LANGUAGE_STANDARD = gnu11;
				GCC_NO_COMMON_BLOCKS = YES;
				GCC_WARN_64_TO_32_BIT_CONVERSION = YES;
				GCC_WARN_ABOUT_RETURN_TYPE = YES_ERROR;
				GCC_WARN_UNDECLARED_SELECTOR = YES;
				GCC_WARN_UNINITIALIZED_AUTOS = YES_AGGRESSIVE;
				GCC_WARN_UNUSED_FUNCTION = YES;
				GCC_WARN_UNUSED_VARIABLE = YES;
				IPHONEOS_DEPLOYMENT_TARGET = 16.4;
				MTL_ENABLE_DEBUG_INFO = NO;
				MTL_FAST_MATH = YES;
				SDKROOT = iphoneos;
				SWIFT_COMPILATION_MODE = wholemodule;
				SWIFT_OPTIMIZATION_LEVEL = "-O";
				VALIDATE_PRODUCT = YES;
			};
			name = Release;
		};
		0DE12D312ACD3EBC00367A73 /* Debug */ = {
			isa = XCBuildConfiguration;
			buildSettings = {
				ASSETCATALOG_COMPILER_APPICON_NAME = AppIcon;
				ASSETCATALOG_COMPILER_GLOBAL_ACCENT_COLOR_NAME = AccentColor;
				CODE_SIGN_STYLE = Automatic;
				CURRENT_PROJECT_VERSION = 1;
				DEVELOPMENT_ASSET_PATHS = "\"TaxCalculator/Preview Content\"";
				DEVELOPMENT_TEAM = 9K7Y8T69T3;
				ENABLE_PREVIEWS = YES;
				GENERATE_INFOPLIST_FILE = YES;
				INFOPLIST_KEY_UIApplicationSceneManifest_Generation = YES;
				INFOPLIST_KEY_UIApplicationSupportsIndirectInputEvents = YES;
				INFOPLIST_KEY_UILaunchScreen_Generation = YES;
				INFOPLIST_KEY_UISupportedInterfaceOrientations_iPad = "UIInterfaceOrientationPortrait UIInterfaceOrientationPortraitUpsideDown UIInterfaceOrientationLandscapeLeft UIInterfaceOrientationLandscapeRight";
				INFOPLIST_KEY_UISupportedInterfaceOrientations_iPhone = "UIInterfaceOrientationPortrait UIInterfaceOrientationLandscapeLeft UIInterfaceOrientationLandscapeRight";
				LD_RUNPATH_SEARCH_PATHS = (
					"$(inherited)",
					"@executable_path/Frameworks",
				);
				MARKETING_VERSION = 1.0;
				PRODUCT_BUNDLE_IDENTIFIER = com.hado.TaxCalculator;
				PRODUCT_NAME = "$(TARGET_NAME)";
				SWIFT_EMIT_LOC_STRINGS = YES;
				SWIFT_VERSION = 5.0;
				TARGETED_DEVICE_FAMILY = "1,2";
			};
			name = Debug;
		};
		0DE12D322ACD3EBC00367A73 /* Release */ = {
			isa = XCBuildConfiguration;
			buildSettings = {
				ASSETCATALOG_COMPILER_APPICON_NAME = AppIcon;
				ASSETCATALOG_COMPILER_GLOBAL_ACCENT_COLOR_NAME = AccentColor;
				CODE_SIGN_STYLE = Automatic;
				CURRENT_PROJECT_VERSION = 1;
				DEVELOPMENT_ASSET_PATHS = "\"TaxCalculator/Preview Content\"";
				DEVELOPMENT_TEAM = 9K7Y8T69T3;
				ENABLE_PREVIEWS = YES;
				GENERATE_INFOPLIST_FILE = YES;
				INFOPLIST_KEY_UIApplicationSceneManifest_Generation = YES;
				INFOPLIST_KEY_UIApplicationSupportsIndirectInputEvents = YES;
				INFOPLIST_KEY_UILaunchScreen_Generation = YES;
				INFOPLIST_KEY_UISupportedInterfaceOrientations_iPad = "UIInterfaceOrientationPortrait UIInterfaceOrientationPortraitUpsideDown UIInterfaceOrientationLandscapeLeft UIInterfaceOrientationLandscapeRight";
				INFOPLIST_KEY_UISupportedInterfaceOrientations_iPhone = "UIInterfaceOrientationPortrait UIInterfaceOrientationLandscapeLeft UIInterfaceOrientationLandscapeRight";
				LD_RUNPATH_SEARCH_PATHS = (
					"$(inherited)",
					"@executable_path/Frameworks",
				);
				MARKETING_VERSION = 1.0;
				PRODUCT_BUNDLE_IDENTIFIER = com.hado.TaxCalculator;
				PRODUCT_NAME = "$(TARGET_NAME)";
				SWIFT_EMIT_LOC_STRINGS = YES;
				SWIFT_VERSION = 5.0;
				TARGETED_DEVICE_FAMILY = "1,2";
			};
			name = Release;
		};
/* End XCBuildConfiguration section */

/* Begin XCConfigurationList section */
		0DE12D1D2ACD3EBA00367A73 /* Build configuration list for PBXProject "TaxCalculator" */ = {
			isa = XCConfigurationList;
			buildConfigurations = (
				0DE12D2E2ACD3EBC00367A73 /* Debug */,
				0DE12D2F2ACD3EBC00367A73 /* Release */,
			);
			defaultConfigurationIsVisible = 0;
			defaultConfigurationName = Release;
		};
		0DE12D302ACD3EBC00367A73 /* Build configuration list for PBXNativeTarget "TaxCalculator" */ = {
			isa = XCConfigurationList;
			buildConfigurations = (
				0DE12D312ACD3EBC00367A73 /* Debug */,
				0DE12D322ACD3EBC00367A73 /* Release */,
			);
			defaultConfigurationIsVisible = 0;
			defaultConfigurationName = Release;
		};
/* End XCConfigurationList section */

/* Begin XCRemoteSwiftPackageReference section */
		0DE12D332ACD40F900367A73 /* XCRemoteSwiftPackageReference "ChartView" */ = {
			isa = XCRemoteSwiftPackageReference;
			repositoryURL = "https://github.com/AppPear/ChartView";
			requirement = {
				kind = exactVersion;
				version = "2.0.0-beta.2";
			};
		};
/* End XCRemoteSwiftPackageReference section */

/* Begin XCSwiftPackageProductDependency section */
		0DE12D342ACD40F900367A73 /* SwiftUICharts */ = {
			isa = XCSwiftPackageProductDependency;
			package = 0DE12D332ACD40F900367A73 /* XCRemoteSwiftPackageReference "ChartView" */;
			productName = SwiftUICharts;
		};
/* End XCSwiftPackageProductDependency section */
	};
	rootObject = 0DE12D1A2ACD3EBA00367A73 /* Project object */;
}
