// !$*UTF8*$!
{
	archiveVersion = 1;
	classes = {
	};
	objectVersion = 56;
	objects = {

/* Begin PBXBuildFile section */
		0D2C20092AD3C20500D54E9F /* GoogleAuthApp.swift in Sources */ = {isa = PBXBuildFile; fileRef = 0D2C20082AD3C20500D54E9F /* GoogleAuthApp.swift */; };
		0D2C200B2AD3C20500D54E9F /* ContentView.swift in Sources */ = {isa = PBXBuildFile; fileRef = 0D2C200A2AD3C20500D54E9F /* ContentView.swift */; };
		0D2C200D2AD3C20500D54E9F /* Assets.xcassets in Resources */ = {isa = PBXBuildFile; fileRef = 0D2C200C2AD3C20500D54E9F /* Assets.xcassets */; };
		0D2C20102AD3C20500D54E9F /* Preview Assets.xcassets in Resources */ = {isa = PBXBuildFile; fileRef = 0D2C200F2AD3C20500D54E9F /* Preview Assets.xcassets */; };
		0D2C201E2AD3C26F00D54E9F /* LoginView.swift in Sources */ = {isa = PBXBuildFile; fileRef = 0D2C201D2AD3C26F00D54E9F /* LoginView.swift */; };
		0D2C20202AD3C36300D54E9F /* InputView.swift in Sources */ = {isa = PBXBuildFile; fileRef = 0D2C201F2AD3C36300D54E9F /* InputView.swift */; };
		0D2C20222AD3C6A000D54E9F /* RegistrationView.swift in Sources */ = {isa = PBXBuildFile; fileRef = 0D2C20212AD3C6A000D54E9F /* RegistrationView.swift */; };
		0D2C20242AD3C74600D54E9F /* AuthButton.swift in Sources */ = {isa = PBXBuildFile; fileRef = 0D2C20232AD3C74600D54E9F /* AuthButton.swift */; };
		0D2C20262AD3C8F000D54E9F /* ProfileView.swift in Sources */ = {isa = PBXBuildFile; fileRef = 0D2C20252AD3C8F000D54E9F /* ProfileView.swift */; };
		0D2C20282AD3C9F200D54E9F /* SettingsRowView.swift in Sources */ = {isa = PBXBuildFile; fileRef = 0D2C20272AD3C9F200D54E9F /* SettingsRowView.swift */; };
		0D2C202A2AD3EB9100D54E9F /* User.swift in Sources */ = {isa = PBXBuildFile; fileRef = 0D2C20292AD3EB9100D54E9F /* User.swift */; };
/* End PBXBuildFile section */

/* Begin PBXFileReference section */
		0D2C20052AD3C20500D54E9F /* GoogleAuth.app */ = {isa = PBXFileReference; explicitFileType = wrapper.application; includeInIndex = 0; path = GoogleAuth.app; sourceTree = BUILT_PRODUCTS_DIR; };
		0D2C20082AD3C20500D54E9F /* GoogleAuthApp.swift */ = {isa = PBXFileReference; lastKnownFileType = sourcecode.swift; path = GoogleAuthApp.swift; sourceTree = "<group>"; };
		0D2C200A2AD3C20500D54E9F /* ContentView.swift */ = {isa = PBXFileReference; lastKnownFileType = sourcecode.swift; path = ContentView.swift; sourceTree = "<group>"; };
		0D2C200C2AD3C20500D54E9F /* Assets.xcassets */ = {isa = PBXFileReference; lastKnownFileType = folder.assetcatalog; path = Assets.xcassets; sourceTree = "<group>"; };
		0D2C200F2AD3C20500D54E9F /* Preview Assets.xcassets */ = {isa = PBXFileReference; lastKnownFileType = folder.assetcatalog; path = "Preview Assets.xcassets"; sourceTree = "<group>"; };
		0D2C201D2AD3C26F00D54E9F /* LoginView.swift */ = {isa = PBXFileReference; lastKnownFileType = sourcecode.swift; path = LoginView.swift; sourceTree = "<group>"; };
		0D2C201F2AD3C36300D54E9F /* InputView.swift */ = {isa = PBXFileReference; lastKnownFileType = sourcecode.swift; path = InputView.swift; sourceTree = "<group>"; };
		0D2C20212AD3C6A000D54E9F /* RegistrationView.swift */ = {isa = PBXFileReference; lastKnownFileType = sourcecode.swift; path = RegistrationView.swift; sourceTree = "<group>"; };
		0D2C20232AD3C74600D54E9F /* AuthButton.swift */ = {isa = PBXFileReference; lastKnownFileType = sourcecode.swift; path = AuthButton.swift; sourceTree = "<group>"; };
		0D2C20252AD3C8F000D54E9F /* ProfileView.swift */ = {isa = PBXFileReference; lastKnownFileType = sourcecode.swift; path = ProfileView.swift; sourceTree = "<group>"; };
		0D2C20272AD3C9F200D54E9F /* SettingsRowView.swift */ = {isa = PBXFileReference; lastKnownFileType = sourcecode.swift; path = SettingsRowView.swift; sourceTree = "<group>"; };
		0D2C20292AD3EB9100D54E9F /* User.swift */ = {isa = PBXFileReference; lastKnownFileType = sourcecode.swift; path = User.swift; sourceTree = "<group>"; };
/* End PBXFileReference section */

/* Begin PBXFrameworksBuildPhase section */
		0D2C20022AD3C20500D54E9F /* Frameworks */ = {
			isa = PBXFrameworksBuildPhase;
			buildActionMask = 2147483647;
			files = (
			);
			runOnlyForDeploymentPostprocessing = 0;
		};
/* End PBXFrameworksBuildPhase section */

/* Begin PBXGroup section */
		0D2C1FFC2AD3C20500D54E9F = {
			isa = PBXGroup;
			children = (
				0D2C20072AD3C20500D54E9F /* GoogleAuth */,
				0D2C20062AD3C20500D54E9F /* Products */,
			);
			sourceTree = "<group>";
		};
		0D2C20062AD3C20500D54E9F /* Products */ = {
			isa = PBXGroup;
			children = (
				0D2C20052AD3C20500D54E9F /* GoogleAuth.app */,
			);
			name = Products;
			sourceTree = "<group>";
		};
		0D2C20072AD3C20500D54E9F /* GoogleAuth */ = {
			isa = PBXGroup;
			children = (
				0D2C20192AD3C21F00D54E9F /* Model */,
				0D2C20182AD3C21B00D54E9F /* Core */,
				0D2C20172AD3C21800D54E9F /* Components */,
				0D2C20162AD3C20E00D54E9F /* App */,
				0D2C200C2AD3C20500D54E9F /* Assets.xcassets */,
				0D2C200E2AD3C20500D54E9F /* Preview Content */,
			);
			path = GoogleAuth;
			sourceTree = "<group>";
		};
		0D2C200E2AD3C20500D54E9F /* Preview Content */ = {
			isa = PBXGroup;
			children = (
				0D2C200F2AD3C20500D54E9F /* Preview Assets.xcassets */,
			);
			path = "Preview Content";
			sourceTree = "<group>";
		};
		0D2C20162AD3C20E00D54E9F /* App */ = {
			isa = PBXGroup;
			children = (
			);
			path = App;
			sourceTree = "<group>";
		};
		0D2C20172AD3C21800D54E9F /* Components */ = {
			isa = PBXGroup;
			children = (
				0D2C201F2AD3C36300D54E9F /* InputView.swift */,
				0D2C20232AD3C74600D54E9F /* AuthButton.swift */,
				0D2C20272AD3C9F200D54E9F /* SettingsRowView.swift */,
			);
			path = Components;
			sourceTree = "<group>";
		};
		0D2C20182AD3C21B00D54E9F /* Core */ = {
			isa = PBXGroup;
			children = (
				0D2C201C2AD3C24800D54E9F /* Profile */,
				0D2C201B2AD3C24200D54E9F /* Authentication */,
				0D2C201A2AD3C23800D54E9F /* Root */,
			);
			path = Core;
			sourceTree = "<group>";
		};
		0D2C20192AD3C21F00D54E9F /* Model */ = {
			isa = PBXGroup;
			children = (
				0D2C20292AD3EB9100D54E9F /* User.swift */,
			);
			path = Model;
			sourceTree = "<group>";
		};
		0D2C201A2AD3C23800D54E9F /* Root */ = {
			isa = PBXGroup;
			children = (
				0D2C20082AD3C20500D54E9F /* GoogleAuthApp.swift */,
				0D2C200A2AD3C20500D54E9F /* ContentView.swift */,
			);
			path = Root;
			sourceTree = "<group>";
		};
		0D2C201B2AD3C24200D54E9F /* Authentication */ = {
			isa = PBXGroup;
			children = (
				0D2C201D2AD3C26F00D54E9F /* LoginView.swift */,
				0D2C20212AD3C6A000D54E9F /* RegistrationView.swift */,
			);
			path = Authentication;
			sourceTree = "<group>";
		};
		0D2C201C2AD3C24800D54E9F /* Profile */ = {
			isa = PBXGroup;
			children = (
				0D2C20252AD3C8F000D54E9F /* ProfileView.swift */,
			);
			path = Profile;
			sourceTree = "<group>";
		};
/* End PBXGroup section */

/* Begin PBXNativeTarget section */
		0D2C20042AD3C20500D54E9F /* GoogleAuth */ = {
			isa = PBXNativeTarget;
			buildConfigurationList = 0D2C20132AD3C20500D54E9F /* Build configuration list for PBXNativeTarget "GoogleAuth" */;
			buildPhases = (
				0D2C20012AD3C20500D54E9F /* Sources */,
				0D2C20022AD3C20500D54E9F /* Frameworks */,
				0D2C20032AD3C20500D54E9F /* Resources */,
			);
			buildRules = (
			);
			dependencies = (
			);
			name = GoogleAuth;
			productName = GoogleAuth;
			productReference = 0D2C20052AD3C20500D54E9F /* GoogleAuth.app */;
			productType = "com.apple.product-type.application";
		};
/* End PBXNativeTarget section */

/* Begin PBXProject section */
		0D2C1FFD2AD3C20500D54E9F /* Project object */ = {
			isa = PBXProject;
			attributes = {
				BuildIndependentTargetsInParallel = 1;
				LastSwiftUpdateCheck = 1430;
				LastUpgradeCheck = 1430;
				TargetAttributes = {
					0D2C20042AD3C20500D54E9F = {
						CreatedOnToolsVersion = 14.3.1;
					};
				};
			};
			buildConfigurationList = 0D2C20002AD3C20500D54E9F /* Build configuration list for PBXProject "GoogleAuth" */;
			compatibilityVersion = "Xcode 14.0";
			developmentRegion = en;
			hasScannedForEncodings = 0;
			knownRegions = (
				en,
				Base,
			);
			mainGroup = 0D2C1FFC2AD3C20500D54E9F;
			productRefGroup = 0D2C20062AD3C20500D54E9F /* Products */;
			projectDirPath = "";
			projectRoot = "";
			targets = (
				0D2C20042AD3C20500D54E9F /* GoogleAuth */,
			);
		};
/* End PBXProject section */

/* Begin PBXResourcesBuildPhase section */
		0D2C20032AD3C20500D54E9F /* Resources */ = {
			isa = PBXResourcesBuildPhase;
			buildActionMask = 2147483647;
			files = (
				0D2C20102AD3C20500D54E9F /* Preview Assets.xcassets in Resources */,
				0D2C200D2AD3C20500D54E9F /* Assets.xcassets in Resources */,
			);
			runOnlyForDeploymentPostprocessing = 0;
		};
/* End PBXResourcesBuildPhase section */

/* Begin PBXSourcesBuildPhase section */
		0D2C20012AD3C20500D54E9F /* Sources */ = {
			isa = PBXSourcesBuildPhase;
			buildActionMask = 2147483647;
			files = (
				0D2C201E2AD3C26F00D54E9F /* LoginView.swift in Sources */,
				0D2C20242AD3C74600D54E9F /* AuthButton.swift in Sources */,
				0D2C20202AD3C36300D54E9F /* InputView.swift in Sources */,
				0D2C200B2AD3C20500D54E9F /* ContentView.swift in Sources */,
				0D2C20282AD3C9F200D54E9F /* SettingsRowView.swift in Sources */,
				0D2C202A2AD3EB9100D54E9F /* User.swift in Sources */,
				0D2C20092AD3C20500D54E9F /* GoogleAuthApp.swift in Sources */,
				0D2C20262AD3C8F000D54E9F /* ProfileView.swift in Sources */,
				0D2C20222AD3C6A000D54E9F /* RegistrationView.swift in Sources */,
			);
			runOnlyForDeploymentPostprocessing = 0;
		};
/* End PBXSourcesBuildPhase section */

/* Begin XCBuildConfiguration section */
		0D2C20112AD3C20500D54E9F /* Debug */ = {
			isa = XCBuildConfiguration;
			buildSettings = {
				ALWAYS_SEARCH_USER_PATHS = NO;
				CLANG_ANALYZER_NONNULL = YES;
				CLANG_ANALYZER_NUMBER_OBJECT_CONVERSION = YES_AGGRESSIVE;
				CLANG_CXX_LANGUAGE_STANDARD = "gnu++20";
				CLANG_ENABLE_MODULES = YES;
				CLANG_ENABLE_OBJC_ARC = YES;
				CLANG_ENABLE_OBJC_WEAK = YES;
				CLANG_WARN_BLOCK_CAPTURE_AUTORELEASING = YES;
				CLANG_WARN_BOOL_CONVERSION = YES;
				CLANG_WARN_COMMA = YES;
				CLANG_WARN_CONSTANT_CONVERSION = YES;
				CLANG_WARN_DEPRECATED_OBJC_IMPLEMENTATIONS = YES;
				CLANG_WARN_DIRECT_OBJC_ISA_USAGE = YES_ERROR;
				CLANG_WARN_DOCUMENTATION_COMMENTS = YES;
				CLANG_WARN_EMPTY_BODY = YES;
				CLANG_WARN_ENUM_CONVERSION = YES;
				CLANG_WARN_INFINITE_RECURSION = YES;
				CLANG_WARN_INT_CONVERSION = YES;
				CLANG_WARN_NON_LITERAL_NULL_CONVERSION = YES;
				CLANG_WARN_OBJC_IMPLICIT_RETAIN_SELF = YES;
				CLANG_WARN_OBJC_LITERAL_CONVERSION = YES;
				CLANG_WARN_OBJC_ROOT_CLASS = YES_ERROR;
				CLANG_WARN_QUOTED_INCLUDE_IN_FRAMEWORK_HEADER = YES;
				CLANG_WARN_RANGE_LOOP_ANALYSIS = YES;
				CLANG_WARN_STRICT_PROTOTYPES = YES;
				CLANG_WARN_SUSPICIOUS_MOVE = YES;
				CLANG_WARN_UNGUARDED_AVAILABILITY = YES_AGGRESSIVE;
				CLANG_WARN_UNREACHABLE_CODE = YES;
				CLANG_WARN__DUPLICATE_METHOD_MATCH = YES;
				COPY_PHASE_STRIP = NO;
				DEBUG_INFORMATION_FORMAT = dwarf;
				ENABLE_STRICT_OBJC_MSGSEND = YES;
				ENABLE_TESTABILITY = YES;
				GCC_C_LANGUAGE_STANDARD = gnu11;
				GCC_DYNAMIC_NO_PIC = NO;
				GCC_NO_COMMON_BLOCKS = YES;
				GCC_OPTIMIZATION_LEVEL = 0;
				GCC_PREPROCESSOR_DEFINITIONS = (
					"DEBUG=1",
					"$(inherited)",
				);
				GCC_WARN_64_TO_32_BIT_CONVERSION = YES;
				GCC_WARN_ABOUT_RETURN_TYPE = YES_ERROR;
				GCC_WARN_UNDECLARED_SELECTOR = YES;
				GCC_WARN_UNINITIALIZED_AUTOS = YES_AGGRESSIVE;
				GCC_WARN_UNUSED_FUNCTION = YES;
				GCC_WARN_UNUSED_VARIABLE = YES;
				IPHONEOS_DEPLOYMENT_TARGET = 16.4;
				MTL_ENABLE_DEBUG_INFO = INCLUDE_SOURCE;
				MTL_FAST_MATH = YES;
				ONLY_ACTIVE_ARCH = YES;
				SDKROOT = iphoneos;
				SWIFT_ACTIVE_COMPILATION_CONDITIONS = DEBUG;
				SWIFT_OPTIMIZATION_LEVEL = "-Onone";
			};
			name = Debug;
		};
		0D2C20122AD3C20500D54E9F /* Release */ = {
			isa = XCBuildConfiguration;
			buildSettings = {
				ALWAYS_SEARCH_USER_PATHS = NO;
				CLANG_ANALYZER_NONNULL = YES;
				CLANG_ANALYZER_NUMBER_OBJECT_CONVERSION = YES_AGGRESSIVE;
				CLANG_CXX_LANGUAGE_STANDARD = "gnu++20";
				CLANG_ENABLE_MODULES = YES;
				CLANG_ENABLE_OBJC_ARC = YES;
				CLANG_ENABLE_OBJC_WEAK = YES;
				CLANG_WARN_BLOCK_CAPTURE_AUTORELEASING = YES;
				CLANG_WARN_BOOL_CONVERSION = YES;
				CLANG_WARN_COMMA = YES;
				CLANG_WARN_CONSTANT_CONVERSION = YES;
				CLANG_WARN_DEPRECATED_OBJC_IMPLEMENTATIONS = YES;
				CLANG_WARN_DIRECT_OBJC_ISA_USAGE = YES_ERROR;
				CLANG_WARN_DOCUMENTATION_COMMENTS = YES;
				CLANG_WARN_EMPTY_BODY = YES;
				CLANG_WARN_ENUM_CONVERSION = YES;
				CLANG_WARN_INFINITE_RECURSION = YES;
				CLANG_WARN_INT_CONVERSION = YES;
				CLANG_WARN_NON_LITERAL_NULL_CONVERSION = YES;
				CLANG_WARN_OBJC_IMPLICIT_RETAIN_SELF = YES;
				CLANG_WARN_OBJC_LITERAL_CONVERSION = YES;
				CLANG_WARN_OBJC_ROOT_CLASS = YES_ERROR;
				CLANG_WARN_QUOTED_INCLUDE_IN_FRAMEWORK_HEADER = YES;
				CLANG_WARN_RANGE_LOOP_ANALYSIS = YES;
				CLANG_WARN_STRICT_PROTOTYPES = YES;
				CLANG_WARN_SUSPICIOUS_MOVE = YES;
				CLANG_WARN_UNGUARDED_AVAILABILITY = YES_AGGRESSIVE;
				CLANG_WARN_UNREACHABLE_CODE = YES;
				CLANG_WARN__DUPLICATE_METHOD_MATCH = YES;
				COPY_PHASE_STRIP = NO;
				DEBUG_INFORMATION_FORMAT = "dwarf-with-dsym";
				ENABLE_NS_ASSERTIONS = NO;
				ENABLE_STRICT_OBJC_MSGSEND = YES;
				GCC_C_LANGUAGE_STANDARD = gnu11;
				GCC_NO_COMMON_BLOCKS = YES;
				GCC_WARN_64_TO_32_BIT_CONVERSION = YES;
				GCC_WARN_ABOUT_RETURN_TYPE = YES_ERROR;
				GCC_WARN_UNDECLARED_SELECTOR = YES;
				GCC_WARN_UNINITIALIZED_AUTOS = YES_AGGRESSIVE;
				GCC_WARN_UNUSED_FUNCTION = YES;
				GCC_WARN_UNUSED_VARIABLE = YES;
				IPHONEOS_DEPLOYMENT_TARGET = 16.4;
				MTL_ENABLE_DEBUG_INFO = NO;
				MTL_FAST_MATH = YES;
				SDKROOT = iphoneos;
				SWIFT_COMPILATION_MODE = wholemodule;
				SWIFT_OPTIMIZATION_LEVEL = "-O";
				VALIDATE_PRODUCT = YES;
			};
			name = Release;
		};
		0D2C20142AD3C20500D54E9F /* Debug */ = {
			isa = XCBuildConfiguration;
			buildSettings = {
				ASSETCATALOG_COMPILER_APPICON_NAME = AppIcon;
				ASSETCATALOG_COMPILER_GLOBAL_ACCENT_COLOR_NAME = AccentColor;
				CODE_SIGN_STYLE = Automatic;
				CURRENT_PROJECT_VERSION = 1;
				DEVELOPMENT_ASSET_PATHS = "\"GoogleAuth/Preview Content\"";
				DEVELOPMENT_TEAM = 9K7Y8T69T3;
				ENABLE_PREVIEWS = YES;
				GENERATE_INFOPLIST_FILE = YES;
				INFOPLIST_KEY_UIApplicationSceneManifest_Generation = YES;
				INFOPLIST_KEY_UIApplicationSupportsIndirectInputEvents = YES;
				INFOPLIST_KEY_UILaunchScreen_Generation = YES;
				INFOPLIST_KEY_UISupportedInterfaceOrientations_iPad = "UIInterfaceOrientationPortrait UIInterfaceOrientationPortraitUpsideDown UIInterfaceOrientationLandscapeLeft UIInterfaceOrientationLandscapeRight";
				INFOPLIST_KEY_UISupportedInterfaceOrientations_iPhone = "UIInterfaceOrientationPortrait UIInterfaceOrientationLandscapeLeft UIInterfaceOrientationLandscapeRight";
				LD_RUNPATH_SEARCH_PATHS = (
					"$(inherited)",
					"@executable_path/Frameworks",
				);
				MARKETING_VERSION = 1.0;
				PRODUCT_BUNDLE_IDENTIFIER = com.hado.GoogleAuth;
				PRODUCT_NAME = "$(TARGET_NAME)";
				SWIFT_EMIT_LOC_STRINGS = YES;
				SWIFT_VERSION = 5.0;
				TARGETED_DEVICE_FAMILY = "1,2";
			};
			name = Debug;
		};
		0D2C20152AD3C20500D54E9F /* Release */ = {
			isa = XCBuildConfiguration;
			buildSettings = {
				ASSETCATALOG_COMPILER_APPICON_NAME = AppIcon;
				ASSETCATALOG_COMPILER_GLOBAL_ACCENT_COLOR_NAME = AccentColor;
				CODE_SIGN_STYLE = Automatic;
				CURRENT_PROJECT_VERSION = 1;
				DEVELOPMENT_ASSET_PATHS = "\"GoogleAuth/Preview Content\"";
				DEVELOPMENT_TEAM = 9K7Y8T69T3;
				ENABLE_PREVIEWS = YES;
				GENERATE_INFOPLIST_FILE = YES;
				INFOPLIST_KEY_UIApplicationSceneManifest_Generation = YES;
				INFOPLIST_KEY_UIApplicationSupportsIndirectInputEvents = YES;
				INFOPLIST_KEY_UILaunchScreen_Generation = YES;
				INFOPLIST_KEY_UISupportedInterfaceOrientations_iPad = "UIInterfaceOrientationPortrait UIInterfaceOrientationPortraitUpsideDown UIInterfaceOrientationLandscapeLeft UIInterfaceOrientationLandscapeRight";
				INFOPLIST_KEY_UISupportedInterfaceOrientations_iPhone = "UIInterfaceOrientationPortrait UIInterfaceOrientationLandscapeLeft UIInterfaceOrientationLandscapeRight";
				LD_RUNPATH_SEARCH_PATHS = (
					"$(inherited)",
					"@executable_path/Frameworks",
				);
				MARKETING_VERSION = 1.0;
				PRODUCT_BUNDLE_IDENTIFIER = com.hado.GoogleAuth;
				PRODUCT_NAME = "$(TARGET_NAME)";
				SWIFT_EMIT_LOC_STRINGS = YES;
				SWIFT_VERSION = 5.0;
				TARGETED_DEVICE_FAMILY = "1,2";
			};
			name = Release;
		};
/* End XCBuildConfiguration section */

/* Begin XCConfigurationList section */
		0D2C20002AD3C20500D54E9F /* Build configuration list for PBXProject "GoogleAuth" */ = {
			isa = XCConfigurationList;
			buildConfigurations = (
				0D2C20112AD3C20500D54E9F /* Debug */,
				0D2C20122AD3C20500D54E9F /* Release */,
			);
			defaultConfigurationIsVisible = 0;
			defaultConfigurationName = Release;
		};
		0D2C20132AD3C20500D54E9F /* Build configuration list for PBXNativeTarget "GoogleAuth" */ = {
			isa = XCConfigurationList;
			buildConfigurations = (
				0D2C20142AD3C20500D54E9F /* Debug */,
				0D2C20152AD3C20500D54E9F /* Release */,
			);
			defaultConfigurationIsVisible = 0;
			defaultConfigurationName = Release;
		};
/* End XCConfigurationList section */
	};
	rootObject = 0D2C1FFD2AD3C20500D54E9F /* Project object */;
}
