// !$*UTF8*$!
{
	archiveVersion = 1;
	classes = {
	};
	objectVersion = 56;
	objects = {

/* Begin PBXBuildFile section */
		0D0C84CD2ACE9BC400746E36 /* TransactionsView.swift in Sources */ = {isa = PBXBuildFile; fileRef = 0D0C84CC2ACE9BC400746E36 /* TransactionsView.swift */; };
		0D0C84CF2ACEAB5800746E36 /* CustomTabView.swift in Sources */ = {isa = PBXBuildFile; fileRef = 0D0C84CE2ACEAB5800746E36 /* CustomTabView.swift */; };
		0D5CD9052ACE8ED7006977E2 /* MoneyManagerApp.swift in Sources */ = {isa = PBXBuildFile; fileRef = 0D5CD9042ACE8ED7006977E2 /* MoneyManagerApp.swift */; };
		0D5CD9072ACE8ED7006977E2 /* ContentView.swift in Sources */ = {isa = PBXBuildFile; fileRef = 0D5CD9062ACE8ED7006977E2 /* ContentView.swift */; };
		0D5CD9092ACE8ED8006977E2 /* Assets.xcassets in Resources */ = {isa = PBXBuildFile; fileRef = 0D5CD9082ACE8ED8006977E2 /* Assets.xcassets */; };
		0D5CD90C2ACE8ED8006977E2 /* Preview Assets.xcassets in Resources */ = {isa = PBXBuildFile; fileRef = 0D5CD90B2ACE8ED8006977E2 /* Preview Assets.xcassets */; };
		0D5CD9142ACE8EF4006977E2 /* CardView.swift in Sources */ = {isa = PBXBuildFile; fileRef = 0D5CD9132ACE8EF4006977E2 /* CardView.swift */; };
		0D5CD9162ACE94DC006977E2 /* CardsScreen.swift in Sources */ = {isa = PBXBuildFile; fileRef = 0D5CD9152ACE94DC006977E2 /* CardsScreen.swift */; };
		0D5CD9182ACE95CA006977E2 /* CardList.swift in Sources */ = {isa = PBXBuildFile; fileRef = 0D5CD9172ACE95CA006977E2 /* CardList.swift */; };
		0D5CD91C2ACE99D7006977E2 /* TransactionRow.swift in Sources */ = {isa = PBXBuildFile; fileRef = 0D5CD91B2ACE99D7006977E2 /* TransactionRow.swift */; };
		0D5CD91E2ACE9A56006977E2 /* TransactionsHeader.swift in Sources */ = {isa = PBXBuildFile; fileRef = 0D5CD91D2ACE9A56006977E2 /* TransactionsHeader.swift */; };
/* End PBXBuildFile section */

/* Begin PBXFileReference section */
		0D0C84CC2ACE9BC400746E36 /* TransactionsView.swift */ = {isa = PBXFileReference; lastKnownFileType = sourcecode.swift; path = TransactionsView.swift; sourceTree = "<group>"; };
		0D0C84CE2ACEAB5800746E36 /* CustomTabView.swift */ = {isa = PBXFileReference; lastKnownFileType = sourcecode.swift; path = CustomTabView.swift; sourceTree = "<group>"; };
		0D5CD9012ACE8ED7006977E2 /* MoneyManager.app */ = {isa = PBXFileReference; explicitFileType = wrapper.application; includeInIndex = 0; path = MoneyManager.app; sourceTree = BUILT_PRODUCTS_DIR; };
		0D5CD9042ACE8ED7006977E2 /* MoneyManagerApp.swift */ = {isa = PBXFileReference; lastKnownFileType = sourcecode.swift; path = MoneyManagerApp.swift; sourceTree = "<group>"; };
		0D5CD9062ACE8ED7006977E2 /* ContentView.swift */ = {isa = PBXFileReference; lastKnownFileType = sourcecode.swift; path = ContentView.swift; sourceTree = "<group>"; };
		0D5CD9082ACE8ED8006977E2 /* Assets.xcassets */ = {isa = PBXFileReference; lastKnownFileType = folder.assetcatalog; path = Assets.xcassets; sourceTree = "<group>"; };
		0D5CD90B2ACE8ED8006977E2 /* Preview Assets.xcassets */ = {isa = PBXFileReference; lastKnownFileType = folder.assetcatalog; path = "Preview Assets.xcassets"; sourceTree = "<group>"; };
		0D5CD9132ACE8EF4006977E2 /* CardView.swift */ = {isa = PBXFileReference; lastKnownFileType = sourcecode.swift; path = CardView.swift; sourceTree = "<group>"; };
		0D5CD9152ACE94DC006977E2 /* CardsScreen.swift */ = {isa = PBXFileReference; lastKnownFileType = sourcecode.swift; path = CardsScreen.swift; sourceTree = "<group>"; };
		0D5CD9172ACE95CA006977E2 /* CardList.swift */ = {isa = PBXFileReference; lastKnownFileType = sourcecode.swift; path = CardList.swift; sourceTree = "<group>"; };
		0D5CD91B2ACE99D7006977E2 /* TransactionRow.swift */ = {isa = PBXFileReference; lastKnownFileType = sourcecode.swift; path = TransactionRow.swift; sourceTree = "<group>"; };
		0D5CD91D2ACE9A56006977E2 /* TransactionsHeader.swift */ = {isa = PBXFileReference; lastKnownFileType = sourcecode.swift; path = TransactionsHeader.swift; sourceTree = "<group>"; };
/* End PBXFileReference section */

/* Begin PBXFrameworksBuildPhase section */
		0D5CD8FE2ACE8ED7006977E2 /* Frameworks */ = {
			isa = PBXFrameworksBuildPhase;
			buildActionMask = 2147483647;
			files = (
			);
			runOnlyForDeploymentPostprocessing = 0;
		};
/* End PBXFrameworksBuildPhase section */

/* Begin PBXGroup section */
		0D5CD8F82ACE8ED7006977E2 = {
			isa = PBXGroup;
			children = (
				0D5CD9032ACE8ED7006977E2 /* MoneyManager */,
				0D5CD9022ACE8ED7006977E2 /* Products */,
			);
			sourceTree = "<group>";
		};
		0D5CD9022ACE8ED7006977E2 /* Products */ = {
			isa = PBXGroup;
			children = (
				0D5CD9012ACE8ED7006977E2 /* MoneyManager.app */,
			);
			name = Products;
			sourceTree = "<group>";
		};
		0D5CD9032ACE8ED7006977E2 /* MoneyManager */ = {
			isa = PBXGroup;
			children = (
				0D5CD9122ACE8EE6006977E2 /* Views */,
				0D5CD9042ACE8ED7006977E2 /* MoneyManagerApp.swift */,
				0D5CD9062ACE8ED7006977E2 /* ContentView.swift */,
				0D5CD9082ACE8ED8006977E2 /* Assets.xcassets */,
				0D5CD90A2ACE8ED8006977E2 /* Preview Content */,
			);
			path = MoneyManager;
			sourceTree = "<group>";
		};
		0D5CD90A2ACE8ED8006977E2 /* Preview Content */ = {
			isa = PBXGroup;
			children = (
				0D5CD90B2ACE8ED8006977E2 /* Preview Assets.xcassets */,
			);
			path = "Preview Content";
			sourceTree = "<group>";
		};
		0D5CD9122ACE8EE6006977E2 /* Views */ = {
			isa = PBXGroup;
			children = (
				0D5CD9132ACE8EF4006977E2 /* CardView.swift */,
				0D5CD9152ACE94DC006977E2 /* CardsScreen.swift */,
				0D5CD9172ACE95CA006977E2 /* CardList.swift */,
				0D5CD91B2ACE99D7006977E2 /* TransactionRow.swift */,
				0D5CD91D2ACE9A56006977E2 /* TransactionsHeader.swift */,
				0D0C84CC2ACE9BC400746E36 /* TransactionsView.swift */,
				0D0C84CE2ACEAB5800746E36 /* CustomTabView.swift */,
			);
			path = Views;
			sourceTree = "<group>";
		};
/* End PBXGroup section */

/* Begin PBXNativeTarget section */
		0D5CD9002ACE8ED7006977E2 /* MoneyManager */ = {
			isa = PBXNativeTarget;
			buildConfigurationList = 0D5CD90F2ACE8ED8006977E2 /* Build configuration list for PBXNativeTarget "MoneyManager" */;
			buildPhases = (
				0D5CD8FD2ACE8ED7006977E2 /* Sources */,
				0D5CD8FE2ACE8ED7006977E2 /* Frameworks */,
				0D5CD8FF2ACE8ED7006977E2 /* Resources */,
			);
			buildRules = (
			);
			dependencies = (
			);
			name = MoneyManager;
			productName = MoneyManager;
			productReference = 0D5CD9012ACE8ED7006977E2 /* MoneyManager.app */;
			productType = "com.apple.product-type.application";
		};
/* End PBXNativeTarget section */

/* Begin PBXProject section */
		0D5CD8F92ACE8ED7006977E2 /* Project object */ = {
			isa = PBXProject;
			attributes = {
				BuildIndependentTargetsInParallel = 1;
				LastSwiftUpdateCheck = 1430;
				LastUpgradeCheck = 1430;
				TargetAttributes = {
					0D5CD9002ACE8ED7006977E2 = {
						CreatedOnToolsVersion = 14.3.1;
					};
				};
			};
			buildConfigurationList = 0D5CD8FC2ACE8ED7006977E2 /* Build configuration list for PBXProject "MoneyManager" */;
			compatibilityVersion = "Xcode 14.0";
			developmentRegion = en;
			hasScannedForEncodings = 0;
			knownRegions = (
				en,
				Base,
			);
			mainGroup = 0D5CD8F82ACE8ED7006977E2;
			productRefGroup = 0D5CD9022ACE8ED7006977E2 /* Products */;
			projectDirPath = "";
			projectRoot = "";
			targets = (
				0D5CD9002ACE8ED7006977E2 /* MoneyManager */,
			);
		};
/* End PBXProject section */

/* Begin PBXResourcesBuildPhase section */
		0D5CD8FF2ACE8ED7006977E2 /* Resources */ = {
			isa = PBXResourcesBuildPhase;
			buildActionMask = 2147483647;
			files = (
				0D5CD90C2ACE8ED8006977E2 /* Preview Assets.xcassets in Resources */,
				0D5CD9092ACE8ED8006977E2 /* Assets.xcassets in Resources */,
			);
			runOnlyForDeploymentPostprocessing = 0;
		};
/* End PBXResourcesBuildPhase section */

/* Begin PBXSourcesBuildPhase section */
		0D5CD8FD2ACE8ED7006977E2 /* Sources */ = {
			isa = PBXSourcesBuildPhase;
			buildActionMask = 2147483647;
			files = (
				0D5CD9072ACE8ED7006977E2 /* ContentView.swift in Sources */,
				0D5CD9162ACE94DC006977E2 /* CardsScreen.swift in Sources */,
				0D5CD9182ACE95CA006977E2 /* CardList.swift in Sources */,
				0D5CD9142ACE8EF4006977E2 /* CardView.swift in Sources */,
				0D5CD91C2ACE99D7006977E2 /* TransactionRow.swift in Sources */,
				0D0C84CD2ACE9BC400746E36 /* TransactionsView.swift in Sources */,
				0D0C84CF2ACEAB5800746E36 /* CustomTabView.swift in Sources */,
				0D5CD91E2ACE9A56006977E2 /* TransactionsHeader.swift in Sources */,
				0D5CD9052ACE8ED7006977E2 /* MoneyManagerApp.swift in Sources */,
			);
			runOnlyForDeploymentPostprocessing = 0;
		};
/* End PBXSourcesBuildPhase section */

/* Begin XCBuildConfiguration section */
		0D5CD90D2ACE8ED8006977E2 /* Debug */ = {
			isa = XCBuildConfiguration;
			buildSettings = {
				ALWAYS_SEARCH_USER_PATHS = NO;
				CLANG_ANALYZER_NONNULL = YES;
				CLANG_ANALYZER_NUMBER_OBJECT_CONVERSION = YES_AGGRESSIVE;
				CLANG_CXX_LANGUAGE_STANDARD = "gnu++20";
				CLANG_ENABLE_MODULES = YES;
				CLANG_ENABLE_OBJC_ARC = YES;
				CLANG_ENABLE_OBJC_WEAK = YES;
				CLANG_WARN_BLOCK_CAPTURE_AUTORELEASING = YES;
				CLANG_WARN_BOOL_CONVERSION = YES;
				CLANG_WARN_COMMA = YES;
				CLANG_WARN_CONSTANT_CONVERSION = YES;
				CLANG_WARN_DEPRECATED_OBJC_IMPLEMENTATIONS = YES;
				CLANG_WARN_DIRECT_OBJC_ISA_USAGE = YES_ERROR;
				CLANG_WARN_DOCUMENTATION_COMMENTS = YES;
				CLANG_WARN_EMPTY_BODY = YES;
				CLANG_WARN_ENUM_CONVERSION = YES;
				CLANG_WARN_INFINITE_RECURSION = YES;
				CLANG_WARN_INT_CONVERSION = YES;
				CLANG_WARN_NON_LITERAL_NULL_CONVERSION = YES;
				CLANG_WARN_OBJC_IMPLICIT_RETAIN_SELF = YES;
				CLANG_WARN_OBJC_LITERAL_CONVERSION = YES;
				CLANG_WARN_OBJC_ROOT_CLASS = YES_ERROR;
				CLANG_WARN_QUOTED_INCLUDE_IN_FRAMEWORK_HEADER = YES;
				CLANG_WARN_RANGE_LOOP_ANALYSIS = YES;
				CLANG_WARN_STRICT_PROTOTYPES = YES;
				CLANG_WARN_SUSPICIOUS_MOVE = YES;
				CLANG_WARN_UNGUARDED_AVAILABILITY = YES_AGGRESSIVE;
				CLANG_WARN_UNREACHABLE_CODE = YES;
				CLANG_WARN__DUPLICATE_METHOD_MATCH = YES;
				COPY_PHASE_STRIP = NO;
				DEBUG_INFORMATION_FORMAT = dwarf;
				ENABLE_STRICT_OBJC_MSGSEND = YES;
				ENABLE_TESTABILITY = YES;
				GCC_C_LANGUAGE_STANDARD = gnu11;
				GCC_DYNAMIC_NO_PIC = NO;
				GCC_NO_COMMON_BLOCKS = YES;
				GCC_OPTIMIZATION_LEVEL = 0;
				GCC_PREPROCESSOR_DEFINITIONS = (
					"DEBUG=1",
					"$(inherited)",
				);
				GCC_WARN_64_TO_32_BIT_CONVERSION = YES;
				GCC_WARN_ABOUT_RETURN_TYPE = YES_ERROR;
				GCC_WARN_UNDECLARED_SELECTOR = YES;
				GCC_WARN_UNINITIALIZED_AUTOS = YES_AGGRESSIVE;
				GCC_WARN_UNUSED_FUNCTION = YES;
				GCC_WARN_UNUSED_VARIABLE = YES;
				IPHONEOS_DEPLOYMENT_TARGET = 16.4;
				MTL_ENABLE_DEBUG_INFO = INCLUDE_SOURCE;
				MTL_FAST_MATH = YES;
				ONLY_ACTIVE_ARCH = YES;
				SDKROOT = iphoneos;
				SWIFT_ACTIVE_COMPILATION_CONDITIONS = DEBUG;
				SWIFT_OPTIMIZATION_LEVEL = "-Onone";
			};
			name = Debug;
		};
		0D5CD90E2ACE8ED8006977E2 /* Release */ = {
			isa = XCBuildConfiguration;
			buildSettings = {
				ALWAYS_SEARCH_USER_PATHS = NO;
				CLANG_ANALYZER_NONNULL = YES;
				CLANG_ANALYZER_NUMBER_OBJECT_CONVERSION = YES_AGGRESSIVE;
				CLANG_CXX_LANGUAGE_STANDARD = "gnu++20";
				CLANG_ENABLE_MODULES = YES;
				CLANG_ENABLE_OBJC_ARC = YES;
				CLANG_ENABLE_OBJC_WEAK = YES;
				CLANG_WARN_BLOCK_CAPTURE_AUTORELEASING = YES;
				CLANG_WARN_BOOL_CONVERSION = YES;
				CLANG_WARN_COMMA = YES;
				CLANG_WARN_CONSTANT_CONVERSION = YES;
				CLANG_WARN_DEPRECATED_OBJC_IMPLEMENTATIONS = YES;
				CLANG_WARN_DIRECT_OBJC_ISA_USAGE = YES_ERROR;
				CLANG_WARN_DOCUMENTATION_COMMENTS = YES;
				CLANG_WARN_EMPTY_BODY = YES;
				CLANG_WARN_ENUM_CONVERSION = YES;
				CLANG_WARN_INFINITE_RECURSION = YES;
				CLANG_WARN_INT_CONVERSION = YES;
				CLANG_WARN_NON_LITERAL_NULL_CONVERSION = YES;
				CLANG_WARN_OBJC_IMPLICIT_RETAIN_SELF = YES;
				CLANG_WARN_OBJC_LITERAL_CONVERSION = YES;
				CLANG_WARN_OBJC_ROOT_CLASS = YES_ERROR;
				CLANG_WARN_QUOTED_INCLUDE_IN_FRAMEWORK_HEADER = YES;
				CLANG_WARN_RANGE_LOOP_ANALYSIS = YES;
				CLANG_WARN_STRICT_PROTOTYPES = YES;
				CLANG_WARN_SUSPICIOUS_MOVE = YES;
				CLANG_WARN_UNGUARDED_AVAILABILITY = YES_AGGRESSIVE;
				CLANG_WARN_UNREACHABLE_CODE = YES;
				CLANG_WARN__DUPLICATE_METHOD_MATCH = YES;
				COPY_PHASE_STRIP = NO;
				DEBUG_INFORMATION_FORMAT = "dwarf-with-dsym";
				ENABLE_NS_ASSERTIONS = NO;
				ENABLE_STRICT_OBJC_MSGSEND = YES;
				GCC_C_LANGUAGE_STANDARD = gnu11;
				GCC_NO_COMMON_BLOCKS = YES;
				GCC_WARN_64_TO_32_BIT_CONVERSION = YES;
				GCC_WARN_ABOUT_RETURN_TYPE = YES_ERROR;
				GCC_WARN_UNDECLARED_SELECTOR = YES;
				GCC_WARN_UNINITIALIZED_AUTOS = YES_AGGRESSIVE;
				GCC_WARN_UNUSED_FUNCTION = YES;
				GCC_WARN_UNUSED_VARIABLE = YES;
				IPHONEOS_DEPLOYMENT_TARGET = 16.4;
				MTL_ENABLE_DEBUG_INFO = NO;
				MTL_FAST_MATH = YES;
				SDKROOT = iphoneos;
				SWIFT_COMPILATION_MODE = wholemodule;
				SWIFT_OPTIMIZATION_LEVEL = "-O";
				VALIDATE_PRODUCT = YES;
			};
			name = Release;
		};
		0D5CD9102ACE8ED8006977E2 /* Debug */ = {
			isa = XCBuildConfiguration;
			buildSettings = {
				ASSETCATALOG_COMPILER_APPICON_NAME = AppIcon;
				ASSETCATALOG_COMPILER_GLOBAL_ACCENT_COLOR_NAME = AccentColor;
				CODE_SIGN_STYLE = Automatic;
				CURRENT_PROJECT_VERSION = 1;
				DEVELOPMENT_ASSET_PATHS = "\"MoneyManager/Preview Content\"";
				DEVELOPMENT_TEAM = 9K7Y8T69T3;
				ENABLE_PREVIEWS = YES;
				GENERATE_INFOPLIST_FILE = YES;
				INFOPLIST_KEY_UIApplicationSceneManifest_Generation = YES;
				INFOPLIST_KEY_UIApplicationSupportsIndirectInputEvents = YES;
				INFOPLIST_KEY_UILaunchScreen_Generation = YES;
				INFOPLIST_KEY_UISupportedInterfaceOrientations_iPad = "UIInterfaceOrientationPortrait UIInterfaceOrientationPortraitUpsideDown UIInterfaceOrientationLandscapeLeft UIInterfaceOrientationLandscapeRight";
				INFOPLIST_KEY_UISupportedInterfaceOrientations_iPhone = "UIInterfaceOrientationPortrait UIInterfaceOrientationLandscapeLeft UIInterfaceOrientationLandscapeRight";
				LD_RUNPATH_SEARCH_PATHS = (
					"$(inherited)",
					"@executable_path/Frameworks",
				);
				MARKETING_VERSION = 1.0;
				PRODUCT_BUNDLE_IDENTIFIER = com.hado.MoneyManager;
				PRODUCT_NAME = "$(TARGET_NAME)";
				SWIFT_EMIT_LOC_STRINGS = YES;
				SWIFT_VERSION = 5.0;
				TARGETED_DEVICE_FAMILY = "1,2";
			};
			name = Debug;
		};
		0D5CD9112ACE8ED8006977E2 /* Release */ = {
			isa = XCBuildConfiguration;
			buildSettings = {
				ASSETCATALOG_COMPILER_APPICON_NAME = AppIcon;
				ASSETCATALOG_COMPILER_GLOBAL_ACCENT_COLOR_NAME = AccentColor;
				CODE_SIGN_STYLE = Automatic;
				CURRENT_PROJECT_VERSION = 1;
				DEVELOPMENT_ASSET_PATHS = "\"MoneyManager/Preview Content\"";
				DEVELOPMENT_TEAM = 9K7Y8T69T3;
				ENABLE_PREVIEWS = YES;
				GENERATE_INFOPLIST_FILE = YES;
				INFOPLIST_KEY_UIApplicationSceneManifest_Generation = YES;
				INFOPLIST_KEY_UIApplicationSupportsIndirectInputEvents = YES;
				INFOPLIST_KEY_UILaunchScreen_Generation = YES;
				INFOPLIST_KEY_UISupportedInterfaceOrientations_iPad = "UIInterfaceOrientationPortrait UIInterfaceOrientationPortraitUpsideDown UIInterfaceOrientationLandscapeLeft UIInterfaceOrientationLandscapeRight";
				INFOPLIST_KEY_UISupportedInterfaceOrientations_iPhone = "UIInterfaceOrientationPortrait UIInterfaceOrientationLandscapeLeft UIInterfaceOrientationLandscapeRight";
				LD_RUNPATH_SEARCH_PATHS = (
					"$(inherited)",
					"@executable_path/Frameworks",
				);
				MARKETING_VERSION = 1.0;
				PRODUCT_BUNDLE_IDENTIFIER = com.hado.MoneyManager;
				PRODUCT_NAME = "$(TARGET_NAME)";
				SWIFT_EMIT_LOC_STRINGS = YES;
				SWIFT_VERSION = 5.0;
				TARGETED_DEVICE_FAMILY = "1,2";
			};
			name = Release;
		};
/* End XCBuildConfiguration section */

/* Begin XCConfigurationList section */
		0D5CD8FC2ACE8ED7006977E2 /* Build configuration list for PBXProject "MoneyManager" */ = {
			isa = XCConfigurationList;
			buildConfigurations = (
				0D5CD90D2ACE8ED8006977E2 /* Debug */,
				0D5CD90E2ACE8ED8006977E2 /* Release */,
			);
			defaultConfigurationIsVisible = 0;
			defaultConfigurationName = Release;
		};
		0D5CD90F2ACE8ED8006977E2 /* Build configuration list for PBXNativeTarget "MoneyManager" */ = {
			isa = XCConfigurationList;
			buildConfigurations = (
				0D5CD9102ACE8ED8006977E2 /* Debug */,
				0D5CD9112ACE8ED8006977E2 /* Release */,
			);
			defaultConfigurationIsVisible = 0;
			defaultConfigurationName = Release;
		};
/* End XCConfigurationList section */
	};
	rootObject = 0D5CD8F92ACE8ED7006977E2 /* Project object */;
}
