// !$*UTF8*$!
{
	archiveVersion = 1;
	classes = {
	};
	objectVersion = 56;
	objects = {

/* Begin PBXBuildFile section */
		0D2C20442AD46A3000D54E9F /* SimpleNewsMacApp.swift in Sources */ = {isa = PBXBuildFile; fileRef = 0D2C20432AD46A3000D54E9F /* SimpleNewsMacApp.swift */; };
		0D2C20462AD46A3000D54E9F /* ContentView.swift in Sources */ = {isa = PBXBuildFile; fileRef = 0D2C20452AD46A3000D54E9F /* ContentView.swift */; };
		0D2C20482AD46A3100D54E9F /* Assets.xcassets in Resources */ = {isa = PBXBuildFile; fileRef = 0D2C20472AD46A3100D54E9F /* Assets.xcassets */; };
		0D2C204B2AD46A3100D54E9F /* Preview Assets.xcassets in Resources */ = {isa = PBXBuildFile; fileRef = 0D2C204A2AD46A3100D54E9F /* Preview Assets.xcassets */; };
		0D2C20552AD46C4E00D54E9F /* Category.swift in Sources */ = {isa = PBXBuildFile; fileRef = 0DD643D52AD1D7A400F6BED6 /* Category.swift */; };
		0D2C20562AD46C4E00D54E9F /* ArticleNewsViewModel.swift in Sources */ = {isa = PBXBuildFile; fileRef = 0DD643D82AD1DA3C00F6BED6 /* ArticleNewsViewModel.swift */; };
		0D2C20572AD46C4E00D54E9F /* ArticleSearchViewModel.swift in Sources */ = {isa = PBXBuildFile; fileRef = 0DD643E62AD1F6C300F6BED6 /* ArticleSearchViewModel.swift */; };
		0D2C20582AD46C4E00D54E9F /* news.json in Resources */ = {isa = PBXBuildFile; fileRef = 0D8465C52AD1286000E1A043 /* news.json */; };
		0D2C20592AD46C4E00D54E9F /* DataStore.swift in Sources */ = {isa = PBXBuildFile; fileRef = 0DD643E42AD1EF3600F6BED6 /* DataStore.swift */; };
		0D2C205A2AD46C4E00D54E9F /* MenuItem.swift in Sources */ = {isa = PBXBuildFile; fileRef = 0DD643F22AD31F4D00F6BED6 /* MenuItem.swift */; };
		0D2C205B2AD46C4E00D54E9F /* Article.swift in Sources */ = {isa = PBXBuildFile; fileRef = 0D8465C72AD128B200E1A043 /* Article.swift */; };
		0D2C205C2AD46C4E00D54E9F /* ArticleBookmarkViewModel.swift in Sources */ = {isa = PBXBuildFile; fileRef = 0DD643E02AD1E98B00F6BED6 /* ArticleBookmarkViewModel.swift */; };
		0D2C205D2AD46C4E00D54E9F /* NewsAPIResponse.swift in Sources */ = {isa = PBXBuildFile; fileRef = 0D8465C92AD12D5800E1A043 /* NewsAPIResponse.swift */; };
		0D2C205E2AD46C4E00D54E9F /* NewsAPI.swift in Sources */ = {isa = PBXBuildFile; fileRef = 0DD643D32AD1D73000F6BED6 /* NewsAPI.swift */; };
		0D2C20612AD46CC400D54E9F /* SidebarListView.swift in Sources */ = {isa = PBXBuildFile; fileRef = 0D2C20602AD46CC400D54E9F /* SidebarListView.swift */; };
		0D2C20632AD471E300D54E9F /* EmptyPlaceholderView.swift in Sources */ = {isa = PBXBuildFile; fileRef = 0DD643DC2AD1E09C00F6BED6 /* EmptyPlaceholderView.swift */; };
		0D2C20642AD471E300D54E9F /* NewsTabView.swift in Sources */ = {isa = PBXBuildFile; fileRef = 0DD643DA2AD1DDCA00F6BED6 /* NewsTabView.swift */; };
		0D2C20652AD471E300D54E9F /* RetryView.swift in Sources */ = {isa = PBXBuildFile; fileRef = 0DD643DE2AD1E0FA00F6BED6 /* RetryView.swift */; };
		0D2C20662AD471E300D54E9F /* ArticleListView.swift in Sources */ = {isa = PBXBuildFile; fileRef = 0DD643CE2AD1D37D00F6BED6 /* ArticleListView.swift */; };
		0D2C20672AD471E300D54E9F /* ArticleRowView.swift in Sources */ = {isa = PBXBuildFile; fileRef = 0D8465CC2AD1CA3200E1A043 /* ArticleRowView.swift */; };
		0D2C20682AD47A7700D54E9F /* BookmarkTabView.swift in Sources */ = {isa = PBXBuildFile; fileRef = 0DD643E22AD1ED9F00F6BED6 /* BookmarkTabView.swift */; };
		0D2C206A2AD47DBB00D54E9F /* FocusedValue+RefreshAction.swift in Sources */ = {isa = PBXBuildFile; fileRef = 0D2C20692AD47DBB00D54E9F /* FocusedValue+RefreshAction.swift */; };
		0D2C206C2AD47E6E00D54E9F /* NewsCommands.swift in Sources */ = {isa = PBXBuildFile; fileRef = 0D2C206B2AD47E6E00D54E9F /* NewsCommands.swift */; };
		0D8465B82AD1283700E1A043 /* SimpleNewsApp.swift in Sources */ = {isa = PBXBuildFile; fileRef = 0D8465B72AD1283700E1A043 /* SimpleNewsApp.swift */; };
		0D8465BA2AD1283700E1A043 /* ContentView.swift in Sources */ = {isa = PBXBuildFile; fileRef = 0D8465B92AD1283700E1A043 /* ContentView.swift */; };
		0D8465BC2AD1283800E1A043 /* Assets.xcassets in Resources */ = {isa = PBXBuildFile; fileRef = 0D8465BB2AD1283800E1A043 /* Assets.xcassets */; };
		0D8465BF2AD1283800E1A043 /* Preview Assets.xcassets in Resources */ = {isa = PBXBuildFile; fileRef = 0D8465BE2AD1283800E1A043 /* Preview Assets.xcassets */; };
		0D8465C82AD128B200E1A043 /* Article.swift in Sources */ = {isa = PBXBuildFile; fileRef = 0D8465C72AD128B200E1A043 /* Article.swift */; };
		0D8465CA2AD12D5800E1A043 /* NewsAPIResponse.swift in Sources */ = {isa = PBXBuildFile; fileRef = 0D8465C92AD12D5800E1A043 /* NewsAPIResponse.swift */; };
		0D8465CD2AD1CA3200E1A043 /* ArticleRowView.swift in Sources */ = {isa = PBXBuildFile; fileRef = 0D8465CC2AD1CA3200E1A043 /* ArticleRowView.swift */; };
		0DC216352AD510D300E9E821 /* SearchTabView.swift in Sources */ = {isa = PBXBuildFile; fileRef = 0DC216342AD510D300E9E821 /* SearchTabView.swift */; };
		0DC216372AD510FD00E9E821 /* SettingsView.swift in Sources */ = {isa = PBXBuildFile; fileRef = 0DC216362AD510FD00E9E821 /* SettingsView.swift */; };
		0DC216382AD5111E00E9E821 /* SearchTabView.swift in Sources */ = {isa = PBXBuildFile; fileRef = 0DC216342AD510D300E9E821 /* SearchTabView.swift */; };
		0DC216402AD5141C00E9E821 /* SimpleNewsWatchApp.swift in Sources */ = {isa = PBXBuildFile; fileRef = 0DC2163F2AD5141C00E9E821 /* SimpleNewsWatchApp.swift */; };
		0DC216422AD5141C00E9E821 /* ContentView.swift in Sources */ = {isa = PBXBuildFile; fileRef = 0DC216412AD5141C00E9E821 /* ContentView.swift */; };
		0DC216442AD5141D00E9E821 /* Assets.xcassets in Resources */ = {isa = PBXBuildFile; fileRef = 0DC216432AD5141D00E9E821 /* Assets.xcassets */; };
		0DC216472AD5141D00E9E821 /* Preview Assets.xcassets in Resources */ = {isa = PBXBuildFile; fileRef = 0DC216462AD5141D00E9E821 /* Preview Assets.xcassets */; };
		0DC2164A2AD5141D00E9E821 /* SimpleNewsWatch Watch App.app in Embed Watch Content */ = {isa = PBXBuildFile; fileRef = 0DC2163D2AD5141C00E9E821 /* SimpleNewsWatch Watch App.app */; settings = {ATTRIBUTES = (RemoveHeadersOnCopy, ); }; };
		0DC2164F2AD514B200E9E821 /* ArticleBookmarkViewModel.swift in Sources */ = {isa = PBXBuildFile; fileRef = 0DD643E02AD1E98B00F6BED6 /* ArticleBookmarkViewModel.swift */; };
		0DC216502AD514B200E9E821 /* DataStore.swift in Sources */ = {isa = PBXBuildFile; fileRef = 0DD643E42AD1EF3600F6BED6 /* DataStore.swift */; };
		0DC216512AD514B200E9E821 /* MenuItem.swift in Sources */ = {isa = PBXBuildFile; fileRef = 0DD643F22AD31F4D00F6BED6 /* MenuItem.swift */; };
		0DC216522AD514B200E9E821 /* Category.swift in Sources */ = {isa = PBXBuildFile; fileRef = 0DD643D52AD1D7A400F6BED6 /* Category.swift */; };
		0DC216532AD514B200E9E821 /* news.json in Resources */ = {isa = PBXBuildFile; fileRef = 0D8465C52AD1286000E1A043 /* news.json */; };
		0DC216542AD514B200E9E821 /* ArticleSearchViewModel.swift in Sources */ = {isa = PBXBuildFile; fileRef = 0DD643E62AD1F6C300F6BED6 /* ArticleSearchViewModel.swift */; };
		0DC216552AD514B200E9E821 /* ArticleNewsViewModel.swift in Sources */ = {isa = PBXBuildFile; fileRef = 0DD643D82AD1DA3C00F6BED6 /* ArticleNewsViewModel.swift */; };
		0DC216562AD514B200E9E821 /* Article.swift in Sources */ = {isa = PBXBuildFile; fileRef = 0D8465C72AD128B200E1A043 /* Article.swift */; };
		0DC216572AD514B200E9E821 /* NewsAPI.swift in Sources */ = {isa = PBXBuildFile; fileRef = 0DD643D32AD1D73000F6BED6 /* NewsAPI.swift */; };
		0DC216582AD514B200E9E821 /* NewsAPIResponse.swift in Sources */ = {isa = PBXBuildFile; fileRef = 0D8465C92AD12D5800E1A043 /* NewsAPIResponse.swift */; };
		0DC216592AD51A2F00E9E821 /* RetryView.swift in Sources */ = {isa = PBXBuildFile; fileRef = 0DD643DE2AD1E0FA00F6BED6 /* RetryView.swift */; };
		0DC2165A2AD51A2F00E9E821 /* NewsTabView.swift in Sources */ = {isa = PBXBuildFile; fileRef = 0DD643DA2AD1DDCA00F6BED6 /* NewsTabView.swift */; };
		0DC2165B2AD51A2F00E9E821 /* ArticleRowView.swift in Sources */ = {isa = PBXBuildFile; fileRef = 0D8465CC2AD1CA3200E1A043 /* ArticleRowView.swift */; };
		0DC2165C2AD51A2F00E9E821 /* ArticleListView.swift in Sources */ = {isa = PBXBuildFile; fileRef = 0DD643CE2AD1D37D00F6BED6 /* ArticleListView.swift */; };
		0DC2165D2AD51A2F00E9E821 /* EmptyPlaceholderView.swift in Sources */ = {isa = PBXBuildFile; fileRef = 0DD643DC2AD1E09C00F6BED6 /* EmptyPlaceholderView.swift */; };
		0DC216612AD5550300E9E821 /* ArticleDetailView.swift in Sources */ = {isa = PBXBuildFile; fileRef = 0DC216602AD5550300E9E821 /* ArticleDetailView.swift */; };
		0DC216622AD5578B00E9E821 /* BookmarkTabView.swift in Sources */ = {isa = PBXBuildFile; fileRef = 0DD643E22AD1ED9F00F6BED6 /* BookmarkTabView.swift */; };
		0DC216632AD5597E00E9E821 /* SearchTabView.swift in Sources */ = {isa = PBXBuildFile; fileRef = 0DC216342AD510D300E9E821 /* SearchTabView.swift */; };
		0DC216652AD55EF700E9E821 /* WatchConnectivityViewModel.swift in Sources */ = {isa = PBXBuildFile; fileRef = 0DC216642AD55EF700E9E821 /* WatchConnectivityViewModel.swift */; };
		0DC216662AD5849100E9E821 /* WatchConnectivityViewModel.swift in Sources */ = {isa = PBXBuildFile; fileRef = 0DC216642AD55EF700E9E821 /* WatchConnectivityViewModel.swift */; };
		0DC216672AD5849600E9E821 /* WatchConnectivityViewModel.swift in Sources */ = {isa = PBXBuildFile; fileRef = 0DC216642AD55EF700E9E821 /* WatchConnectivityViewModel.swift */; };
		0DC216692AD6630600E9E821 /* ComplicationView.swift in Sources */ = {isa = PBXBuildFile; fileRef = 0DC216682AD6630600E9E821 /* ComplicationView.swift */; };
		0DC2166B2AD663F900E9E821 /* ArticleDataStore.swift in Sources */ = {isa = PBXBuildFile; fileRef = 0DC2166A2AD663F900E9E821 /* ArticleDataStore.swift */; };
		0DC2166D2AD664BF00E9E821 /* ComplicationController.swift in Sources */ = {isa = PBXBuildFile; fileRef = 0DC2166C2AD664BF00E9E821 /* ComplicationController.swift */; };
		0DC2166F2AD6678700E9E821 /* ExtensionDelegate.swift in Sources */ = {isa = PBXBuildFile; fileRef = 0DC2166E2AD6678700E9E821 /* ExtensionDelegate.swift */; };
		0DC216712AD66C1800E9E821 /* SettingsView.swift in Sources */ = {isa = PBXBuildFile; fileRef = 0DC216702AD66C1800E9E821 /* SettingsView.swift */; };
		0DC216792AD673CC00E9E821 /* WidgetKit.framework in Frameworks */ = {isa = PBXBuildFile; fileRef = 0DC216782AD673CC00E9E821 /* WidgetKit.framework */; };
		0DC2167B2AD673CC00E9E821 /* SwiftUI.framework in Frameworks */ = {isa = PBXBuildFile; fileRef = 0DC2167A2AD673CC00E9E821 /* SwiftUI.framework */; };
		0DC2167E2AD673CC00E9E821 /* SimpleNewsWatchWidget.swift in Sources */ = {isa = PBXBuildFile; fileRef = 0DC2167D2AD673CC00E9E821 /* SimpleNewsWatchWidget.swift */; };
		0DC216812AD673CC00E9E821 /* Assets.xcassets in Resources */ = {isa = PBXBuildFile; fileRef = 0DC216802AD673CC00E9E821 /* Assets.xcassets */; };
		0DC216832AD673CC00E9E821 /* SimpleNewsWatchWidget.intentdefinition in Sources */ = {isa = PBXBuildFile; fileRef = 0DC2167F2AD673CC00E9E821 /* SimpleNewsWatchWidget.intentdefinition */; };
		0DC216842AD673CC00E9E821 /* SimpleNewsWatchWidget.intentdefinition in Sources */ = {isa = PBXBuildFile; fileRef = 0DC2167F2AD673CC00E9E821 /* SimpleNewsWatchWidget.intentdefinition */; };
		0DC216872AD673CC00E9E821 /* SimpleNewsWatchWidgetExtension.appex in Embed Foundation Extensions */ = {isa = PBXBuildFile; fileRef = 0DC216762AD673CC00E9E821 /* SimpleNewsWatchWidgetExtension.appex */; settings = {ATTRIBUTES = (RemoveHeadersOnCopy, ); }; };
		0DD0492D2AD7289B005D10D9 /* SimpleNewsTVApp.swift in Sources */ = {isa = PBXBuildFile; fileRef = 0DD0492C2AD7289B005D10D9 /* SimpleNewsTVApp.swift */; };
		0DD0492F2AD7289B005D10D9 /* ContentView.swift in Sources */ = {isa = PBXBuildFile; fileRef = 0DD0492E2AD7289B005D10D9 /* ContentView.swift */; };
		0DD049312AD7289B005D10D9 /* Assets.xcassets in Resources */ = {isa = PBXBuildFile; fileRef = 0DD049302AD7289B005D10D9 /* Assets.xcassets */; };
		0DD049342AD7289B005D10D9 /* Preview Assets.xcassets in Resources */ = {isa = PBXBuildFile; fileRef = 0DD049332AD7289B005D10D9 /* Preview Assets.xcassets */; };
		0DD049382AD72A1A005D10D9 /* NewsAPI.swift in Sources */ = {isa = PBXBuildFile; fileRef = 0DD643D32AD1D73000F6BED6 /* NewsAPI.swift */; };
		0DD049392AD72A1A005D10D9 /* ArticleBookmarkViewModel.swift in Sources */ = {isa = PBXBuildFile; fileRef = 0DD643E02AD1E98B00F6BED6 /* ArticleBookmarkViewModel.swift */; };
		0DD0493A2AD72A1A005D10D9 /* ArticleSearchViewModel.swift in Sources */ = {isa = PBXBuildFile; fileRef = 0DD643E62AD1F6C300F6BED6 /* ArticleSearchViewModel.swift */; };
		0DD0493B2AD72A1A005D10D9 /* Article.swift in Sources */ = {isa = PBXBuildFile; fileRef = 0D8465C72AD128B200E1A043 /* Article.swift */; };
		0DD0493C2AD72A1A005D10D9 /* NewsAPIResponse.swift in Sources */ = {isa = PBXBuildFile; fileRef = 0D8465C92AD12D5800E1A043 /* NewsAPIResponse.swift */; };
		0DD0493D2AD72A1A005D10D9 /* news.json in Resources */ = {isa = PBXBuildFile; fileRef = 0D8465C52AD1286000E1A043 /* news.json */; };
		0DD0493E2AD72A1A005D10D9 /* Category.swift in Sources */ = {isa = PBXBuildFile; fileRef = 0DD643D52AD1D7A400F6BED6 /* Category.swift */; };
		0DD0493F2AD72A1A005D10D9 /* DataStore.swift in Sources */ = {isa = PBXBuildFile; fileRef = 0DD643E42AD1EF3600F6BED6 /* DataStore.swift */; };
		0DD049412AD72A62005D10D9 /* DataFetchPhase.swift in Sources */ = {isa = PBXBuildFile; fileRef = 0DD049402AD72A62005D10D9 /* DataFetchPhase.swift */; };
		0DD049422AD72A62005D10D9 /* DataFetchPhase.swift in Sources */ = {isa = PBXBuildFile; fileRef = 0DD049402AD72A62005D10D9 /* DataFetchPhase.swift */; };
		0DD049432AD72A62005D10D9 /* DataFetchPhase.swift in Sources */ = {isa = PBXBuildFile; fileRef = 0DD049402AD72A62005D10D9 /* DataFetchPhase.swift */; };
		0DD049442AD72A62005D10D9 /* DataFetchPhase.swift in Sources */ = {isa = PBXBuildFile; fileRef = 0DD049402AD72A62005D10D9 /* DataFetchPhase.swift */; };
		0DD049472AD72AF7005D10D9 /* ArticleItemView.swift in Sources */ = {isa = PBXBuildFile; fileRef = 0DD049462AD72AF7005D10D9 /* ArticleItemView.swift */; };
		0DD049492AD72C7F005D10D9 /* ArticleCarouselView.swift in Sources */ = {isa = PBXBuildFile; fileRef = 0DD049482AD72C7F005D10D9 /* ArticleCarouselView.swift */; };
		0DD0494B2AD72DDC005D10D9 /* CategoryArticles.swift in Sources */ = {isa = PBXBuildFile; fileRef = 0DD0494A2AD72DDC005D10D9 /* CategoryArticles.swift */; };
		0DD0494C2AD72DDF005D10D9 /* CategoryArticles.swift in Sources */ = {isa = PBXBuildFile; fileRef = 0DD0494A2AD72DDC005D10D9 /* CategoryArticles.swift */; };
		0DD0494D2AD72DE0005D10D9 /* CategoryArticles.swift in Sources */ = {isa = PBXBuildFile; fileRef = 0DD0494A2AD72DDC005D10D9 /* CategoryArticles.swift */; };
		0DD0494E2AD72DE1005D10D9 /* CategoryArticles.swift in Sources */ = {isa = PBXBuildFile; fileRef = 0DD0494A2AD72DDC005D10D9 /* CategoryArticles.swift */; };
		0DD049512AD7308B005D10D9 /* ArticleCategoriesViewModel.swift in Sources */ = {isa = PBXBuildFile; fileRef = 0DD049502AD7308B005D10D9 /* ArticleCategoriesViewModel.swift */; };
		0DD049522AD7AD29005D10D9 /* EmptyPlaceholderView.swift in Sources */ = {isa = PBXBuildFile; fileRef = 0DD643DC2AD1E09C00F6BED6 /* EmptyPlaceholderView.swift */; };
		0DD049542AD7AD59005D10D9 /* NewsView.swift in Sources */ = {isa = PBXBuildFile; fileRef = 0DD049532AD7AD59005D10D9 /* NewsView.swift */; };
		0DD049552AD7AE6A005D10D9 /* RetryView.swift in Sources */ = {isa = PBXBuildFile; fileRef = 0DD643DE2AD1E0FA00F6BED6 /* RetryView.swift */; };
		0DD049572AD7B03D005D10D9 /* ArticleDetailView.swift in Sources */ = {isa = PBXBuildFile; fileRef = 0DD049562AD7B03D005D10D9 /* ArticleDetailView.swift */; };
		0DD049582AD7B21B005D10D9 /* ArticleListView.swift in Sources */ = {isa = PBXBuildFile; fileRef = 0DD643CE2AD1D37D00F6BED6 /* ArticleListView.swift */; };
		0DD049592AD7B360005D10D9 /* BookmarkTabView.swift in Sources */ = {isa = PBXBuildFile; fileRef = 0DD643E22AD1ED9F00F6BED6 /* BookmarkTabView.swift */; };
		0DD0495A2AD7B3C8005D10D9 /* SearchTabView.swift in Sources */ = {isa = PBXBuildFile; fileRef = 0DC216342AD510D300E9E821 /* SearchTabView.swift */; };
		0DD0495D2AD7B8E4005D10D9 /* CacheEntry.swift in Sources */ = {isa = PBXBuildFile; fileRef = 0DD0495C2AD7B8E4005D10D9 /* CacheEntry.swift */; };
		0DD0495E2AD7B8E4005D10D9 /* CacheEntry.swift in Sources */ = {isa = PBXBuildFile; fileRef = 0DD0495C2AD7B8E4005D10D9 /* CacheEntry.swift */; };
		0DD0495F2AD7B8E4005D10D9 /* CacheEntry.swift in Sources */ = {isa = PBXBuildFile; fileRef = 0DD0495C2AD7B8E4005D10D9 /* CacheEntry.swift */; };
		0DD049602AD7B8E4005D10D9 /* CacheEntry.swift in Sources */ = {isa = PBXBuildFile; fileRef = 0DD0495C2AD7B8E4005D10D9 /* CacheEntry.swift */; };
		0DD049622AD7B98B005D10D9 /* CacheImplementation.swift in Sources */ = {isa = PBXBuildFile; fileRef = 0DD049612AD7B98B005D10D9 /* CacheImplementation.swift */; };
		0DD049632AD7B98B005D10D9 /* CacheImplementation.swift in Sources */ = {isa = PBXBuildFile; fileRef = 0DD049612AD7B98B005D10D9 /* CacheImplementation.swift */; };
		0DD049642AD7B98B005D10D9 /* CacheImplementation.swift in Sources */ = {isa = PBXBuildFile; fileRef = 0DD049612AD7B98B005D10D9 /* CacheImplementation.swift */; };
		0DD049652AD7B98B005D10D9 /* CacheImplementation.swift in Sources */ = {isa = PBXBuildFile; fileRef = 0DD049612AD7B98B005D10D9 /* CacheImplementation.swift */; };
		0DD643CA2AD1CD9B00F6BED6 /* news.json in Resources */ = {isa = PBXBuildFile; fileRef = 0D8465C52AD1286000E1A043 /* news.json */; };
		0DD643CF2AD1D37D00F6BED6 /* ArticleListView.swift in Sources */ = {isa = PBXBuildFile; fileRef = 0DD643CE2AD1D37D00F6BED6 /* ArticleListView.swift */; };
		0DD643D12AD1D46E00F6BED6 /* SafariView.swift in Sources */ = {isa = PBXBuildFile; fileRef = 0DD643D02AD1D46E00F6BED6 /* SafariView.swift */; };
		0DD643D42AD1D73000F6BED6 /* NewsAPI.swift in Sources */ = {isa = PBXBuildFile; fileRef = 0DD643D32AD1D73000F6BED6 /* NewsAPI.swift */; };
		0DD643D62AD1D7A400F6BED6 /* Category.swift in Sources */ = {isa = PBXBuildFile; fileRef = 0DD643D52AD1D7A400F6BED6 /* Category.swift */; };
		0DD643D92AD1DA3C00F6BED6 /* ArticleNewsViewModel.swift in Sources */ = {isa = PBXBuildFile; fileRef = 0DD643D82AD1DA3C00F6BED6 /* ArticleNewsViewModel.swift */; };
		0DD643DB2AD1DDCA00F6BED6 /* NewsTabView.swift in Sources */ = {isa = PBXBuildFile; fileRef = 0DD643DA2AD1DDCA00F6BED6 /* NewsTabView.swift */; };
		0DD643DD2AD1E09C00F6BED6 /* EmptyPlaceholderView.swift in Sources */ = {isa = PBXBuildFile; fileRef = 0DD643DC2AD1E09C00F6BED6 /* EmptyPlaceholderView.swift */; };
		0DD643DF2AD1E0FA00F6BED6 /* RetryView.swift in Sources */ = {isa = PBXBuildFile; fileRef = 0DD643DE2AD1E0FA00F6BED6 /* RetryView.swift */; };
		0DD643E12AD1E98B00F6BED6 /* ArticleBookmarkViewModel.swift in Sources */ = {isa = PBXBuildFile; fileRef = 0DD643E02AD1E98B00F6BED6 /* ArticleBookmarkViewModel.swift */; };
		0DD643E32AD1ED9F00F6BED6 /* BookmarkTabView.swift in Sources */ = {isa = PBXBuildFile; fileRef = 0DD643E22AD1ED9F00F6BED6 /* BookmarkTabView.swift */; };
		0DD643E52AD1EF3600F6BED6 /* DataStore.swift in Sources */ = {isa = PBXBuildFile; fileRef = 0DD643E42AD1EF3600F6BED6 /* DataStore.swift */; };
		0DD643E72AD1F6C300F6BED6 /* ArticleSearchViewModel.swift in Sources */ = {isa = PBXBuildFile; fileRef = 0DD643E62AD1F6C300F6BED6 /* ArticleSearchViewModel.swift */; };
		0DD643EB2AD28E9200F6BED6 /* SearchHistoryListView.swift in Sources */ = {isa = PBXBuildFile; fileRef = 0DD643EA2AD28E9200F6BED6 /* SearchHistoryListView.swift */; };
		0DD643EF2AD31ECB00F6BED6 /* TabContentView.swift in Sources */ = {isa = PBXBuildFile; fileRef = 0DD643EE2AD31ECB00F6BED6 /* TabContentView.swift */; };
		0DD643F12AD31EEA00F6BED6 /* SidebarContentView.swift in Sources */ = {isa = PBXBuildFile; fileRef = 0DD643F02AD31EEA00F6BED6 /* SidebarContentView.swift */; };
		0DD643F32AD31F4D00F6BED6 /* MenuItem.swift in Sources */ = {isa = PBXBuildFile; fileRef = 0DD643F22AD31F4D00F6BED6 /* MenuItem.swift */; };
		0DD643F52AD336AC00F6BED6 /* TabMenuItem.swift in Sources */ = {isa = PBXBuildFile; fileRef = 0DD643F42AD336AC00F6BED6 /* TabMenuItem.swift */; };
/* End PBXBuildFile section */

/* Begin PBXContainerItemProxy section */
		0DC216482AD5141D00E9E821 /* PBXContainerItemProxy */ = {
			isa = PBXContainerItemProxy;
			containerPortal = 0D8465AC2AD1283600E1A043 /* Project object */;
			proxyType = 1;
			remoteGlobalIDString = 0DC2163C2AD5141C00E9E821;
			remoteInfo = "SimpleNewsWatch Watch App";
		};
		0DC216852AD673CC00E9E821 /* PBXContainerItemProxy */ = {
			isa = PBXContainerItemProxy;
			containerPortal = 0D8465AC2AD1283600E1A043 /* Project object */;
			proxyType = 1;
			remoteGlobalIDString = 0DC216752AD673CC00E9E821;
			remoteInfo = SimpleNewsWatchWidgetExtension;
		};
/* End PBXContainerItemProxy section */

/* Begin PBXCopyFilesBuildPhase section */
		0DC2164B2AD5141D00E9E821 /* Embed Watch Content */ = {
			isa = PBXCopyFilesBuildPhase;
			buildActionMask = 2147483647;
			dstPath = "$(CONTENTS_FOLDER_PATH)/Watch";
			dstSubfolderSpec = 16;
			files = (
				0DC2164A2AD5141D00E9E821 /* SimpleNewsWatch Watch App.app in Embed Watch Content */,
			);
			name = "Embed Watch Content";
			runOnlyForDeploymentPostprocessing = 0;
		};
		0DC2168B2AD673CC00E9E821 /* Embed Foundation Extensions */ = {
			isa = PBXCopyFilesBuildPhase;
			buildActionMask = 2147483647;
			dstPath = "";
			dstSubfolderSpec = 13;
			files = (
				0DC216872AD673CC00E9E821 /* SimpleNewsWatchWidgetExtension.appex in Embed Foundation Extensions */,
			);
			name = "Embed Foundation Extensions";
			runOnlyForDeploymentPostprocessing = 0;
		};
/* End PBXCopyFilesBuildPhase section */

/* Begin PBXFileReference section */
		0D2C20412AD46A3000D54E9F /* XCA News.app */ = {isa = PBXFileReference; explicitFileType = wrapper.application; includeInIndex = 0; path = "XCA News.app"; sourceTree = BUILT_PRODUCTS_DIR; };
		0D2C20432AD46A3000D54E9F /* SimpleNewsMacApp.swift */ = {isa = PBXFileReference; lastKnownFileType = sourcecode.swift; path = SimpleNewsMacApp.swift; sourceTree = "<group>"; };
		0D2C20452AD46A3000D54E9F /* ContentView.swift */ = {isa = PBXFileReference; lastKnownFileType = sourcecode.swift; path = ContentView.swift; sourceTree = "<group>"; };
		0D2C20472AD46A3100D54E9F /* Assets.xcassets */ = {isa = PBXFileReference; lastKnownFileType = folder.assetcatalog; path = Assets.xcassets; sourceTree = "<group>"; };
		0D2C204A2AD46A3100D54E9F /* Preview Assets.xcassets */ = {isa = PBXFileReference; lastKnownFileType = folder.assetcatalog; path = "Preview Assets.xcassets"; sourceTree = "<group>"; };
		0D2C204C2AD46A3100D54E9F /* SimpleNewsMac.entitlements */ = {isa = PBXFileReference; lastKnownFileType = text.plist.entitlements; path = SimpleNewsMac.entitlements; sourceTree = "<group>"; };
		0D2C20502AD46AD200D54E9F /* Info.plist */ = {isa = PBXFileReference; lastKnownFileType = text.plist; path = Info.plist; sourceTree = "<group>"; };
		0D2C20602AD46CC400D54E9F /* SidebarListView.swift */ = {isa = PBXFileReference; lastKnownFileType = sourcecode.swift; path = SidebarListView.swift; sourceTree = "<group>"; };
		0D2C20692AD47DBB00D54E9F /* FocusedValue+RefreshAction.swift */ = {isa = PBXFileReference; lastKnownFileType = sourcecode.swift; path = "FocusedValue+RefreshAction.swift"; sourceTree = "<group>"; };
		0D2C206B2AD47E6E00D54E9F /* NewsCommands.swift */ = {isa = PBXFileReference; lastKnownFileType = sourcecode.swift; path = NewsCommands.swift; sourceTree = "<group>"; };
		0D8465B42AD1283700E1A043 /* SimpleNews.app */ = {isa = PBXFileReference; explicitFileType = wrapper.application; includeInIndex = 0; path = SimpleNews.app; sourceTree = BUILT_PRODUCTS_DIR; };
		0D8465B72AD1283700E1A043 /* SimpleNewsApp.swift */ = {isa = PBXFileReference; lastKnownFileType = sourcecode.swift; path = SimpleNewsApp.swift; sourceTree = "<group>"; };
		0D8465B92AD1283700E1A043 /* ContentView.swift */ = {isa = PBXFileReference; lastKnownFileType = sourcecode.swift; path = ContentView.swift; sourceTree = "<group>"; };
		0D8465BB2AD1283800E1A043 /* Assets.xcassets */ = {isa = PBXFileReference; lastKnownFileType = folder.assetcatalog; path = Assets.xcassets; sourceTree = "<group>"; };
		0D8465BE2AD1283800E1A043 /* Preview Assets.xcassets */ = {isa = PBXFileReference; lastKnownFileType = folder.assetcatalog; path = "Preview Assets.xcassets"; sourceTree = "<group>"; };
		0D8465C52AD1286000E1A043 /* news.json */ = {isa = PBXFileReference; lastKnownFileType = text.json; path = news.json; sourceTree = "<group>"; };
		0D8465C72AD128B200E1A043 /* Article.swift */ = {isa = PBXFileReference; lastKnownFileType = sourcecode.swift; path = Article.swift; sourceTree = "<group>"; };
		0D8465C92AD12D5800E1A043 /* NewsAPIResponse.swift */ = {isa = PBXFileReference; lastKnownFileType = sourcecode.swift; path = NewsAPIResponse.swift; sourceTree = "<group>"; };
		0D8465CC2AD1CA3200E1A043 /* ArticleRowView.swift */ = {isa = PBXFileReference; lastKnownFileType = sourcecode.swift; path = ArticleRowView.swift; sourceTree = "<group>"; };
		0DC216342AD510D300E9E821 /* SearchTabView.swift */ = {isa = PBXFileReference; lastKnownFileType = sourcecode.swift; name = SearchTabView.swift; path = ../../SimpleNews/Views/SearchTabView.swift; sourceTree = "<group>"; };
		0DC216362AD510FD00E9E821 /* SettingsView.swift */ = {isa = PBXFileReference; lastKnownFileType = sourcecode.swift; path = SettingsView.swift; sourceTree = "<group>"; };
		0DC2163D2AD5141C00E9E821 /* SimpleNewsWatch Watch App.app */ = {isa = PBXFileReference; explicitFileType = wrapper.application; includeInIndex = 0; path = "SimpleNewsWatch Watch App.app"; sourceTree = BUILT_PRODUCTS_DIR; };
		0DC2163F2AD5141C00E9E821 /* SimpleNewsWatchApp.swift */ = {isa = PBXFileReference; lastKnownFileType = sourcecode.swift; path = SimpleNewsWatchApp.swift; sourceTree = "<group>"; };
		0DC216412AD5141C00E9E821 /* ContentView.swift */ = {isa = PBXFileReference; lastKnownFileType = sourcecode.swift; path = ContentView.swift; sourceTree = "<group>"; };
		0DC216432AD5141D00E9E821 /* Assets.xcassets */ = {isa = PBXFileReference; lastKnownFileType = folder.assetcatalog; path = Assets.xcassets; sourceTree = "<group>"; };
		0DC216462AD5141D00E9E821 /* Preview Assets.xcassets */ = {isa = PBXFileReference; lastKnownFileType = folder.assetcatalog; path = "Preview Assets.xcassets"; sourceTree = "<group>"; };
		0DC2165E2AD5237200E9E821 /* SimpleNewsWatch-Watch-App-Info.plist */ = {isa = PBXFileReference; lastKnownFileType = text.plist; path = "SimpleNewsWatch-Watch-App-Info.plist"; sourceTree = SOURCE_ROOT; };
		0DC216602AD5550300E9E821 /* ArticleDetailView.swift */ = {isa = PBXFileReference; lastKnownFileType = sourcecode.swift; path = ArticleDetailView.swift; sourceTree = "<group>"; };
		0DC216642AD55EF700E9E821 /* WatchConnectivityViewModel.swift */ = {isa = PBXFileReference; lastKnownFileType = sourcecode.swift; path = WatchConnectivityViewModel.swift; sourceTree = "<group>"; };
		0DC216682AD6630600E9E821 /* ComplicationView.swift */ = {isa = PBXFileReference; lastKnownFileType = sourcecode.swift; path = ComplicationView.swift; sourceTree = "<group>"; };
		0DC2166A2AD663F900E9E821 /* ArticleDataStore.swift */ = {isa = PBXFileReference; lastKnownFileType = sourcecode.swift; path = ArticleDataStore.swift; sourceTree = "<group>"; };
		0DC2166C2AD664BF00E9E821 /* ComplicationController.swift */ = {isa = PBXFileReference; lastKnownFileType = sourcecode.swift; path = ComplicationController.swift; sourceTree = "<group>"; };
		0DC2166E2AD6678700E9E821 /* ExtensionDelegate.swift */ = {isa = PBXFileReference; lastKnownFileType = sourcecode.swift; path = ExtensionDelegate.swift; sourceTree = "<group>"; };
		0DC216702AD66C1800E9E821 /* SettingsView.swift */ = {isa = PBXFileReference; lastKnownFileType = sourcecode.swift; path = SettingsView.swift; sourceTree = "<group>"; };
		0DC216762AD673CC00E9E821 /* SimpleNewsWatchWidgetExtension.appex */ = {isa = PBXFileReference; explicitFileType = "wrapper.app-extension"; includeInIndex = 0; path = SimpleNewsWatchWidgetExtension.appex; sourceTree = BUILT_PRODUCTS_DIR; };
		0DC216782AD673CC00E9E821 /* WidgetKit.framework */ = {isa = PBXFileReference; lastKnownFileType = wrapper.framework; name = WidgetKit.framework; path = System/Library/Frameworks/WidgetKit.framework; sourceTree = SDKROOT; };
		0DC2167A2AD673CC00E9E821 /* SwiftUI.framework */ = {isa = PBXFileReference; lastKnownFileType = wrapper.framework; name = SwiftUI.framework; path = System/Library/Frameworks/SwiftUI.framework; sourceTree = SDKROOT; };
		0DC2167D2AD673CC00E9E821 /* SimpleNewsWatchWidget.swift */ = {isa = PBXFileReference; lastKnownFileType = sourcecode.swift; path = SimpleNewsWatchWidget.swift; sourceTree = "<group>"; };
		0DC2167F2AD673CC00E9E821 /* SimpleNewsWatchWidget.intentdefinition */ = {isa = PBXFileReference; lastKnownFileType = file.intentdefinition; path = SimpleNewsWatchWidget.intentdefinition; sourceTree = "<group>"; };
		0DC216802AD673CC00E9E821 /* Assets.xcassets */ = {isa = PBXFileReference; lastKnownFileType = folder.assetcatalog; path = Assets.xcassets; sourceTree = "<group>"; };
		0DC216822AD673CC00E9E821 /* Info.plist */ = {isa = PBXFileReference; lastKnownFileType = text.plist.xml; path = Info.plist; sourceTree = "<group>"; };
		0DD0492A2AD7289B005D10D9 /* SimpleNewsTV.app */ = {isa = PBXFileReference; explicitFileType = wrapper.application; includeInIndex = 0; path = SimpleNewsTV.app; sourceTree = BUILT_PRODUCTS_DIR; };
		0DD0492C2AD7289B005D10D9 /* SimpleNewsTVApp.swift */ = {isa = PBXFileReference; lastKnownFileType = sourcecode.swift; path = SimpleNewsTVApp.swift; sourceTree = "<group>"; };
		0DD0492E2AD7289B005D10D9 /* ContentView.swift */ = {isa = PBXFileReference; lastKnownFileType = sourcecode.swift; path = ContentView.swift; sourceTree = "<group>"; };
		0DD049302AD7289B005D10D9 /* Assets.xcassets */ = {isa = PBXFileReference; lastKnownFileType = folder.assetcatalog; path = Assets.xcassets; sourceTree = "<group>"; };
		0DD049332AD7289B005D10D9 /* Preview Assets.xcassets */ = {isa = PBXFileReference; lastKnownFileType = folder.assetcatalog; path = "Preview Assets.xcassets"; sourceTree = "<group>"; };
		0DD049402AD72A62005D10D9 /* DataFetchPhase.swift */ = {isa = PBXFileReference; lastKnownFileType = sourcecode.swift; path = DataFetchPhase.swift; sourceTree = "<group>"; };
		0DD049462AD72AF7005D10D9 /* ArticleItemView.swift */ = {isa = PBXFileReference; lastKnownFileType = sourcecode.swift; path = ArticleItemView.swift; sourceTree = "<group>"; };
		0DD049482AD72C7F005D10D9 /* ArticleCarouselView.swift */ = {isa = PBXFileReference; lastKnownFileType = sourcecode.swift; path = ArticleCarouselView.swift; sourceTree = "<group>"; };
		0DD0494A2AD72DDC005D10D9 /* CategoryArticles.swift */ = {isa = PBXFileReference; lastKnownFileType = sourcecode.swift; path = CategoryArticles.swift; sourceTree = "<group>"; };
		0DD049502AD7308B005D10D9 /* ArticleCategoriesViewModel.swift */ = {isa = PBXFileReference; lastKnownFileType = sourcecode.swift; path = ArticleCategoriesViewModel.swift; sourceTree = "<group>"; };
		0DD049532AD7AD59005D10D9 /* NewsView.swift */ = {isa = PBXFileReference; lastKnownFileType = sourcecode.swift; path = NewsView.swift; sourceTree = "<group>"; };
		0DD049562AD7B03D005D10D9 /* ArticleDetailView.swift */ = {isa = PBXFileReference; lastKnownFileType = sourcecode.swift; path = ArticleDetailView.swift; sourceTree = "<group>"; };
		0DD0495C2AD7B8E4005D10D9 /* CacheEntry.swift */ = {isa = PBXFileReference; lastKnownFileType = sourcecode.swift; path = CacheEntry.swift; sourceTree = "<group>"; };
		0DD049612AD7B98B005D10D9 /* CacheImplementation.swift */ = {isa = PBXFileReference; lastKnownFileType = sourcecode.swift; path = CacheImplementation.swift; sourceTree = "<group>"; };
		0DD643CB2AD1D02D00F6BED6 /* Info.plist */ = {isa = PBXFileReference; lastKnownFileType = text.plist; path = Info.plist; sourceTree = "<group>"; };
		0DD643CE2AD1D37D00F6BED6 /* ArticleListView.swift */ = {isa = PBXFileReference; lastKnownFileType = sourcecode.swift; path = ArticleListView.swift; sourceTree = "<group>"; };
		0DD643D02AD1D46E00F6BED6 /* SafariView.swift */ = {isa = PBXFileReference; lastKnownFileType = sourcecode.swift; path = SafariView.swift; sourceTree = "<group>"; };
		0DD643D32AD1D73000F6BED6 /* NewsAPI.swift */ = {isa = PBXFileReference; lastKnownFileType = sourcecode.swift; path = NewsAPI.swift; sourceTree = "<group>"; };
		0DD643D52AD1D7A400F6BED6 /* Category.swift */ = {isa = PBXFileReference; lastKnownFileType = sourcecode.swift; path = Category.swift; sourceTree = "<group>"; };
		0DD643D82AD1DA3C00F6BED6 /* ArticleNewsViewModel.swift */ = {isa = PBXFileReference; lastKnownFileType = sourcecode.swift; path = ArticleNewsViewModel.swift; sourceTree = "<group>"; };
		0DD643DA2AD1DDCA00F6BED6 /* NewsTabView.swift */ = {isa = PBXFileReference; lastKnownFileType = sourcecode.swift; path = NewsTabView.swift; sourceTree = "<group>"; };
		0DD643DC2AD1E09C00F6BED6 /* EmptyPlaceholderView.swift */ = {isa = PBXFileReference; lastKnownFileType = sourcecode.swift; path = EmptyPlaceholderView.swift; sourceTree = "<group>"; };
		0DD643DE2AD1E0FA00F6BED6 /* RetryView.swift */ = {isa = PBXFileReference; lastKnownFileType = sourcecode.swift; path = RetryView.swift; sourceTree = "<group>"; };
		0DD643E02AD1E98B00F6BED6 /* ArticleBookmarkViewModel.swift */ = {isa = PBXFileReference; lastKnownFileType = sourcecode.swift; path = ArticleBookmarkViewModel.swift; sourceTree = "<group>"; };
		0DD643E22AD1ED9F00F6BED6 /* BookmarkTabView.swift */ = {isa = PBXFileReference; lastKnownFileType = sourcecode.swift; path = BookmarkTabView.swift; sourceTree = "<group>"; };
		0DD643E42AD1EF3600F6BED6 /* DataStore.swift */ = {isa = PBXFileReference; lastKnownFileType = sourcecode.swift; path = DataStore.swift; sourceTree = "<group>"; };
		0DD643E62AD1F6C300F6BED6 /* ArticleSearchViewModel.swift */ = {isa = PBXFileReference; lastKnownFileType = sourcecode.swift; path = ArticleSearchViewModel.swift; sourceTree = "<group>"; };
		0DD643EA2AD28E9200F6BED6 /* SearchHistoryListView.swift */ = {isa = PBXFileReference; lastKnownFileType = sourcecode.swift; path = SearchHistoryListView.swift; sourceTree = "<group>"; };
		0DD643EE2AD31ECB00F6BED6 /* TabContentView.swift */ = {isa = PBXFileReference; lastKnownFileType = sourcecode.swift; path = TabContentView.swift; sourceTree = "<group>"; };
		0DD643F02AD31EEA00F6BED6 /* SidebarContentView.swift */ = {isa = PBXFileReference; lastKnownFileType = sourcecode.swift; path = SidebarContentView.swift; sourceTree = "<group>"; };
		0DD643F22AD31F4D00F6BED6 /* MenuItem.swift */ = {isa = PBXFileReference; lastKnownFileType = sourcecode.swift; path = MenuItem.swift; sourceTree = "<group>"; };
		0DD643F42AD336AC00F6BED6 /* TabMenuItem.swift */ = {isa = PBXFileReference; lastKnownFileType = sourcecode.swift; path = TabMenuItem.swift; sourceTree = "<group>"; };
/* End PBXFileReference section */

/* Begin PBXFrameworksBuildPhase section */
		0D2C203E2AD46A3000D54E9F /* Frameworks */ = {
			isa = PBXFrameworksBuildPhase;
			buildActionMask = 2147483647;
			files = (
			);
			runOnlyForDeploymentPostprocessing = 0;
		};
		0D8465B12AD1283700E1A043 /* Frameworks */ = {
			isa = PBXFrameworksBuildPhase;
			buildActionMask = 2147483647;
			files = (
			);
			runOnlyForDeploymentPostprocessing = 0;
		};
		0DC2163A2AD5141C00E9E821 /* Frameworks */ = {
			isa = PBXFrameworksBuildPhase;
			buildActionMask = 2147483647;
			files = (
			);
			runOnlyForDeploymentPostprocessing = 0;
		};
		0DC216732AD673CC00E9E821 /* Frameworks */ = {
			isa = PBXFrameworksBuildPhase;
			buildActionMask = 2147483647;
			files = (
				0DC2167B2AD673CC00E9E821 /* SwiftUI.framework in Frameworks */,
				0DC216792AD673CC00E9E821 /* WidgetKit.framework in Frameworks */,
			);
			runOnlyForDeploymentPostprocessing = 0;
		};
		0DD049272AD7289B005D10D9 /* Frameworks */ = {
			isa = PBXFrameworksBuildPhase;
			buildActionMask = 2147483647;
			files = (
			);
			runOnlyForDeploymentPostprocessing = 0;
		};
/* End PBXFrameworksBuildPhase section */

/* Begin PBXGroup section */
		0D2C20422AD46A3000D54E9F /* SimpleNewsMac */ = {
			isa = PBXGroup;
			children = (
				0D2C205F2AD46CB800D54E9F /* Views */,
				0D2C20502AD46AD200D54E9F /* Info.plist */,
				0D2C20432AD46A3000D54E9F /* SimpleNewsMacApp.swift */,
				0D2C20452AD46A3000D54E9F /* ContentView.swift */,
				0D2C20472AD46A3100D54E9F /* Assets.xcassets */,
				0D2C204C2AD46A3100D54E9F /* SimpleNewsMac.entitlements */,
				0D2C20492AD46A3100D54E9F /* Preview Content */,
				0D2C20692AD47DBB00D54E9F /* FocusedValue+RefreshAction.swift */,
				0D2C206B2AD47E6E00D54E9F /* NewsCommands.swift */,
			);
			path = SimpleNewsMac;
			sourceTree = "<group>";
		};
		0D2C20492AD46A3100D54E9F /* Preview Content */ = {
			isa = PBXGroup;
			children = (
				0D2C204A2AD46A3100D54E9F /* Preview Assets.xcassets */,
			);
			path = "Preview Content";
			sourceTree = "<group>";
		};
		0D2C20512AD46BC700D54E9F /* SimpleNewsShared */ = {
			isa = PBXGroup;
			children = (
				0DD0495B2AD7B8D6005D10D9 /* Cache */,
				0D2C20622AD471BF00D54E9F /* Views */,
				0D8465C52AD1286000E1A043 /* news.json */,
				0D2C20542AD46BDD00D54E9F /* API */,
				0D2C20532AD46BD800D54E9F /* ViewModels */,
				0D2C20522AD46BD400D54E9F /* Models */,
			);
			path = SimpleNewsShared;
			sourceTree = "<group>";
		};
		0D2C20522AD46BD400D54E9F /* Models */ = {
			isa = PBXGroup;
			children = (
				0D8465C72AD128B200E1A043 /* Article.swift */,
				0D8465C92AD12D5800E1A043 /* NewsAPIResponse.swift */,
				0DD643D52AD1D7A400F6BED6 /* Category.swift */,
				0DD643E42AD1EF3600F6BED6 /* DataStore.swift */,
				0DD643F22AD31F4D00F6BED6 /* MenuItem.swift */,
				0DD049402AD72A62005D10D9 /* DataFetchPhase.swift */,
				0DD0494A2AD72DDC005D10D9 /* CategoryArticles.swift */,
			);
			path = Models;
			sourceTree = "<group>";
		};
		0D2C20532AD46BD800D54E9F /* ViewModels */ = {
			isa = PBXGroup;
			children = (
				0DD643D82AD1DA3C00F6BED6 /* ArticleNewsViewModel.swift */,
				0DD643E02AD1E98B00F6BED6 /* ArticleBookmarkViewModel.swift */,
				0DD643E62AD1F6C300F6BED6 /* ArticleSearchViewModel.swift */,
				0DC216642AD55EF700E9E821 /* WatchConnectivityViewModel.swift */,
			);
			path = ViewModels;
			sourceTree = "<group>";
		};
		0D2C20542AD46BDD00D54E9F /* API */ = {
			isa = PBXGroup;
			children = (
				0DD643D32AD1D73000F6BED6 /* NewsAPI.swift */,
			);
			path = API;
			sourceTree = "<group>";
		};
		0D2C205F2AD46CB800D54E9F /* Views */ = {
			isa = PBXGroup;
			children = (
				0D2C20602AD46CC400D54E9F /* SidebarListView.swift */,
				0DC216362AD510FD00E9E821 /* SettingsView.swift */,
			);
			path = Views;
			sourceTree = "<group>";
		};
		0D2C20622AD471BF00D54E9F /* Views */ = {
			isa = PBXGroup;
			children = (
				0DD643DA2AD1DDCA00F6BED6 /* NewsTabView.swift */,
				0D8465CC2AD1CA3200E1A043 /* ArticleRowView.swift */,
				0DD643CE2AD1D37D00F6BED6 /* ArticleListView.swift */,
				0DD643DC2AD1E09C00F6BED6 /* EmptyPlaceholderView.swift */,
				0DD643DE2AD1E0FA00F6BED6 /* RetryView.swift */,
				0DD643E22AD1ED9F00F6BED6 /* BookmarkTabView.swift */,
				0DC216342AD510D300E9E821 /* SearchTabView.swift */,
			);
			path = Views;
			sourceTree = "<group>";
		};
		0D8465AB2AD1283600E1A043 = {
			isa = PBXGroup;
			children = (
				0D2C20512AD46BC700D54E9F /* SimpleNewsShared */,
				0D8465B62AD1283700E1A043 /* SimpleNews */,
				0D2C20422AD46A3000D54E9F /* SimpleNewsMac */,
				0DC2163E2AD5141C00E9E821 /* SimpleNewsWatch Watch App */,
				0DC2167C2AD673CC00E9E821 /* SimpleNewsWatchWidget */,
				0DD0492B2AD7289B005D10D9 /* SimpleNewsTV */,
				0DC216772AD673CC00E9E821 /* Frameworks */,
				0D8465B52AD1283700E1A043 /* Products */,
			);
			sourceTree = "<group>";
		};
		0D8465B52AD1283700E1A043 /* Products */ = {
			isa = PBXGroup;
			children = (
				0D8465B42AD1283700E1A043 /* SimpleNews.app */,
				0D2C20412AD46A3000D54E9F /* XCA News.app */,
				0DC2163D2AD5141C00E9E821 /* SimpleNewsWatch Watch App.app */,
				0DC216762AD673CC00E9E821 /* SimpleNewsWatchWidgetExtension.appex */,
				0DD0492A2AD7289B005D10D9 /* SimpleNewsTV.app */,
			);
			name = Products;
			sourceTree = "<group>";
		};
		0D8465B62AD1283700E1A043 /* SimpleNews */ = {
			isa = PBXGroup;
			children = (
				0DD643CB2AD1D02D00F6BED6 /* Info.plist */,
				0D8465CB2AD1CA2900E1A043 /* Views */,
				0D8465C62AD128AC00E1A043 /* Models */,
				0D8465B72AD1283700E1A043 /* SimpleNewsApp.swift */,
				0D8465B92AD1283700E1A043 /* ContentView.swift */,
				0D8465BB2AD1283800E1A043 /* Assets.xcassets */,
				0D8465BD2AD1283800E1A043 /* Preview Content */,
			);
			path = SimpleNews;
			sourceTree = "<group>";
		};
		0D8465BD2AD1283800E1A043 /* Preview Content */ = {
			isa = PBXGroup;
			children = (
				0D8465BE2AD1283800E1A043 /* Preview Assets.xcassets */,
			);
			path = "Preview Content";
			sourceTree = "<group>";
		};
		0D8465C62AD128AC00E1A043 /* Models */ = {
			isa = PBXGroup;
			children = (
				0DD643F42AD336AC00F6BED6 /* TabMenuItem.swift */,
			);
			path = Models;
			sourceTree = "<group>";
		};
		0D8465CB2AD1CA2900E1A043 /* Views */ = {
			isa = PBXGroup;
			children = (
				0DD643D02AD1D46E00F6BED6 /* SafariView.swift */,
				0DD643EA2AD28E9200F6BED6 /* SearchHistoryListView.swift */,
				0DD643EE2AD31ECB00F6BED6 /* TabContentView.swift */,
				0DD643F02AD31EEA00F6BED6 /* SidebarContentView.swift */,
			);
			path = Views;
			sourceTree = "<group>";
		};
		0DC2163E2AD5141C00E9E821 /* SimpleNewsWatch Watch App */ = {
			isa = PBXGroup;
			children = (
				0DC2165F2AD554F900E9E821 /* Views */,
				0DC2165E2AD5237200E9E821 /* SimpleNewsWatch-Watch-App-Info.plist */,
				0DC2163F2AD5141C00E9E821 /* SimpleNewsWatchApp.swift */,
				0DC216412AD5141C00E9E821 /* ContentView.swift */,
				0DC216432AD5141D00E9E821 /* Assets.xcassets */,
				0DC216452AD5141D00E9E821 /* Preview Content */,
				0DC2166A2AD663F900E9E821 /* ArticleDataStore.swift */,
				0DC2166C2AD664BF00E9E821 /* ComplicationController.swift */,
				0DC2166E2AD6678700E9E821 /* ExtensionDelegate.swift */,
			);
			path = "SimpleNewsWatch Watch App";
			sourceTree = "<group>";
		};
		0DC216452AD5141D00E9E821 /* Preview Content */ = {
			isa = PBXGroup;
			children = (
				0DC216462AD5141D00E9E821 /* Preview Assets.xcassets */,
			);
			path = "Preview Content";
			sourceTree = "<group>";
		};
		0DC2165F2AD554F900E9E821 /* Views */ = {
			isa = PBXGroup;
			children = (
				0DC216602AD5550300E9E821 /* ArticleDetailView.swift */,
				0DC216682AD6630600E9E821 /* ComplicationView.swift */,
				0DC216702AD66C1800E9E821 /* SettingsView.swift */,
			);
			path = Views;
			sourceTree = "<group>";
		};
		0DC216772AD673CC00E9E821 /* Frameworks */ = {
			isa = PBXGroup;
			children = (
				0DC216782AD673CC00E9E821 /* WidgetKit.framework */,
				0DC2167A2AD673CC00E9E821 /* SwiftUI.framework */,
			);
			name = Frameworks;
			sourceTree = "<group>";
		};
		0DC2167C2AD673CC00E9E821 /* SimpleNewsWatchWidget */ = {
			isa = PBXGroup;
			children = (
				0DC2167D2AD673CC00E9E821 /* SimpleNewsWatchWidget.swift */,
				0DC2167F2AD673CC00E9E821 /* SimpleNewsWatchWidget.intentdefinition */,
				0DC216802AD673CC00E9E821 /* Assets.xcassets */,
				0DC216822AD673CC00E9E821 /* Info.plist */,
			);
			path = SimpleNewsWatchWidget;
			sourceTree = "<group>";
		};
		0DD0492B2AD7289B005D10D9 /* SimpleNewsTV */ = {
			isa = PBXGroup;
			children = (
				0DD0494F2AD73078005D10D9 /* ViewModel */,
				0DD049452AD72AE1005D10D9 /* Views */,
				0DD0492C2AD7289B005D10D9 /* SimpleNewsTVApp.swift */,
				0DD0492E2AD7289B005D10D9 /* ContentView.swift */,
				0DD049302AD7289B005D10D9 /* Assets.xcassets */,
				0DD049322AD7289B005D10D9 /* Preview Content */,
			);
			path = SimpleNewsTV;
			sourceTree = "<group>";
		};
		0DD049322AD7289B005D10D9 /* Preview Content */ = {
			isa = PBXGroup;
			children = (
				0DD049332AD7289B005D10D9 /* Preview Assets.xcassets */,
			);
			path = "Preview Content";
			sourceTree = "<group>";
		};
		0DD049452AD72AE1005D10D9 /* Views */ = {
			isa = PBXGroup;
			children = (
				0DD049462AD72AF7005D10D9 /* ArticleItemView.swift */,
				0DD049482AD72C7F005D10D9 /* ArticleCarouselView.swift */,
				0DD049532AD7AD59005D10D9 /* NewsView.swift */,
				0DD049562AD7B03D005D10D9 /* ArticleDetailView.swift */,
			);
			path = Views;
			sourceTree = "<group>";
		};
		0DD0494F2AD73078005D10D9 /* ViewModel */ = {
			isa = PBXGroup;
			children = (
				0DD049502AD7308B005D10D9 /* ArticleCategoriesViewModel.swift */,
			);
			path = ViewModel;
			sourceTree = "<group>";
		};
		0DD0495B2AD7B8D6005D10D9 /* Cache */ = {
			isa = PBXGroup;
			children = (
				0DD0495C2AD7B8E4005D10D9 /* CacheEntry.swift */,
				0DD049612AD7B98B005D10D9 /* CacheImplementation.swift */,
			);
			path = Cache;
			sourceTree = "<group>";
		};
/* End PBXGroup section */

/* Begin PBXNativeTarget section */
		0D2C20402AD46A3000D54E9F /* SimpleNewsMac */ = {
			isa = PBXNativeTarget;
			buildConfigurationList = 0D2C204F2AD46A3100D54E9F /* Build configuration list for PBXNativeTarget "SimpleNewsMac" */;
			buildPhases = (
				0D2C203D2AD46A3000D54E9F /* Sources */,
				0D2C203E2AD46A3000D54E9F /* Frameworks */,
				0D2C203F2AD46A3000D54E9F /* Resources */,
			);
			buildRules = (
			);
			dependencies = (
			);
			name = SimpleNewsMac;
			productName = SimpleNewsMac;
			productReference = 0D2C20412AD46A3000D54E9F /* XCA News.app */;
			productType = "com.apple.product-type.application";
		};
		0D8465B32AD1283700E1A043 /* SimpleNews */ = {
			isa = PBXNativeTarget;
			buildConfigurationList = 0D8465C22AD1283800E1A043 /* Build configuration list for PBXNativeTarget "SimpleNews" */;
			buildPhases = (
				0D8465B02AD1283700E1A043 /* Sources */,
				0D8465B12AD1283700E1A043 /* Frameworks */,
				0D8465B22AD1283700E1A043 /* Resources */,
				0DC2164B2AD5141D00E9E821 /* Embed Watch Content */,
			);
			buildRules = (
			);
			dependencies = (
				0DC216492AD5141D00E9E821 /* PBXTargetDependency */,
			);
			name = SimpleNews;
			productName = SimpleNews;
			productReference = 0D8465B42AD1283700E1A043 /* SimpleNews.app */;
			productType = "com.apple.product-type.application";
		};
		0DC2163C2AD5141C00E9E821 /* SimpleNewsWatch Watch App */ = {
			isa = PBXNativeTarget;
			buildConfigurationList = 0DC2164E2AD5141D00E9E821 /* Build configuration list for PBXNativeTarget "SimpleNewsWatch Watch App" */;
			buildPhases = (
				0DC216392AD5141C00E9E821 /* Sources */,
				0DC2163A2AD5141C00E9E821 /* Frameworks */,
				0DC2163B2AD5141C00E9E821 /* Resources */,
				0DC2168B2AD673CC00E9E821 /* Embed Foundation Extensions */,
			);
			buildRules = (
			);
			dependencies = (
				0DC216862AD673CC00E9E821 /* PBXTargetDependency */,
			);
			name = "SimpleNewsWatch Watch App";
			productName = "SimpleNewsWatch Watch App";
			productReference = 0DC2163D2AD5141C00E9E821 /* SimpleNewsWatch Watch App.app */;
			productType = "com.apple.product-type.application";
		};
		0DC216752AD673CC00E9E821 /* SimpleNewsWatchWidgetExtension */ = {
			isa = PBXNativeTarget;
			buildConfigurationList = 0DC216882AD673CC00E9E821 /* Build configuration list for PBXNativeTarget "SimpleNewsWatchWidgetExtension" */;
			buildPhases = (
				0DC216722AD673CC00E9E821 /* Sources */,
				0DC216732AD673CC00E9E821 /* Frameworks */,
				0DC216742AD673CC00E9E821 /* Resources */,
			);
			buildRules = (
			);
			dependencies = (
			);
			name = SimpleNewsWatchWidgetExtension;
			productName = SimpleNewsWatchWidgetExtension;
			productReference = 0DC216762AD673CC00E9E821 /* SimpleNewsWatchWidgetExtension.appex */;
			productType = "com.apple.product-type.app-extension";
		};
		0DD049292AD7289B005D10D9 /* SimpleNewsTV */ = {
			isa = PBXNativeTarget;
			buildConfigurationList = 0DD049372AD7289B005D10D9 /* Build configuration list for PBXNativeTarget "SimpleNewsTV" */;
			buildPhases = (
				0DD049262AD7289B005D10D9 /* Sources */,
				0DD049272AD7289B005D10D9 /* Frameworks */,
				0DD049282AD7289B005D10D9 /* Resources */,
			);
			buildRules = (
			);
			dependencies = (
			);
			name = SimpleNewsTV;
			productName = SimpleNewsTV;
			productReference = 0DD0492A2AD7289B005D10D9 /* SimpleNewsTV.app */;
			productType = "com.apple.product-type.application";
		};
/* End PBXNativeTarget section */

/* Begin PBXProject section */
		0D8465AC2AD1283600E1A043 /* Project object */ = {
			isa = PBXProject;
			attributes = {
				BuildIndependentTargetsInParallel = 1;
				LastSwiftUpdateCheck = 1430;
				LastUpgradeCheck = 1430;
				TargetAttributes = {
					0D2C20402AD46A3000D54E9F = {
						CreatedOnToolsVersion = 14.3.1;
					};
					0D8465B32AD1283700E1A043 = {
						CreatedOnToolsVersion = 14.3.1;
					};
					0DC2163C2AD5141C00E9E821 = {
						CreatedOnToolsVersion = 14.3.1;
					};
					0DC216752AD673CC00E9E821 = {
						CreatedOnToolsVersion = 14.3.1;
					};
					0DD049292AD7289B005D10D9 = {
						CreatedOnToolsVersion = 14.3.1;
					};
				};
			};
			buildConfigurationList = 0D8465AF2AD1283600E1A043 /* Build configuration list for PBXProject "SimpleNews" */;
			compatibilityVersion = "Xcode 14.0";
			developmentRegion = en;
			hasScannedForEncodings = 0;
			knownRegions = (
				en,
				Base,
			);
			mainGroup = 0D8465AB2AD1283600E1A043;
			productRefGroup = 0D8465B52AD1283700E1A043 /* Products */;
			projectDirPath = "";
			projectRoot = "";
			targets = (
				0D8465B32AD1283700E1A043 /* SimpleNews */,
				0D2C20402AD46A3000D54E9F /* SimpleNewsMac */,
				0DC2163C2AD5141C00E9E821 /* SimpleNewsWatch Watch App */,
				0DC216752AD673CC00E9E821 /* SimpleNewsWatchWidgetExtension */,
				0DD049292AD7289B005D10D9 /* SimpleNewsTV */,
			);
		};
/* End PBXProject section */

/* Begin PBXResourcesBuildPhase section */
		0D2C203F2AD46A3000D54E9F /* Resources */ = {
			isa = PBXResourcesBuildPhase;
			buildActionMask = 2147483647;
			files = (
				0D2C20582AD46C4E00D54E9F /* news.json in Resources */,
				0D2C204B2AD46A3100D54E9F /* Preview Assets.xcassets in Resources */,
				0D2C20482AD46A3100D54E9F /* Assets.xcassets in Resources */,
			);
			runOnlyForDeploymentPostprocessing = 0;
		};
		0D8465B22AD1283700E1A043 /* Resources */ = {
			isa = PBXResourcesBuildPhase;
			buildActionMask = 2147483647;
			files = (
				0DD643CA2AD1CD9B00F6BED6 /* news.json in Resources */,
				0D8465BF2AD1283800E1A043 /* Preview Assets.xcassets in Resources */,
				0D8465BC2AD1283800E1A043 /* Assets.xcassets in Resources */,
			);
			runOnlyForDeploymentPostprocessing = 0;
		};
		0DC2163B2AD5141C00E9E821 /* Resources */ = {
			isa = PBXResourcesBuildPhase;
			buildActionMask = 2147483647;
			files = (
				0DC216532AD514B200E9E821 /* news.json in Resources */,
				0DC216472AD5141D00E9E821 /* Preview Assets.xcassets in Resources */,
				0DC216442AD5141D00E9E821 /* Assets.xcassets in Resources */,
			);
			runOnlyForDeploymentPostprocessing = 0;
		};
		0DC216742AD673CC00E9E821 /* Resources */ = {
			isa = PBXResourcesBuildPhase;
			buildActionMask = 2147483647;
			files = (
				0DC216812AD673CC00E9E821 /* Assets.xcassets in Resources */,
			);
			runOnlyForDeploymentPostprocessing = 0;
		};
		0DD049282AD7289B005D10D9 /* Resources */ = {
			isa = PBXResourcesBuildPhase;
			buildActionMask = 2147483647;
			files = (
				0DD0493D2AD72A1A005D10D9 /* news.json in Resources */,
				0DD049342AD7289B005D10D9 /* Preview Assets.xcassets in Resources */,
				0DD049312AD7289B005D10D9 /* Assets.xcassets in Resources */,
			);
			runOnlyForDeploymentPostprocessing = 0;
		};
/* End PBXResourcesBuildPhase section */

/* Begin PBXSourcesBuildPhase section */
		0D2C203D2AD46A3000D54E9F /* Sources */ = {
			isa = PBXSourcesBuildPhase;
			buildActionMask = 2147483647;
			files = (
				0DC216372AD510FD00E9E821 /* SettingsView.swift in Sources */,
				0D2C205E2AD46C4E00D54E9F /* NewsAPI.swift in Sources */,
				0D2C205A2AD46C4E00D54E9F /* MenuItem.swift in Sources */,
				0DD0495E2AD7B8E4005D10D9 /* CacheEntry.swift in Sources */,
				0D2C20682AD47A7700D54E9F /* BookmarkTabView.swift in Sources */,
				0D2C20462AD46A3000D54E9F /* ContentView.swift in Sources */,
				0D2C20652AD471E300D54E9F /* RetryView.swift in Sources */,
				0D2C20592AD46C4E00D54E9F /* DataStore.swift in Sources */,
				0D2C20442AD46A3000D54E9F /* SimpleNewsMacApp.swift in Sources */,
				0DD0494D2AD72DE0005D10D9 /* CategoryArticles.swift in Sources */,
				0DC216382AD5111E00E9E821 /* SearchTabView.swift in Sources */,
				0D2C20672AD471E300D54E9F /* ArticleRowView.swift in Sources */,
				0D2C206C2AD47E6E00D54E9F /* NewsCommands.swift in Sources */,
				0D2C205B2AD46C4E00D54E9F /* Article.swift in Sources */,
				0DD049422AD72A62005D10D9 /* DataFetchPhase.swift in Sources */,
				0D2C20572AD46C4E00D54E9F /* ArticleSearchViewModel.swift in Sources */,
				0D2C20642AD471E300D54E9F /* NewsTabView.swift in Sources */,
				0D2C20562AD46C4E00D54E9F /* ArticleNewsViewModel.swift in Sources */,
				0D2C206A2AD47DBB00D54E9F /* FocusedValue+RefreshAction.swift in Sources */,
				0D2C20632AD471E300D54E9F /* EmptyPlaceholderView.swift in Sources */,
				0D2C20662AD471E300D54E9F /* ArticleListView.swift in Sources */,
				0D2C20552AD46C4E00D54E9F /* Category.swift in Sources */,
				0DD049632AD7B98B005D10D9 /* CacheImplementation.swift in Sources */,
				0D2C20612AD46CC400D54E9F /* SidebarListView.swift in Sources */,
				0D2C205D2AD46C4E00D54E9F /* NewsAPIResponse.swift in Sources */,
				0D2C205C2AD46C4E00D54E9F /* ArticleBookmarkViewModel.swift in Sources */,
				0DC216672AD5849600E9E821 /* WatchConnectivityViewModel.swift in Sources */,
			);
			runOnlyForDeploymentPostprocessing = 0;
		};
		0D8465B02AD1283700E1A043 /* Sources */ = {
			isa = PBXSourcesBuildPhase;
			buildActionMask = 2147483647;
			files = (
				0D8465BA2AD1283700E1A043 /* ContentView.swift in Sources */,
				0DD643E52AD1EF3600F6BED6 /* DataStore.swift in Sources */,
				0DD049622AD7B98B005D10D9 /* CacheImplementation.swift in Sources */,
				0DC216662AD5849100E9E821 /* WatchConnectivityViewModel.swift in Sources */,
				0DD643CF2AD1D37D00F6BED6 /* ArticleListView.swift in Sources */,
				0DD643DD2AD1E09C00F6BED6 /* EmptyPlaceholderView.swift in Sources */,
				0D8465CD2AD1CA3200E1A043 /* ArticleRowView.swift in Sources */,
				0DD643EB2AD28E9200F6BED6 /* SearchHistoryListView.swift in Sources */,
				0DD643DF2AD1E0FA00F6BED6 /* RetryView.swift in Sources */,
				0D8465B82AD1283700E1A043 /* SimpleNewsApp.swift in Sources */,
				0D8465CA2AD12D5800E1A043 /* NewsAPIResponse.swift in Sources */,
				0DD643F12AD31EEA00F6BED6 /* SidebarContentView.swift in Sources */,
				0DC216352AD510D300E9E821 /* SearchTabView.swift in Sources */,
				0DD643E72AD1F6C300F6BED6 /* ArticleSearchViewModel.swift in Sources */,
				0DD643D62AD1D7A400F6BED6 /* Category.swift in Sources */,
				0DD643EF2AD31ECB00F6BED6 /* TabContentView.swift in Sources */,
				0DD643E32AD1ED9F00F6BED6 /* BookmarkTabView.swift in Sources */,
				0DD643D92AD1DA3C00F6BED6 /* ArticleNewsViewModel.swift in Sources */,
				0DD0495D2AD7B8E4005D10D9 /* CacheEntry.swift in Sources */,
				0DD643E12AD1E98B00F6BED6 /* ArticleBookmarkViewModel.swift in Sources */,
				0DD643DB2AD1DDCA00F6BED6 /* NewsTabView.swift in Sources */,
				0DD643F52AD336AC00F6BED6 /* TabMenuItem.swift in Sources */,
				0DD049412AD72A62005D10D9 /* DataFetchPhase.swift in Sources */,
				0D8465C82AD128B200E1A043 /* Article.swift in Sources */,
				0DD0494C2AD72DDF005D10D9 /* CategoryArticles.swift in Sources */,
				0DD643F32AD31F4D00F6BED6 /* MenuItem.swift in Sources */,
				0DD643D12AD1D46E00F6BED6 /* SafariView.swift in Sources */,
				0DD643D42AD1D73000F6BED6 /* NewsAPI.swift in Sources */,
			);
			runOnlyForDeploymentPostprocessing = 0;
		};
		0DC216392AD5141C00E9E821 /* Sources */ = {
			isa = PBXSourcesBuildPhase;
			buildActionMask = 2147483647;
			files = (
				0DC216422AD5141C00E9E821 /* ContentView.swift in Sources */,
				0DC2165C2AD51A2F00E9E821 /* ArticleListView.swift in Sources */,
				0DC2166F2AD6678700E9E821 /* ExtensionDelegate.swift in Sources */,
				0DC2165D2AD51A2F00E9E821 /* EmptyPlaceholderView.swift in Sources */,
				0DC216582AD514B200E9E821 /* NewsAPIResponse.swift in Sources */,
				0DC2166B2AD663F900E9E821 /* ArticleDataStore.swift in Sources */,
				0DC216632AD5597E00E9E821 /* SearchTabView.swift in Sources */,
				0DC216842AD673CC00E9E821 /* SimpleNewsWatchWidget.intentdefinition in Sources */,
				0DC2165A2AD51A2F00E9E821 /* NewsTabView.swift in Sources */,
				0DC216652AD55EF700E9E821 /* WatchConnectivityViewModel.swift in Sources */,
				0DC216502AD514B200E9E821 /* DataStore.swift in Sources */,
				0DC216592AD51A2F00E9E821 /* RetryView.swift in Sources */,
				0DD0495F2AD7B8E4005D10D9 /* CacheEntry.swift in Sources */,
				0DC2166D2AD664BF00E9E821 /* ComplicationController.swift in Sources */,
				0DC216562AD514B200E9E821 /* Article.swift in Sources */,
				0DC216552AD514B200E9E821 /* ArticleNewsViewModel.swift in Sources */,
				0DC216542AD514B200E9E821 /* ArticleSearchViewModel.swift in Sources */,
				0DC216712AD66C1800E9E821 /* SettingsView.swift in Sources */,
				0DC216612AD5550300E9E821 /* ArticleDetailView.swift in Sources */,
				0DD0494E2AD72DE1005D10D9 /* CategoryArticles.swift in Sources */,
				0DC2165B2AD51A2F00E9E821 /* ArticleRowView.swift in Sources */,
				0DC216402AD5141C00E9E821 /* SimpleNewsWatchApp.swift in Sources */,
				0DD049642AD7B98B005D10D9 /* CacheImplementation.swift in Sources */,
				0DC2164F2AD514B200E9E821 /* ArticleBookmarkViewModel.swift in Sources */,
				0DC216622AD5578B00E9E821 /* BookmarkTabView.swift in Sources */,
				0DC216572AD514B200E9E821 /* NewsAPI.swift in Sources */,
				0DC216512AD514B200E9E821 /* MenuItem.swift in Sources */,
				0DD049432AD72A62005D10D9 /* DataFetchPhase.swift in Sources */,
				0DC216522AD514B200E9E821 /* Category.swift in Sources */,
				0DC216692AD6630600E9E821 /* ComplicationView.swift in Sources */,
			);
			runOnlyForDeploymentPostprocessing = 0;
		};
		0DC216722AD673CC00E9E821 /* Sources */ = {
			isa = PBXSourcesBuildPhase;
			buildActionMask = 2147483647;
			files = (
				0DC2167E2AD673CC00E9E821 /* SimpleNewsWatchWidget.swift in Sources */,
				0DC216832AD673CC00E9E821 /* SimpleNewsWatchWidget.intentdefinition in Sources */,
			);
			runOnlyForDeploymentPostprocessing = 0;
		};
		0DD049262AD7289B005D10D9 /* Sources */ = {
			isa = PBXSourcesBuildPhase;
			buildActionMask = 2147483647;
			files = (
				0DD049442AD72A62005D10D9 /* DataFetchPhase.swift in Sources */,
				0DD049542AD7AD59005D10D9 /* NewsView.swift in Sources */,
				0DD049492AD72C7F005D10D9 /* ArticleCarouselView.swift in Sources */,
				0DD0492F2AD7289B005D10D9 /* ContentView.swift in Sources */,
				0DD049592AD7B360005D10D9 /* BookmarkTabView.swift in Sources */,
				0DD0492D2AD7289B005D10D9 /* SimpleNewsTVApp.swift in Sources */,
				0DD0493C2AD72A1A005D10D9 /* NewsAPIResponse.swift in Sources */,
				0DD049602AD7B8E4005D10D9 /* CacheEntry.swift in Sources */,
				0DD049572AD7B03D005D10D9 /* ArticleDetailView.swift in Sources */,
				0DD0493B2AD72A1A005D10D9 /* Article.swift in Sources */,
				0DD0493A2AD72A1A005D10D9 /* ArticleSearchViewModel.swift in Sources */,
				0DD049652AD7B98B005D10D9 /* CacheImplementation.swift in Sources */,
				0DD049472AD72AF7005D10D9 /* ArticleItemView.swift in Sources */,
				0DD049512AD7308B005D10D9 /* ArticleCategoriesViewModel.swift in Sources */,
				0DD049382AD72A1A005D10D9 /* NewsAPI.swift in Sources */,
				0DD0494B2AD72DDC005D10D9 /* CategoryArticles.swift in Sources */,
				0DD049522AD7AD29005D10D9 /* EmptyPlaceholderView.swift in Sources */,
				0DD049392AD72A1A005D10D9 /* ArticleBookmarkViewModel.swift in Sources */,
				0DD0493F2AD72A1A005D10D9 /* DataStore.swift in Sources */,
				0DD0495A2AD7B3C8005D10D9 /* SearchTabView.swift in Sources */,
				0DD0493E2AD72A1A005D10D9 /* Category.swift in Sources */,
				0DD049552AD7AE6A005D10D9 /* RetryView.swift in Sources */,
				0DD049582AD7B21B005D10D9 /* ArticleListView.swift in Sources */,
			);
			runOnlyForDeploymentPostprocessing = 0;
		};
/* End PBXSourcesBuildPhase section */

/* Begin PBXTargetDependency section */
		0DC216492AD5141D00E9E821 /* PBXTargetDependency */ = {
			isa = PBXTargetDependency;
			target = 0DC2163C2AD5141C00E9E821 /* SimpleNewsWatch Watch App */;
			targetProxy = 0DC216482AD5141D00E9E821 /* PBXContainerItemProxy */;
		};
		0DC216862AD673CC00E9E821 /* PBXTargetDependency */ = {
			isa = PBXTargetDependency;
			target = 0DC216752AD673CC00E9E821 /* SimpleNewsWatchWidgetExtension */;
			targetProxy = 0DC216852AD673CC00E9E821 /* PBXContainerItemProxy */;
		};
/* End PBXTargetDependency section */

/* Begin XCBuildConfiguration section */
		0D2C204D2AD46A3100D54E9F /* Debug */ = {
			isa = XCBuildConfiguration;
			buildSettings = {
				ASSETCATALOG_COMPILER_APPICON_NAME = AppIcon;
				ASSETCATALOG_COMPILER_GLOBAL_ACCENT_COLOR_NAME = AccentColor;
				CODE_SIGN_ENTITLEMENTS = SimpleNewsMac/SimpleNewsMac.entitlements;
				CODE_SIGN_STYLE = Automatic;
				COMBINE_HIDPI_IMAGES = YES;
				CURRENT_PROJECT_VERSION = 1;
				DEVELOPMENT_ASSET_PATHS = "\"SimpleNewsMac/Preview Content\"";
				DEVELOPMENT_TEAM = 9K7Y8T69T3;
				ENABLE_HARDENED_RUNTIME = YES;
				ENABLE_PREVIEWS = YES;
				GENERATE_INFOPLIST_FILE = YES;
				INFOPLIST_FILE = SimpleNewsMac/Info.plist;
				INFOPLIST_KEY_NSHumanReadableCopyright = "";
				LD_RUNPATH_SEARCH_PATHS = (
					"$(inherited)",
					"@executable_path/../Frameworks",
				);
				MACOSX_DEPLOYMENT_TARGET = 13.0;
				MARKETING_VERSION = 1.0;
				PRODUCT_BUNDLE_IDENTIFIER = com.hado.SimpleNewsMac;
				PRODUCT_MODULE_NAME = "$(TARGET_NAME)";
				PRODUCT_NAME = "XCA News";
				SDKROOT = macosx;
				SWIFT_EMIT_LOC_STRINGS = YES;
				SWIFT_VERSION = 5.0;
			};
			name = Debug;
		};
		0D2C204E2AD46A3100D54E9F /* Release */ = {
			isa = XCBuildConfiguration;
			buildSettings = {
				ASSETCATALOG_COMPILER_APPICON_NAME = AppIcon;
				ASSETCATALOG_COMPILER_GLOBAL_ACCENT_COLOR_NAME = AccentColor;
				CODE_SIGN_ENTITLEMENTS = SimpleNewsMac/SimpleNewsMac.entitlements;
				CODE_SIGN_STYLE = Automatic;
				COMBINE_HIDPI_IMAGES = YES;
				CURRENT_PROJECT_VERSION = 1;
				DEVELOPMENT_ASSET_PATHS = "\"SimpleNewsMac/Preview Content\"";
				DEVELOPMENT_TEAM = 9K7Y8T69T3;
				ENABLE_HARDENED_RUNTIME = YES;
				ENABLE_PREVIEWS = YES;
				GENERATE_INFOPLIST_FILE = YES;
				INFOPLIST_FILE = SimpleNewsMac/Info.plist;
				INFOPLIST_KEY_NSHumanReadableCopyright = "";
				LD_RUNPATH_SEARCH_PATHS = (
					"$(inherited)",
					"@executable_path/../Frameworks",
				);
				MACOSX_DEPLOYMENT_TARGET = 13.0;
				MARKETING_VERSION = 1.0;
				PRODUCT_BUNDLE_IDENTIFIER = com.hado.SimpleNewsMac;
				PRODUCT_MODULE_NAME = "$(TARGET_NAME)";
				PRODUCT_NAME = "XCA News";
				SDKROOT = macosx;
				SWIFT_EMIT_LOC_STRINGS = YES;
				SWIFT_VERSION = 5.0;
			};
			name = Release;
		};
		0D8465C02AD1283800E1A043 /* Debug */ = {
			isa = XCBuildConfiguration;
			buildSettings = {
				ALWAYS_SEARCH_USER_PATHS = NO;
				CLANG_ANALYZER_NONNULL = YES;
				CLANG_ANALYZER_NUMBER_OBJECT_CONVERSION = YES_AGGRESSIVE;
				CLANG_CXX_LANGUAGE_STANDARD = "gnu++20";
				CLANG_ENABLE_MODULES = YES;
				CLANG_ENABLE_OBJC_ARC = YES;
				CLANG_ENABLE_OBJC_WEAK = YES;
				CLANG_WARN_BLOCK_CAPTURE_AUTORELEASING = YES;
				CLANG_WARN_BOOL_CONVERSION = YES;
				CLANG_WARN_COMMA = YES;
				CLANG_WARN_CONSTANT_CONVERSION = YES;
				CLANG_WARN_DEPRECATED_OBJC_IMPLEMENTATIONS = YES;
				CLANG_WARN_DIRECT_OBJC_ISA_USAGE = YES_ERROR;
				CLANG_WARN_DOCUMENTATION_COMMENTS = YES;
				CLANG_WARN_EMPTY_BODY = YES;
				CLANG_WARN_ENUM_CONVERSION = YES;
				CLANG_WARN_INFINITE_RECURSION = YES;
				CLANG_WARN_INT_CONVERSION = YES;
				CLANG_WARN_NON_LITERAL_NULL_CONVERSION = YES;
				CLANG_WARN_OBJC_IMPLICIT_RETAIN_SELF = YES;
				CLANG_WARN_OBJC_LITERAL_CONVERSION = YES;
				CLANG_WARN_OBJC_ROOT_CLASS = YES_ERROR;
				CLANG_WARN_QUOTED_INCLUDE_IN_FRAMEWORK_HEADER = YES;
				CLANG_WARN_RANGE_LOOP_ANALYSIS = YES;
				CLANG_WARN_STRICT_PROTOTYPES = YES;
				CLANG_WARN_SUSPICIOUS_MOVE = YES;
				CLANG_WARN_UNGUARDED_AVAILABILITY = YES_AGGRESSIVE;
				CLANG_WARN_UNREACHABLE_CODE = YES;
				CLANG_WARN__DUPLICATE_METHOD_MATCH = YES;
				COPY_PHASE_STRIP = NO;
				DEBUG_INFORMATION_FORMAT = dwarf;
				ENABLE_STRICT_OBJC_MSGSEND = YES;
				ENABLE_TESTABILITY = YES;
				GCC_C_LANGUAGE_STANDARD = gnu11;
				GCC_DYNAMIC_NO_PIC = NO;
				GCC_NO_COMMON_BLOCKS = YES;
				GCC_OPTIMIZATION_LEVEL = 0;
				GCC_PREPROCESSOR_DEFINITIONS = (
					"DEBUG=1",
					"$(inherited)",
				);
				GCC_WARN_64_TO_32_BIT_CONVERSION = YES;
				GCC_WARN_ABOUT_RETURN_TYPE = YES_ERROR;
				GCC_WARN_UNDECLARED_SELECTOR = YES;
				GCC_WARN_UNINITIALIZED_AUTOS = YES_AGGRESSIVE;
				GCC_WARN_UNUSED_FUNCTION = YES;
				GCC_WARN_UNUSED_VARIABLE = YES;
				IPHONEOS_DEPLOYMENT_TARGET = 16.4;
				MTL_ENABLE_DEBUG_INFO = INCLUDE_SOURCE;
				MTL_FAST_MATH = YES;
				ONLY_ACTIVE_ARCH = YES;
				SDKROOT = iphoneos;
				SWIFT_ACTIVE_COMPILATION_CONDITIONS = DEBUG;
				SWIFT_OPTIMIZATION_LEVEL = "-Onone";
			};
			name = Debug;
		};
		0D8465C12AD1283800E1A043 /* Release */ = {
			isa = XCBuildConfiguration;
			buildSettings = {
				ALWAYS_SEARCH_USER_PATHS = NO;
				CLANG_ANALYZER_NONNULL = YES;
				CLANG_ANALYZER_NUMBER_OBJECT_CONVERSION = YES_AGGRESSIVE;
				CLANG_CXX_LANGUAGE_STANDARD = "gnu++20";
				CLANG_ENABLE_MODULES = YES;
				CLANG_ENABLE_OBJC_ARC = YES;
				CLANG_ENABLE_OBJC_WEAK = YES;
				CLANG_WARN_BLOCK_CAPTURE_AUTORELEASING = YES;
				CLANG_WARN_BOOL_CONVERSION = YES;
				CLANG_WARN_COMMA = YES;
				CLANG_WARN_CONSTANT_CONVERSION = YES;
				CLANG_WARN_DEPRECATED_OBJC_IMPLEMENTATIONS = YES;
				CLANG_WARN_DIRECT_OBJC_ISA_USAGE = YES_ERROR;
				CLANG_WARN_DOCUMENTATION_COMMENTS = YES;
				CLANG_WARN_EMPTY_BODY = YES;
				CLANG_WARN_ENUM_CONVERSION = YES;
				CLANG_WARN_INFINITE_RECURSION = YES;
				CLANG_WARN_INT_CONVERSION = YES;
				CLANG_WARN_NON_LITERAL_NULL_CONVERSION = YES;
				CLANG_WARN_OBJC_IMPLICIT_RETAIN_SELF = YES;
				CLANG_WARN_OBJC_LITERAL_CONVERSION = YES;
				CLANG_WARN_OBJC_ROOT_CLASS = YES_ERROR;
				CLANG_WARN_QUOTED_INCLUDE_IN_FRAMEWORK_HEADER = YES;
				CLANG_WARN_RANGE_LOOP_ANALYSIS = YES;
				CLANG_WARN_STRICT_PROTOTYPES = YES;
				CLANG_WARN_SUSPICIOUS_MOVE = YES;
				CLANG_WARN_UNGUARDED_AVAILABILITY = YES_AGGRESSIVE;
				CLANG_WARN_UNREACHABLE_CODE = YES;
				CLANG_WARN__DUPLICATE_METHOD_MATCH = YES;
				COPY_PHASE_STRIP = NO;
				DEBUG_INFORMATION_FORMAT = "dwarf-with-dsym";
				ENABLE_NS_ASSERTIONS = NO;
				ENABLE_STRICT_OBJC_MSGSEND = YES;
				GCC_C_LANGUAGE_STANDARD = gnu11;
				GCC_NO_COMMON_BLOCKS = YES;
				GCC_WARN_64_TO_32_BIT_CONVERSION = YES;
				GCC_WARN_ABOUT_RETURN_TYPE = YES_ERROR;
				GCC_WARN_UNDECLARED_SELECTOR = YES;
				GCC_WARN_UNINITIALIZED_AUTOS = YES_AGGRESSIVE;
				GCC_WARN_UNUSED_FUNCTION = YES;
				GCC_WARN_UNUSED_VARIABLE = YES;
				IPHONEOS_DEPLOYMENT_TARGET = 16.4;
				MTL_ENABLE_DEBUG_INFO = NO;
				MTL_FAST_MATH = YES;
				SDKROOT = iphoneos;
				SWIFT_COMPILATION_MODE = wholemodule;
				SWIFT_OPTIMIZATION_LEVEL = "-O";
				VALIDATE_PRODUCT = YES;
			};
			name = Release;
		};
		0D8465C32AD1283800E1A043 /* Debug */ = {
			isa = XCBuildConfiguration;
			buildSettings = {
				ALWAYS_EMBED_SWIFT_STANDARD_LIBRARIES = YES;
				ASSETCATALOG_COMPILER_APPICON_NAME = AppIcon;
				ASSETCATALOG_COMPILER_GLOBAL_ACCENT_COLOR_NAME = AccentColor;
				CODE_SIGN_STYLE = Automatic;
				CURRENT_PROJECT_VERSION = 1;
				DEVELOPMENT_ASSET_PATHS = "\"SimpleNews/Preview Content\"";
				DEVELOPMENT_TEAM = 9K7Y8T69T3;
				ENABLE_PREVIEWS = YES;
				GENERATE_INFOPLIST_FILE = YES;
				INFOPLIST_FILE = SimpleNews/Info.plist;
				INFOPLIST_KEY_UIApplicationSceneManifest_Generation = YES;
				INFOPLIST_KEY_UIApplicationSupportsIndirectInputEvents = YES;
				INFOPLIST_KEY_UILaunchScreen_Generation = YES;
				INFOPLIST_KEY_UISupportedInterfaceOrientations_iPad = "UIInterfaceOrientationPortrait UIInterfaceOrientationPortraitUpsideDown UIInterfaceOrientationLandscapeLeft UIInterfaceOrientationLandscapeRight";
				INFOPLIST_KEY_UISupportedInterfaceOrientations_iPhone = "UIInterfaceOrientationPortrait UIInterfaceOrientationLandscapeLeft UIInterfaceOrientationLandscapeRight";
				IPHONEOS_DEPLOYMENT_TARGET = 15.0;
				LD_RUNPATH_SEARCH_PATHS = (
					"$(inherited)",
					"@executable_path/Frameworks",
				);
				MARKETING_VERSION = 1.0;
				PRODUCT_BUNDLE_IDENTIFIER = com.hado.SimpleNews;
				PRODUCT_NAME = "$(TARGET_NAME)";
				SWIFT_EMIT_LOC_STRINGS = YES;
				SWIFT_VERSION = 5.0;
				TARGETED_DEVICE_FAMILY = "1,2";
			};
			name = Debug;
		};
		0D8465C42AD1283800E1A043 /* Release */ = {
			isa = XCBuildConfiguration;
			buildSettings = {
				ALWAYS_EMBED_SWIFT_STANDARD_LIBRARIES = YES;
				ASSETCATALOG_COMPILER_APPICON_NAME = AppIcon;
				ASSETCATALOG_COMPILER_GLOBAL_ACCENT_COLOR_NAME = AccentColor;
				CODE_SIGN_STYLE = Automatic;
				CURRENT_PROJECT_VERSION = 1;
				DEVELOPMENT_ASSET_PATHS = "\"SimpleNews/Preview Content\"";
				DEVELOPMENT_TEAM = 9K7Y8T69T3;
				ENABLE_PREVIEWS = YES;
				GENERATE_INFOPLIST_FILE = YES;
				INFOPLIST_FILE = SimpleNews/Info.plist;
				INFOPLIST_KEY_UIApplicationSceneManifest_Generation = YES;
				INFOPLIST_KEY_UIApplicationSupportsIndirectInputEvents = YES;
				INFOPLIST_KEY_UILaunchScreen_Generation = YES;
				INFOPLIST_KEY_UISupportedInterfaceOrientations_iPad = "UIInterfaceOrientationPortrait UIInterfaceOrientationPortraitUpsideDown UIInterfaceOrientationLandscapeLeft UIInterfaceOrientationLandscapeRight";
				INFOPLIST_KEY_UISupportedInterfaceOrientations_iPhone = "UIInterfaceOrientationPortrait UIInterfaceOrientationLandscapeLeft UIInterfaceOrientationLandscapeRight";
				IPHONEOS_DEPLOYMENT_TARGET = 15.0;
				LD_RUNPATH_SEARCH_PATHS = (
					"$(inherited)",
					"@executable_path/Frameworks",
				);
				MARKETING_VERSION = 1.0;
				PRODUCT_BUNDLE_IDENTIFIER = com.hado.SimpleNews;
				PRODUCT_NAME = "$(TARGET_NAME)";
				SWIFT_EMIT_LOC_STRINGS = YES;
				SWIFT_VERSION = 5.0;
				TARGETED_DEVICE_FAMILY = "1,2";
			};
			name = Release;
		};
		0DC2164C2AD5141D00E9E821 /* Debug */ = {
			isa = XCBuildConfiguration;
			buildSettings = {
				ALWAYS_EMBED_SWIFT_STANDARD_LIBRARIES = YES;
				ASSETCATALOG_COMPILER_APPICON_NAME = AppIcon;
				ASSETCATALOG_COMPILER_GLOBAL_ACCENT_COLOR_NAME = AccentColor;
				CODE_SIGN_STYLE = Automatic;
				CURRENT_PROJECT_VERSION = 1;
				DEVELOPMENT_ASSET_PATHS = "\"SimpleNewsWatch Watch App/Preview Content\"";
				DEVELOPMENT_TEAM = 9K7Y8T69T3;
				ENABLE_PREVIEWS = YES;
				GENERATE_INFOPLIST_FILE = YES;
				INFOPLIST_FILE = "SimpleNewsWatch-Watch-App-Info.plist";
				INFOPLIST_KEY_CFBundleDisplayName = SimpleNewsWatch;
				INFOPLIST_KEY_UISupportedInterfaceOrientations = "UIInterfaceOrientationPortrait UIInterfaceOrientationPortraitUpsideDown";
				INFOPLIST_KEY_WKCompanionAppBundleIdentifier = com.hado.SimpleNews;
				LD_RUNPATH_SEARCH_PATHS = (
					"$(inherited)",
					"@executable_path/Frameworks",
				);
				MARKETING_VERSION = 1.0;
				PRODUCT_BUNDLE_IDENTIFIER = com.hado.SimpleNews.watchkitapp;
				PRODUCT_NAME = "$(TARGET_NAME)";
				SDKROOT = watchos;
				SKIP_INSTALL = YES;
				SWIFT_EMIT_LOC_STRINGS = YES;
				SWIFT_VERSION = 5.0;
				TARGETED_DEVICE_FAMILY = 4;
				WATCHOS_DEPLOYMENT_TARGET = 9.4;
			};
			name = Debug;
		};
		0DC2164D2AD5141D00E9E821 /* Release */ = {
			isa = XCBuildConfiguration;
			buildSettings = {
				ALWAYS_EMBED_SWIFT_STANDARD_LIBRARIES = YES;
				ASSETCATALOG_COMPILER_APPICON_NAME = AppIcon;
				ASSETCATALOG_COMPILER_GLOBAL_ACCENT_COLOR_NAME = AccentColor;
				CODE_SIGN_STYLE = Automatic;
				CURRENT_PROJECT_VERSION = 1;
				DEVELOPMENT_ASSET_PATHS = "\"SimpleNewsWatch Watch App/Preview Content\"";
				DEVELOPMENT_TEAM = 9K7Y8T69T3;
				ENABLE_PREVIEWS = YES;
				GENERATE_INFOPLIST_FILE = YES;
				INFOPLIST_FILE = "SimpleNewsWatch-Watch-App-Info.plist";
				INFOPLIST_KEY_CFBundleDisplayName = SimpleNewsWatch;
				INFOPLIST_KEY_UISupportedInterfaceOrientations = "UIInterfaceOrientationPortrait UIInterfaceOrientationPortraitUpsideDown";
				INFOPLIST_KEY_WKCompanionAppBundleIdentifier = com.hado.SimpleNews;
				LD_RUNPATH_SEARCH_PATHS = (
					"$(inherited)",
					"@executable_path/Frameworks",
				);
				MARKETING_VERSION = 1.0;
				PRODUCT_BUNDLE_IDENTIFIER = com.hado.SimpleNews.watchkitapp;
				PRODUCT_NAME = "$(TARGET_NAME)";
				SDKROOT = watchos;
				SKIP_INSTALL = YES;
				SWIFT_EMIT_LOC_STRINGS = YES;
				SWIFT_VERSION = 5.0;
				TARGETED_DEVICE_FAMILY = 4;
				WATCHOS_DEPLOYMENT_TARGET = 9.4;
			};
			name = Release;
		};
		0DC216892AD673CC00E9E821 /* Debug */ = {
			isa = XCBuildConfiguration;
			buildSettings = {
				ASSETCATALOG_COMPILER_GLOBAL_ACCENT_COLOR_NAME = AccentColor;
				ASSETCATALOG_COMPILER_WIDGET_BACKGROUND_COLOR_NAME = WidgetBackground;
				CODE_SIGN_STYLE = Automatic;
				CURRENT_PROJECT_VERSION = 1;
				DEVELOPMENT_TEAM = 9K7Y8T69T3;
				GENERATE_INFOPLIST_FILE = YES;
				INFOPLIST_FILE = SimpleNewsWatchWidget/Info.plist;
				INFOPLIST_KEY_CFBundleDisplayName = SimpleNewsWatchWidget;
				INFOPLIST_KEY_NSHumanReadableCopyright = "";
				LD_RUNPATH_SEARCH_PATHS = (
					"$(inherited)",
					"@executable_path/Frameworks",
					"@executable_path/../../Frameworks",
					"@executable_path/../../../../Frameworks",
				);
				MARKETING_VERSION = 1.0;
				PRODUCT_BUNDLE_IDENTIFIER = com.hado.SimpleNews.watchkitapp.SimpleNewsWatchWidget;
				PRODUCT_NAME = "$(TARGET_NAME)";
				SDKROOT = watchos;
				SKIP_INSTALL = YES;
				SWIFT_EMIT_LOC_STRINGS = YES;
				SWIFT_VERSION = 5.0;
				TARGETED_DEVICE_FAMILY = 4;
				WATCHOS_DEPLOYMENT_TARGET = 9.4;
			};
			name = Debug;
		};
		0DC2168A2AD673CC00E9E821 /* Release */ = {
			isa = XCBuildConfiguration;
			buildSettings = {
				ASSETCATALOG_COMPILER_GLOBAL_ACCENT_COLOR_NAME = AccentColor;
				ASSETCATALOG_COMPILER_WIDGET_BACKGROUND_COLOR_NAME = WidgetBackground;
				CODE_SIGN_STYLE = Automatic;
				CURRENT_PROJECT_VERSION = 1;
				DEVELOPMENT_TEAM = 9K7Y8T69T3;
				GENERATE_INFOPLIST_FILE = YES;
				INFOPLIST_FILE = SimpleNewsWatchWidget/Info.plist;
				INFOPLIST_KEY_CFBundleDisplayName = SimpleNewsWatchWidget;
				INFOPLIST_KEY_NSHumanReadableCopyright = "";
				LD_RUNPATH_SEARCH_PATHS = (
					"$(inherited)",
					"@executable_path/Frameworks",
					"@executable_path/../../Frameworks",
					"@executable_path/../../../../Frameworks",
				);
				MARKETING_VERSION = 1.0;
				PRODUCT_BUNDLE_IDENTIFIER = com.hado.SimpleNews.watchkitapp.SimpleNewsWatchWidget;
				PRODUCT_NAME = "$(TARGET_NAME)";
				SDKROOT = watchos;
				SKIP_INSTALL = YES;
				SWIFT_EMIT_LOC_STRINGS = YES;
				SWIFT_VERSION = 5.0;
				TARGETED_DEVICE_FAMILY = 4;
				WATCHOS_DEPLOYMENT_TARGET = 9.4;
			};
			name = Release;
		};
		0DD049352AD7289B005D10D9 /* Debug */ = {
			isa = XCBuildConfiguration;
			buildSettings = {
				ASSETCATALOG_COMPILER_APPICON_NAME = "App Icon & Top Shelf Image";
				ASSETCATALOG_COMPILER_GLOBAL_ACCENT_COLOR_NAME = AccentColor;
				CODE_SIGN_STYLE = Automatic;
				CURRENT_PROJECT_VERSION = 1;
				DEVELOPMENT_ASSET_PATHS = "\"SimpleNewsTV/Preview Content\"";
				DEVELOPMENT_TEAM = 9K7Y8T69T3;
				ENABLE_PREVIEWS = YES;
				GENERATE_INFOPLIST_FILE = YES;
				INFOPLIST_KEY_UILaunchScreen_Generation = YES;
				INFOPLIST_KEY_UIUserInterfaceStyle = Automatic;
				LD_RUNPATH_SEARCH_PATHS = (
					"$(inherited)",
					"@executable_path/Frameworks",
				);
				MARKETING_VERSION = 1.0;
				PRODUCT_BUNDLE_IDENTIFIER = com.hado.SimpleNewsTV;
				PRODUCT_NAME = "$(TARGET_NAME)";
				SDKROOT = appletvos;
				SWIFT_EMIT_LOC_STRINGS = YES;
				SWIFT_VERSION = 5.0;
				TARGETED_DEVICE_FAMILY = 3;
				TVOS_DEPLOYMENT_TARGET = 16.4;
			};
			name = Debug;
		};
		0DD049362AD7289B005D10D9 /* Release */ = {
			isa = XCBuildConfiguration;
			buildSettings = {
				ASSETCATALOG_COMPILER_APPICON_NAME = "App Icon & Top Shelf Image";
				ASSETCATALOG_COMPILER_GLOBAL_ACCENT_COLOR_NAME = AccentColor;
				CODE_SIGN_STYLE = Automatic;
				CURRENT_PROJECT_VERSION = 1;
				DEVELOPMENT_ASSET_PATHS = "\"SimpleNewsTV/Preview Content\"";
				DEVELOPMENT_TEAM = 9K7Y8T69T3;
				ENABLE_PREVIEWS = YES;
				GENERATE_INFOPLIST_FILE = YES;
				INFOPLIST_KEY_UILaunchScreen_Generation = YES;
				INFOPLIST_KEY_UIUserInterfaceStyle = Automatic;
				LD_RUNPATH_SEARCH_PATHS = (
					"$(inherited)",
					"@executable_path/Frameworks",
				);
				MARKETING_VERSION = 1.0;
				PRODUCT_BUNDLE_IDENTIFIER = com.hado.SimpleNewsTV;
				PRODUCT_NAME = "$(TARGET_NAME)";
				SDKROOT = appletvos;
				SWIFT_EMIT_LOC_STRINGS = YES;
				SWIFT_VERSION = 5.0;
				TARGETED_DEVICE_FAMILY = 3;
				TVOS_DEPLOYMENT_TARGET = 16.4;
			};
			name = Release;
		};
/* End XCBuildConfiguration section */

/* Begin XCConfigurationList section */
		0D2C204F2AD46A3100D54E9F /* Build configuration list for PBXNativeTarget "SimpleNewsMac" */ = {
			isa = XCConfigurationList;
			buildConfigurations = (
				0D2C204D2AD46A3100D54E9F /* Debug */,
				0D2C204E2AD46A3100D54E9F /* Release */,
			);
			defaultConfigurationIsVisible = 0;
			defaultConfigurationName = Release;
		};
		0D8465AF2AD1283600E1A043 /* Build configuration list for PBXProject "SimpleNews" */ = {
			isa = XCConfigurationList;
			buildConfigurations = (
				0D8465C02AD1283800E1A043 /* Debug */,
				0D8465C12AD1283800E1A043 /* Release */,
			);
			defaultConfigurationIsVisible = 0;
			defaultConfigurationName = Release;
		};
		0D8465C22AD1283800E1A043 /* Build configuration list for PBXNativeTarget "SimpleNews" */ = {
			isa = XCConfigurationList;
			buildConfigurations = (
				0D8465C32AD1283800E1A043 /* Debug */,
				0D8465C42AD1283800E1A043 /* Release */,
			);
			defaultConfigurationIsVisible = 0;
			defaultConfigurationName = Release;
		};
		0DC2164E2AD5141D00E9E821 /* Build configuration list for PBXNativeTarget "SimpleNewsWatch Watch App" */ = {
			isa = XCConfigurationList;
			buildConfigurations = (
				0DC2164C2AD5141D00E9E821 /* Debug */,
				0DC2164D2AD5141D00E9E821 /* Release */,
			);
			defaultConfigurationIsVisible = 0;
			defaultConfigurationName = Release;
		};
		0DC216882AD673CC00E9E821 /* Build configuration list for PBXNativeTarget "SimpleNewsWatchWidgetExtension" */ = {
			isa = XCConfigurationList;
			buildConfigurations = (
				0DC216892AD673CC00E9E821 /* Debug */,
				0DC2168A2AD673CC00E9E821 /* Release */,
			);
			defaultConfigurationIsVisible = 0;
			defaultConfigurationName = Release;
		};
		0DD049372AD7289B005D10D9 /* Build configuration list for PBXNativeTarget "SimpleNewsTV" */ = {
			isa = XCConfigurationList;
			buildConfigurations = (
				0DD049352AD7289B005D10D9 /* Debug */,
				0DD049362AD7289B005D10D9 /* Release */,
			);
			defaultConfigurationIsVisible = 0;
			defaultConfigurationName = Release;
		};
/* End XCConfigurationList section */
	};
	rootObject = 0D8465AC2AD1283600E1A043 /* Project object */;
}
