// !$*UTF8*$!
{
	archiveVersion = 1;
	classes = {
	};
	objectVersion = 56;
	objects = {

/* Begin PBXBuildFile section */
		0D8465B82AD1283700E1A043 /* SimpleNewsApp.swift in Sources */ = {isa = PBXBuildFile; fileRef = 0D8465B72AD1283700E1A043 /* SimpleNewsApp.swift */; };
		0D8465BA2AD1283700E1A043 /* ContentView.swift in Sources */ = {isa = PBXBuildFile; fileRef = 0D8465B92AD1283700E1A043 /* ContentView.swift */; };
		0D8465BC2AD1283800E1A043 /* Assets.xcassets in Resources */ = {isa = PBXBuildFile; fileRef = 0D8465BB2AD1283800E1A043 /* Assets.xcassets */; };
		0D8465BF2AD1283800E1A043 /* Preview Assets.xcassets in Resources */ = {isa = PBXBuildFile; fileRef = 0D8465BE2AD1283800E1A043 /* Preview Assets.xcassets */; };
		0D8465C82AD128B200E1A043 /* Article.swift in Sources */ = {isa = PBXBuildFile; fileRef = 0D8465C72AD128B200E1A043 /* Article.swift */; };
		0D8465CA2AD12D5800E1A043 /* NewsAPIResponse.swift in Sources */ = {isa = PBXBuildFile; fileRef = 0D8465C92AD12D5800E1A043 /* NewsAPIResponse.swift */; };
		0D8465CD2AD1CA3200E1A043 /* ArticleRowView.swift in Sources */ = {isa = PBXBuildFile; fileRef = 0D8465CC2AD1CA3200E1A043 /* ArticleRowView.swift */; };
		0DD643CA2AD1CD9B00F6BED6 /* news.json in Resources */ = {isa = PBXBuildFile; fileRef = 0D8465C52AD1286000E1A043 /* news.json */; };
		0DD643CF2AD1D37D00F6BED6 /* ArticleListView.swift in Sources */ = {isa = PBXBuildFile; fileRef = 0DD643CE2AD1D37D00F6BED6 /* ArticleListView.swift */; };
		0DD643D12AD1D46E00F6BED6 /* SafariView.swift in Sources */ = {isa = PBXBuildFile; fileRef = 0DD643D02AD1D46E00F6BED6 /* SafariView.swift */; };
		0DD643D42AD1D73000F6BED6 /* NewsAPI.swift in Sources */ = {isa = PBXBuildFile; fileRef = 0DD643D32AD1D73000F6BED6 /* NewsAPI.swift */; };
		0DD643D62AD1D7A400F6BED6 /* Category.swift in Sources */ = {isa = PBXBuildFile; fileRef = 0DD643D52AD1D7A400F6BED6 /* Category.swift */; };
		0DD643D92AD1DA3C00F6BED6 /* ArticleNewsViewModel.swift in Sources */ = {isa = PBXBuildFile; fileRef = 0DD643D82AD1DA3C00F6BED6 /* ArticleNewsViewModel.swift */; };
		0DD643DB2AD1DDCA00F6BED6 /* NewsTabView.swift in Sources */ = {isa = PBXBuildFile; fileRef = 0DD643DA2AD1DDCA00F6BED6 /* NewsTabView.swift */; };
		0DD643DD2AD1E09C00F6BED6 /* EmptyPlaceholderView.swift in Sources */ = {isa = PBXBuildFile; fileRef = 0DD643DC2AD1E09C00F6BED6 /* EmptyPlaceholderView.swift */; };
		0DD643DF2AD1E0FA00F6BED6 /* RetryView.swift in Sources */ = {isa = PBXBuildFile; fileRef = 0DD643DE2AD1E0FA00F6BED6 /* RetryView.swift */; };
		0DD643E12AD1E98B00F6BED6 /* ArticleBookmarkViewModel.swift in Sources */ = {isa = PBXBuildFile; fileRef = 0DD643E02AD1E98B00F6BED6 /* ArticleBookmarkViewModel.swift */; };
		0DD643E32AD1ED9F00F6BED6 /* BoookMarkTabView.swift in Sources */ = {isa = PBXBuildFile; fileRef = 0DD643E22AD1ED9F00F6BED6 /* BoookMarkTabView.swift */; };
		0DD643E52AD1EF3600F6BED6 /* DataStore.swift in Sources */ = {isa = PBXBuildFile; fileRef = 0DD643E42AD1EF3600F6BED6 /* DataStore.swift */; };
		0DD643E72AD1F6C300F6BED6 /* ArticleSearchViewModel.swift in Sources */ = {isa = PBXBuildFile; fileRef = 0DD643E62AD1F6C300F6BED6 /* ArticleSearchViewModel.swift */; };
		0DD643E92AD1F79600F6BED6 /* SearchTabView.swift in Sources */ = {isa = PBXBuildFile; fileRef = 0DD643E82AD1F79600F6BED6 /* SearchTabView.swift */; };
		0DD643EB2AD28E9200F6BED6 /* SearchHistoryListView.swift in Sources */ = {isa = PBXBuildFile; fileRef = 0DD643EA2AD28E9200F6BED6 /* SearchHistoryListView.swift */; };
		0DD643EF2AD31ECB00F6BED6 /* TabContentView.swift in Sources */ = {isa = PBXBuildFile; fileRef = 0DD643EE2AD31ECB00F6BED6 /* TabContentView.swift */; };
		0DD643F12AD31EEA00F6BED6 /* SidebarContentView.swift in Sources */ = {isa = PBXBuildFile; fileRef = 0DD643F02AD31EEA00F6BED6 /* SidebarContentView.swift */; };
		0DD643F32AD31F4D00F6BED6 /* MenuItem.swift in Sources */ = {isa = PBXBuildFile; fileRef = 0DD643F22AD31F4D00F6BED6 /* MenuItem.swift */; };
		0DD643F52AD336AC00F6BED6 /* TabMenuItem.swift in Sources */ = {isa = PBXBuildFile; fileRef = 0DD643F42AD336AC00F6BED6 /* TabMenuItem.swift */; };
/* End PBXBuildFile section */

/* Begin PBXFileReference section */
		0D8465B42AD1283700E1A043 /* SimpleNews.app */ = {isa = PBXFileReference; explicitFileType = wrapper.application; includeInIndex = 0; path = SimpleNews.app; sourceTree = BUILT_PRODUCTS_DIR; };
		0D8465B72AD1283700E1A043 /* SimpleNewsApp.swift */ = {isa = PBXFileReference; lastKnownFileType = sourcecode.swift; path = SimpleNewsApp.swift; sourceTree = "<group>"; };
		0D8465B92AD1283700E1A043 /* ContentView.swift */ = {isa = PBXFileReference; lastKnownFileType = sourcecode.swift; path = ContentView.swift; sourceTree = "<group>"; };
		0D8465BB2AD1283800E1A043 /* Assets.xcassets */ = {isa = PBXFileReference; lastKnownFileType = folder.assetcatalog; path = Assets.xcassets; sourceTree = "<group>"; };
		0D8465BE2AD1283800E1A043 /* Preview Assets.xcassets */ = {isa = PBXFileReference; lastKnownFileType = folder.assetcatalog; path = "Preview Assets.xcassets"; sourceTree = "<group>"; };
		0D8465C52AD1286000E1A043 /* news.json */ = {isa = PBXFileReference; lastKnownFileType = text.json; path = news.json; sourceTree = "<group>"; };
		0D8465C72AD128B200E1A043 /* Article.swift */ = {isa = PBXFileReference; lastKnownFileType = sourcecode.swift; path = Article.swift; sourceTree = "<group>"; };
		0D8465C92AD12D5800E1A043 /* NewsAPIResponse.swift */ = {isa = PBXFileReference; lastKnownFileType = sourcecode.swift; path = NewsAPIResponse.swift; sourceTree = "<group>"; };
		0D8465CC2AD1CA3200E1A043 /* ArticleRowView.swift */ = {isa = PBXFileReference; lastKnownFileType = sourcecode.swift; path = ArticleRowView.swift; sourceTree = "<group>"; };
		0DD643CB2AD1D02D00F6BED6 /* Info.plist */ = {isa = PBXFileReference; lastKnownFileType = text.plist; path = Info.plist; sourceTree = "<group>"; };
		0DD643CE2AD1D37D00F6BED6 /* ArticleListView.swift */ = {isa = PBXFileReference; lastKnownFileType = sourcecode.swift; path = ArticleListView.swift; sourceTree = "<group>"; };
		0DD643D02AD1D46E00F6BED6 /* SafariView.swift */ = {isa = PBXFileReference; lastKnownFileType = sourcecode.swift; path = SafariView.swift; sourceTree = "<group>"; };
		0DD643D32AD1D73000F6BED6 /* NewsAPI.swift */ = {isa = PBXFileReference; lastKnownFileType = sourcecode.swift; path = NewsAPI.swift; sourceTree = "<group>"; };
		0DD643D52AD1D7A400F6BED6 /* Category.swift */ = {isa = PBXFileReference; lastKnownFileType = sourcecode.swift; path = Category.swift; sourceTree = "<group>"; };
		0DD643D82AD1DA3C00F6BED6 /* ArticleNewsViewModel.swift */ = {isa = PBXFileReference; lastKnownFileType = sourcecode.swift; path = ArticleNewsViewModel.swift; sourceTree = "<group>"; };
		0DD643DA2AD1DDCA00F6BED6 /* NewsTabView.swift */ = {isa = PBXFileReference; lastKnownFileType = sourcecode.swift; path = NewsTabView.swift; sourceTree = "<group>"; };
		0DD643DC2AD1E09C00F6BED6 /* EmptyPlaceholderView.swift */ = {isa = PBXFileReference; lastKnownFileType = sourcecode.swift; path = EmptyPlaceholderView.swift; sourceTree = "<group>"; };
		0DD643DE2AD1E0FA00F6BED6 /* RetryView.swift */ = {isa = PBXFileReference; lastKnownFileType = sourcecode.swift; path = RetryView.swift; sourceTree = "<group>"; };
		0DD643E02AD1E98B00F6BED6 /* ArticleBookmarkViewModel.swift */ = {isa = PBXFileReference; lastKnownFileType = sourcecode.swift; path = ArticleBookmarkViewModel.swift; sourceTree = "<group>"; };
		0DD643E22AD1ED9F00F6BED6 /* BoookMarkTabView.swift */ = {isa = PBXFileReference; lastKnownFileType = sourcecode.swift; path = BoookMarkTabView.swift; sourceTree = "<group>"; };
		0DD643E42AD1EF3600F6BED6 /* DataStore.swift */ = {isa = PBXFileReference; lastKnownFileType = sourcecode.swift; path = DataStore.swift; sourceTree = "<group>"; };
		0DD643E62AD1F6C300F6BED6 /* ArticleSearchViewModel.swift */ = {isa = PBXFileReference; lastKnownFileType = sourcecode.swift; path = ArticleSearchViewModel.swift; sourceTree = "<group>"; };
		0DD643E82AD1F79600F6BED6 /* SearchTabView.swift */ = {isa = PBXFileReference; lastKnownFileType = sourcecode.swift; path = SearchTabView.swift; sourceTree = "<group>"; };
		0DD643EA2AD28E9200F6BED6 /* SearchHistoryListView.swift */ = {isa = PBXFileReference; lastKnownFileType = sourcecode.swift; path = SearchHistoryListView.swift; sourceTree = "<group>"; };
		0DD643EE2AD31ECB00F6BED6 /* TabContentView.swift */ = {isa = PBXFileReference; lastKnownFileType = sourcecode.swift; path = TabContentView.swift; sourceTree = "<group>"; };
		0DD643F02AD31EEA00F6BED6 /* SidebarContentView.swift */ = {isa = PBXFileReference; lastKnownFileType = sourcecode.swift; path = SidebarContentView.swift; sourceTree = "<group>"; };
		0DD643F22AD31F4D00F6BED6 /* MenuItem.swift */ = {isa = PBXFileReference; lastKnownFileType = sourcecode.swift; path = MenuItem.swift; sourceTree = "<group>"; };
		0DD643F42AD336AC00F6BED6 /* TabMenuItem.swift */ = {isa = PBXFileReference; lastKnownFileType = sourcecode.swift; path = TabMenuItem.swift; sourceTree = "<group>"; };
/* End PBXFileReference section */

/* Begin PBXFrameworksBuildPhase section */
		0D8465B12AD1283700E1A043 /* Frameworks */ = {
			isa = PBXFrameworksBuildPhase;
			buildActionMask = 2147483647;
			files = (
			);
			runOnlyForDeploymentPostprocessing = 0;
		};
/* End PBXFrameworksBuildPhase section */

/* Begin PBXGroup section */
		0D8465AB2AD1283600E1A043 = {
			isa = PBXGroup;
			children = (
				0D8465B62AD1283700E1A043 /* SimpleNews */,
				0D8465B52AD1283700E1A043 /* Products */,
			);
			sourceTree = "<group>";
		};
		0D8465B52AD1283700E1A043 /* Products */ = {
			isa = PBXGroup;
			children = (
				0D8465B42AD1283700E1A043 /* SimpleNews.app */,
			);
			name = Products;
			sourceTree = "<group>";
		};
		0D8465B62AD1283700E1A043 /* SimpleNews */ = {
			isa = PBXGroup;
			children = (
				0DD643D72AD1DA3200F6BED6 /* ViewModel */,
				0DD643D22AD1D72900F6BED6 /* API */,
				0DD643CB2AD1D02D00F6BED6 /* Info.plist */,
				0D8465CB2AD1CA2900E1A043 /* Views */,
				0D8465C62AD128AC00E1A043 /* Models */,
				0D8465B72AD1283700E1A043 /* SimpleNewsApp.swift */,
				0D8465B92AD1283700E1A043 /* ContentView.swift */,
				0D8465BB2AD1283800E1A043 /* Assets.xcassets */,
				0D8465BD2AD1283800E1A043 /* Preview Content */,
				0D8465C52AD1286000E1A043 /* news.json */,
			);
			path = SimpleNews;
			sourceTree = "<group>";
		};
		0D8465BD2AD1283800E1A043 /* Preview Content */ = {
			isa = PBXGroup;
			children = (
				0D8465BE2AD1283800E1A043 /* Preview Assets.xcassets */,
			);
			path = "Preview Content";
			sourceTree = "<group>";
		};
		0D8465C62AD128AC00E1A043 /* Models */ = {
			isa = PBXGroup;
			children = (
				0D8465C72AD128B200E1A043 /* Article.swift */,
				0D8465C92AD12D5800E1A043 /* NewsAPIResponse.swift */,
				0DD643D52AD1D7A400F6BED6 /* Category.swift */,
				0DD643E42AD1EF3600F6BED6 /* DataStore.swift */,
				0DD643F22AD31F4D00F6BED6 /* MenuItem.swift */,
				0DD643F42AD336AC00F6BED6 /* TabMenuItem.swift */,
			);
			path = Models;
			sourceTree = "<group>";
		};
		0D8465CB2AD1CA2900E1A043 /* Views */ = {
			isa = PBXGroup;
			children = (
				0DD643DA2AD1DDCA00F6BED6 /* NewsTabView.swift */,
				0D8465CC2AD1CA3200E1A043 /* ArticleRowView.swift */,
				0DD643CE2AD1D37D00F6BED6 /* ArticleListView.swift */,
				0DD643D02AD1D46E00F6BED6 /* SafariView.swift */,
				0DD643DC2AD1E09C00F6BED6 /* EmptyPlaceholderView.swift */,
				0DD643DE2AD1E0FA00F6BED6 /* RetryView.swift */,
				0DD643E22AD1ED9F00F6BED6 /* BoookMarkTabView.swift */,
				0DD643E82AD1F79600F6BED6 /* SearchTabView.swift */,
				0DD643EA2AD28E9200F6BED6 /* SearchHistoryListView.swift */,
				0DD643EE2AD31ECB00F6BED6 /* TabContentView.swift */,
				0DD643F02AD31EEA00F6BED6 /* SidebarContentView.swift */,
			);
			path = Views;
			sourceTree = "<group>";
		};
		0DD643D22AD1D72900F6BED6 /* API */ = {
			isa = PBXGroup;
			children = (
				0DD643D32AD1D73000F6BED6 /* NewsAPI.swift */,
			);
			path = API;
			sourceTree = "<group>";
		};
		0DD643D72AD1DA3200F6BED6 /* ViewModel */ = {
			isa = PBXGroup;
			children = (
				0DD643D82AD1DA3C00F6BED6 /* ArticleNewsViewModel.swift */,
				0DD643E02AD1E98B00F6BED6 /* ArticleBookmarkViewModel.swift */,
				0DD643E62AD1F6C300F6BED6 /* ArticleSearchViewModel.swift */,
			);
			path = ViewModel;
			sourceTree = "<group>";
		};
/* End PBXGroup section */

/* Begin PBXNativeTarget section */
		0D8465B32AD1283700E1A043 /* SimpleNews */ = {
			isa = PBXNativeTarget;
			buildConfigurationList = 0D8465C22AD1283800E1A043 /* Build configuration list for PBXNativeTarget "SimpleNews" */;
			buildPhases = (
				0D8465B02AD1283700E1A043 /* Sources */,
				0D8465B12AD1283700E1A043 /* Frameworks */,
				0D8465B22AD1283700E1A043 /* Resources */,
			);
			buildRules = (
			);
			dependencies = (
			);
			name = SimpleNews;
			productName = SimpleNews;
			productReference = 0D8465B42AD1283700E1A043 /* SimpleNews.app */;
			productType = "com.apple.product-type.application";
		};
/* End PBXNativeTarget section */

/* Begin PBXProject section */
		0D8465AC2AD1283600E1A043 /* Project object */ = {
			isa = PBXProject;
			attributes = {
				BuildIndependentTargetsInParallel = 1;
				LastSwiftUpdateCheck = 1430;
				LastUpgradeCheck = 1430;
				TargetAttributes = {
					0D8465B32AD1283700E1A043 = {
						CreatedOnToolsVersion = 14.3.1;
					};
				};
			};
			buildConfigurationList = 0D8465AF2AD1283600E1A043 /* Build configuration list for PBXProject "SimpleNews" */;
			compatibilityVersion = "Xcode 14.0";
			developmentRegion = en;
			hasScannedForEncodings = 0;
			knownRegions = (
				en,
				Base,
			);
			mainGroup = 0D8465AB2AD1283600E1A043;
			productRefGroup = 0D8465B52AD1283700E1A043 /* Products */;
			projectDirPath = "";
			projectRoot = "";
			targets = (
				0D8465B32AD1283700E1A043 /* SimpleNews */,
			);
		};
/* End PBXProject section */

/* Begin PBXResourcesBuildPhase section */
		0D8465B22AD1283700E1A043 /* Resources */ = {
			isa = PBXResourcesBuildPhase;
			buildActionMask = 2147483647;
			files = (
				0DD643CA2AD1CD9B00F6BED6 /* news.json in Resources */,
				0D8465BF2AD1283800E1A043 /* Preview Assets.xcassets in Resources */,
				0D8465BC2AD1283800E1A043 /* Assets.xcassets in Resources */,
			);
			runOnlyForDeploymentPostprocessing = 0;
		};
/* End PBXResourcesBuildPhase section */

/* Begin PBXSourcesBuildPhase section */
		0D8465B02AD1283700E1A043 /* Sources */ = {
			isa = PBXSourcesBuildPhase;
			buildActionMask = 2147483647;
			files = (
				0D8465BA2AD1283700E1A043 /* ContentView.swift in Sources */,
				0DD643E52AD1EF3600F6BED6 /* DataStore.swift in Sources */,
				0DD643CF2AD1D37D00F6BED6 /* ArticleListView.swift in Sources */,
				0DD643DD2AD1E09C00F6BED6 /* EmptyPlaceholderView.swift in Sources */,
				0D8465CD2AD1CA3200E1A043 /* ArticleRowView.swift in Sources */,
				0DD643EB2AD28E9200F6BED6 /* SearchHistoryListView.swift in Sources */,
				0DD643DF2AD1E0FA00F6BED6 /* RetryView.swift in Sources */,
				0D8465B82AD1283700E1A043 /* SimpleNewsApp.swift in Sources */,
				0D8465CA2AD12D5800E1A043 /* NewsAPIResponse.swift in Sources */,
				0DD643F12AD31EEA00F6BED6 /* SidebarContentView.swift in Sources */,
				0DD643E92AD1F79600F6BED6 /* SearchTabView.swift in Sources */,
				0DD643E72AD1F6C300F6BED6 /* ArticleSearchViewModel.swift in Sources */,
				0DD643D62AD1D7A400F6BED6 /* Category.swift in Sources */,
				0DD643EF2AD31ECB00F6BED6 /* TabContentView.swift in Sources */,
				0DD643E32AD1ED9F00F6BED6 /* BoookMarkTabView.swift in Sources */,
				0DD643D92AD1DA3C00F6BED6 /* ArticleNewsViewModel.swift in Sources */,
				0DD643E12AD1E98B00F6BED6 /* ArticleBookmarkViewModel.swift in Sources */,
				0DD643DB2AD1DDCA00F6BED6 /* NewsTabView.swift in Sources */,
				0DD643F52AD336AC00F6BED6 /* TabMenuItem.swift in Sources */,
				0D8465C82AD128B200E1A043 /* Article.swift in Sources */,
				0DD643F32AD31F4D00F6BED6 /* MenuItem.swift in Sources */,
				0DD643D12AD1D46E00F6BED6 /* SafariView.swift in Sources */,
				0DD643D42AD1D73000F6BED6 /* NewsAPI.swift in Sources */,
			);
			runOnlyForDeploymentPostprocessing = 0;
		};
/* End PBXSourcesBuildPhase section */

/* Begin XCBuildConfiguration section */
		0D8465C02AD1283800E1A043 /* Debug */ = {
			isa = XCBuildConfiguration;
			buildSettings = {
				ALWAYS_SEARCH_USER_PATHS = NO;
				CLANG_ANALYZER_NONNULL = YES;
				CLANG_ANALYZER_NUMBER_OBJECT_CONVERSION = YES_AGGRESSIVE;
				CLANG_CXX_LANGUAGE_STANDARD = "gnu++20";
				CLANG_ENABLE_MODULES = YES;
				CLANG_ENABLE_OBJC_ARC = YES;
				CLANG_ENABLE_OBJC_WEAK = YES;
				CLANG_WARN_BLOCK_CAPTURE_AUTORELEASING = YES;
				CLANG_WARN_BOOL_CONVERSION = YES;
				CLANG_WARN_COMMA = YES;
				CLANG_WARN_CONSTANT_CONVERSION = YES;
				CLANG_WARN_DEPRECATED_OBJC_IMPLEMENTATIONS = YES;
				CLANG_WARN_DIRECT_OBJC_ISA_USAGE = YES_ERROR;
				CLANG_WARN_DOCUMENTATION_COMMENTS = YES;
				CLANG_WARN_EMPTY_BODY = YES;
				CLANG_WARN_ENUM_CONVERSION = YES;
				CLANG_WARN_INFINITE_RECURSION = YES;
				CLANG_WARN_INT_CONVERSION = YES;
				CLANG_WARN_NON_LITERAL_NULL_CONVERSION = YES;
				CLANG_WARN_OBJC_IMPLICIT_RETAIN_SELF = YES;
				CLANG_WARN_OBJC_LITERAL_CONVERSION = YES;
				CLANG_WARN_OBJC_ROOT_CLASS = YES_ERROR;
				CLANG_WARN_QUOTED_INCLUDE_IN_FRAMEWORK_HEADER = YES;
				CLANG_WARN_RANGE_LOOP_ANALYSIS = YES;
				CLANG_WARN_STRICT_PROTOTYPES = YES;
				CLANG_WARN_SUSPICIOUS_MOVE = YES;
				CLANG_WARN_UNGUARDED_AVAILABILITY = YES_AGGRESSIVE;
				CLANG_WARN_UNREACHABLE_CODE = YES;
				CLANG_WARN__DUPLICATE_METHOD_MATCH = YES;
				COPY_PHASE_STRIP = NO;
				DEBUG_INFORMATION_FORMAT = dwarf;
				ENABLE_STRICT_OBJC_MSGSEND = YES;
				ENABLE_TESTABILITY = YES;
				GCC_C_LANGUAGE_STANDARD = gnu11;
				GCC_DYNAMIC_NO_PIC = NO;
				GCC_NO_COMMON_BLOCKS = YES;
				GCC_OPTIMIZATION_LEVEL = 0;
				GCC_PREPROCESSOR_DEFINITIONS = (
					"DEBUG=1",
					"$(inherited)",
				);
				GCC_WARN_64_TO_32_BIT_CONVERSION = YES;
				GCC_WARN_ABOUT_RETURN_TYPE = YES_ERROR;
				GCC_WARN_UNDECLARED_SELECTOR = YES;
				GCC_WARN_UNINITIALIZED_AUTOS = YES_AGGRESSIVE;
				GCC_WARN_UNUSED_FUNCTION = YES;
				GCC_WARN_UNUSED_VARIABLE = YES;
				IPHONEOS_DEPLOYMENT_TARGET = 16.4;
				MTL_ENABLE_DEBUG_INFO = INCLUDE_SOURCE;
				MTL_FAST_MATH = YES;
				ONLY_ACTIVE_ARCH = YES;
				SDKROOT = iphoneos;
				SWIFT_ACTIVE_COMPILATION_CONDITIONS = DEBUG;
				SWIFT_OPTIMIZATION_LEVEL = "-Onone";
			};
			name = Debug;
		};
		0D8465C12AD1283800E1A043 /* Release */ = {
			isa = XCBuildConfiguration;
			buildSettings = {
				ALWAYS_SEARCH_USER_PATHS = NO;
				CLANG_ANALYZER_NONNULL = YES;
				CLANG_ANALYZER_NUMBER_OBJECT_CONVERSION = YES_AGGRESSIVE;
				CLANG_CXX_LANGUAGE_STANDARD = "gnu++20";
				CLANG_ENABLE_MODULES = YES;
				CLANG_ENABLE_OBJC_ARC = YES;
				CLANG_ENABLE_OBJC_WEAK = YES;
				CLANG_WARN_BLOCK_CAPTURE_AUTORELEASING = YES;
				CLANG_WARN_BOOL_CONVERSION = YES;
				CLANG_WARN_COMMA = YES;
				CLANG_WARN_CONSTANT_CONVERSION = YES;
				CLANG_WARN_DEPRECATED_OBJC_IMPLEMENTATIONS = YES;
				CLANG_WARN_DIRECT_OBJC_ISA_USAGE = YES_ERROR;
				CLANG_WARN_DOCUMENTATION_COMMENTS = YES;
				CLANG_WARN_EMPTY_BODY = YES;
				CLANG_WARN_ENUM_CONVERSION = YES;
				CLANG_WARN_INFINITE_RECURSION = YES;
				CLANG_WARN_INT_CONVERSION = YES;
				CLANG_WARN_NON_LITERAL_NULL_CONVERSION = YES;
				CLANG_WARN_OBJC_IMPLICIT_RETAIN_SELF = YES;
				CLANG_WARN_OBJC_LITERAL_CONVERSION = YES;
				CLANG_WARN_OBJC_ROOT_CLASS = YES_ERROR;
				CLANG_WARN_QUOTED_INCLUDE_IN_FRAMEWORK_HEADER = YES;
				CLANG_WARN_RANGE_LOOP_ANALYSIS = YES;
				CLANG_WARN_STRICT_PROTOTYPES = YES;
				CLANG_WARN_SUSPICIOUS_MOVE = YES;
				CLANG_WARN_UNGUARDED_AVAILABILITY = YES_AGGRESSIVE;
				CLANG_WARN_UNREACHABLE_CODE = YES;
				CLANG_WARN__DUPLICATE_METHOD_MATCH = YES;
				COPY_PHASE_STRIP = NO;
				DEBUG_INFORMATION_FORMAT = "dwarf-with-dsym";
				ENABLE_NS_ASSERTIONS = NO;
				ENABLE_STRICT_OBJC_MSGSEND = YES;
				GCC_C_LANGUAGE_STANDARD = gnu11;
				GCC_NO_COMMON_BLOCKS = YES;
				GCC_WARN_64_TO_32_BIT_CONVERSION = YES;
				GCC_WARN_ABOUT_RETURN_TYPE = YES_ERROR;
				GCC_WARN_UNDECLARED_SELECTOR = YES;
				GCC_WARN_UNINITIALIZED_AUTOS = YES_AGGRESSIVE;
				GCC_WARN_UNUSED_FUNCTION = YES;
				GCC_WARN_UNUSED_VARIABLE = YES;
				IPHONEOS_DEPLOYMENT_TARGET = 16.4;
				MTL_ENABLE_DEBUG_INFO = NO;
				MTL_FAST_MATH = YES;
				SDKROOT = iphoneos;
				SWIFT_COMPILATION_MODE = wholemodule;
				SWIFT_OPTIMIZATION_LEVEL = "-O";
				VALIDATE_PRODUCT = YES;
			};
			name = Release;
		};
		0D8465C32AD1283800E1A043 /* Debug */ = {
			isa = XCBuildConfiguration;
			buildSettings = {
				ASSETCATALOG_COMPILER_APPICON_NAME = AppIcon;
				ASSETCATALOG_COMPILER_GLOBAL_ACCENT_COLOR_NAME = AccentColor;
				CODE_SIGN_STYLE = Automatic;
				CURRENT_PROJECT_VERSION = 1;
				DEVELOPMENT_ASSET_PATHS = "\"SimpleNews/Preview Content\"";
				DEVELOPMENT_TEAM = 9K7Y8T69T3;
				ENABLE_PREVIEWS = YES;
				GENERATE_INFOPLIST_FILE = YES;
				INFOPLIST_FILE = SimpleNews/Info.plist;
				INFOPLIST_KEY_UIApplicationSceneManifest_Generation = YES;
				INFOPLIST_KEY_UIApplicationSupportsIndirectInputEvents = YES;
				INFOPLIST_KEY_UILaunchScreen_Generation = YES;
				INFOPLIST_KEY_UISupportedInterfaceOrientations_iPad = "UIInterfaceOrientationPortrait UIInterfaceOrientationPortraitUpsideDown UIInterfaceOrientationLandscapeLeft UIInterfaceOrientationLandscapeRight";
				INFOPLIST_KEY_UISupportedInterfaceOrientations_iPhone = "UIInterfaceOrientationPortrait UIInterfaceOrientationLandscapeLeft UIInterfaceOrientationLandscapeRight";
				IPHONEOS_DEPLOYMENT_TARGET = 15.0;
				LD_RUNPATH_SEARCH_PATHS = (
					"$(inherited)",
					"@executable_path/Frameworks",
				);
				MARKETING_VERSION = 1.0;
				PRODUCT_BUNDLE_IDENTIFIER = com.hado.SimpleNews;
				PRODUCT_NAME = "$(TARGET_NAME)";
				SWIFT_EMIT_LOC_STRINGS = YES;
				SWIFT_VERSION = 5.0;
				TARGETED_DEVICE_FAMILY = "1,2";
			};
			name = Debug;
		};
		0D8465C42AD1283800E1A043 /* Release */ = {
			isa = XCBuildConfiguration;
			buildSettings = {
				ASSETCATALOG_COMPILER_APPICON_NAME = AppIcon;
				ASSETCATALOG_COMPILER_GLOBAL_ACCENT_COLOR_NAME = AccentColor;
				CODE_SIGN_STYLE = Automatic;
				CURRENT_PROJECT_VERSION = 1;
				DEVELOPMENT_ASSET_PATHS = "\"SimpleNews/Preview Content\"";
				DEVELOPMENT_TEAM = 9K7Y8T69T3;
				ENABLE_PREVIEWS = YES;
				GENERATE_INFOPLIST_FILE = YES;
				INFOPLIST_FILE = SimpleNews/Info.plist;
				INFOPLIST_KEY_UIApplicationSceneManifest_Generation = YES;
				INFOPLIST_KEY_UIApplicationSupportsIndirectInputEvents = YES;
				INFOPLIST_KEY_UILaunchScreen_Generation = YES;
				INFOPLIST_KEY_UISupportedInterfaceOrientations_iPad = "UIInterfaceOrientationPortrait UIInterfaceOrientationPortraitUpsideDown UIInterfaceOrientationLandscapeLeft UIInterfaceOrientationLandscapeRight";
				INFOPLIST_KEY_UISupportedInterfaceOrientations_iPhone = "UIInterfaceOrientationPortrait UIInterfaceOrientationLandscapeLeft UIInterfaceOrientationLandscapeRight";
				IPHONEOS_DEPLOYMENT_TARGET = 15.0;
				LD_RUNPATH_SEARCH_PATHS = (
					"$(inherited)",
					"@executable_path/Frameworks",
				);
				MARKETING_VERSION = 1.0;
				PRODUCT_BUNDLE_IDENTIFIER = com.hado.SimpleNews;
				PRODUCT_NAME = "$(TARGET_NAME)";
				SWIFT_EMIT_LOC_STRINGS = YES;
				SWIFT_VERSION = 5.0;
				TARGETED_DEVICE_FAMILY = "1,2";
			};
			name = Release;
		};
/* End XCBuildConfiguration section */

/* Begin XCConfigurationList section */
		0D8465AF2AD1283600E1A043 /* Build configuration list for PBXProject "SimpleNews" */ = {
			isa = XCConfigurationList;
			buildConfigurations = (
				0D8465C02AD1283800E1A043 /* Debug */,
				0D8465C12AD1283800E1A043 /* Release */,
			);
			defaultConfigurationIsVisible = 0;
			defaultConfigurationName = Release;
		};
		0D8465C22AD1283800E1A043 /* Build configuration list for PBXNativeTarget "SimpleNews" */ = {
			isa = XCConfigurationList;
			buildConfigurations = (
				0D8465C32AD1283800E1A043 /* Debug */,
				0D8465C42AD1283800E1A043 /* Release */,
			);
			defaultConfigurationIsVisible = 0;
			defaultConfigurationName = Release;
		};
/* End XCConfigurationList section */
	};
	rootObject = 0D8465AC2AD1283600E1A043 /* Project object */;
}
